
Microsoft Visual Studio Solution File, Format Version 12.00
# Visual Studio 14
VisualStudioVersion = 14.0.24720.0
MinimumVisualStudioVersion = 10.0.40219.1
Project("{8BC9CEB8-8B4A-11D0-8D11-00A0C91BC942}") = "1002_Turret", "1002_Turret\1002_Turret.vcxproj", "{8E1DAFE9-2F48-41DD-9DF3-423593C9A3E5}"
EndProject
Project("{8BC9CEB8-8B4A-11D0-8D11-00A0C91BC942}") = "1092_Crain", "1092_Crain\1092_Crain.vcxproj", "{C67E5D4C-36CD-4BB8-9DE5-EF491EBE2844}"
EndProject
Project("{8BC9CEB8-8B4A-11D0-8D11-00A0C91BC942}") = "1743_Trash", "1743_Trash\1743_Trash.vcxproj", "{AF5740B6-B9B0-4661-97B1-8E9DCFB79A5A}"
EndProject
Project("{8BC9CEB8-8B4A-11D0-8D11-00A0C91BC942}") = "3088_FlowerPot", "3088_FlowerPot\3088_FlowerPot.vcxproj", "{149CC282-19B4-421A-85D6-C1CCD74BDB6A}"
EndProject
Project("{8BC9CEB8-8B4A-11D0-8D11-00A0C91BC942}") = "2140_Mine", "2140_Mine\2140_Mine.vcxproj", "{D3EBEBD0-2A7B-4A27-A319-5BB423C31F60}"
EndProject
Project("{8BC9CEB8-8B4A-11D0-8D11-00A0C91BC942}") = "10828_Stack", "10828_Stack\10828_Stack.vcxproj", "{B4064173-535E-479E-9897-26AB3F8051B0}"
EndProject
Project("{8BC9CEB8-8B4A-11D0-8D11-00A0C91BC942}") = "1874_SeriesStack", "1874_SeriesStack\1874_SeriesStack.vcxproj", "{277D8119-1B90-4F72-8885-B5FEDE92ED4A}"
EndProject
Project("{8BC9CEB8-8B4A-11D0-8D11-00A0C91BC942}") = "9012_Parenthesis", "9012_Parenthesis\9012_Parenthesis.vcxproj", "{C33F7295-7531-45B1-AC17-C944A785AA66}"
EndProject
Project("{8BC9CEB8-8B4A-11D0-8D11-00A0C91BC942}") = "12789_Okydoky", "12789_Okydoky\12789_Okydoky.vcxproj", "{D6866D38-B59C-491C-9033-E21CFD238532}"
EndProject
Project("{8BC9CEB8-8B4A-11D0-8D11-00A0C91BC942}") = "2504_ParenValue", "2504_ParenValue\2504_ParenValue.vcxproj", "{3C0E487E-5DB1-45DA-A4C9-499BEE8C8E75}"
EndProject
Project("{8BC9CEB8-8B4A-11D0-8D11-00A0C91BC942}") = "10845_Queue", "10845_Queue\10845_Queue.vcxproj", "{D7B36532-8EFB-42D3-B13E-5764190E1D78}"
EndProject
Project("{8BC9CEB8-8B4A-11D0-8D11-00A0C91BC942}") = "1260_QueueGraph", "1260_QueueGraph\1260_QueueGraph.vcxproj", "{D41C025B-4F95-46CA-BF7B-3C83CF49C673}"
EndProject
Project("{8BC9CEB8-8B4A-11D0-8D11-00A0C91BC942}") = "1966_PrinterQueue", "1966_PrinterQueue\1966_PrinterQueue.vcxproj", "{57007273-687C-4398-9281-535C2E1E2AD8}"
EndProject
Project("{8BC9CEB8-8B4A-11D0-8D11-00A0C91BC942}") = "1158_CircleQueue", "1158_CircleQueue\1158_CircleQueue.vcxproj", "{426FE2F0-ECE7-4CBB-B1B4-04AB9BD59B10}"
EndProject
Project("{8BC9CEB8-8B4A-11D0-8D11-00A0C91BC942}") = "11866_CircleQueue0", "11866_CircleQueue0\11866_CircleQueue0.vcxproj", "{647796B1-8CDF-4DA7-BA89-022901F9C0F6}"
EndProject
Project("{8BC9CEB8-8B4A-11D0-8D11-00A0C91BC942}") = "2747_Fibo", "2747_Fibo\2747_Fibo.vcxproj", "{15832E27-F569-4D07-AF9C-C8C961D70F44}"
EndProject
Project("{8BC9CEB8-8B4A-11D0-8D11-00A0C91BC942}") = "1022_Vortex", "1022_Vortex\1022_Vortex.vcxproj", "{024C1376-C105-4604-B41A-C7E7D69015BD}"
EndProject
Project("{8BC9CEB8-8B4A-11D0-8D11-00A0C91BC942}") = "3053_TexiGeometry", "3053_TexiGeometry\3053_TexiGeometry.vcxproj", "{80510377-8762-451C-8FF8-DFA261F6EB2C}"
EndProject
Project("{8BC9CEB8-8B4A-11D0-8D11-00A0C91BC942}") = "1149_RGBdistance", "1149_RGBdistance\1149_RGBdistance.vcxproj", "{6A866D94-7134-4F8A-BA6D-EE209726C692}"
EndProject
Project("{8BC9CEB8-8B4A-11D0-8D11-00A0C91BC942}") = "2309_7Dwarf", "2309_7Dwarf\2309_7Dwarf.vcxproj", "{E63301BC-F3B0-43D2-9661-43560A971ED4}"
EndProject
Project("{8BC9CEB8-8B4A-11D0-8D11-00A0C91BC942}") = "1850_GCD", "1850_GCD\1850_GCD.vcxproj", "{FC1A1F27-51A3-403D-99EA-BDF51F8B13EA}"
EndProject
Project("{8BC9CEB8-8B4A-11D0-8D11-00A0C91BC942}") = "1057_Tournament", "1057_Tournament\1057_Tournament.vcxproj", "{47223CE4-6E75-4C9A-AF50-3823C4EC4C0F}"
EndProject
Project("{8BC9CEB8-8B4A-11D0-8D11-00A0C91BC942}") = "TestCoding", "TestCoding\TestCoding.vcxproj", "{1848B518-674A-46AF-BDD8-902AA99ADA9D}"
EndProject
Project("{8BC9CEB8-8B4A-11D0-8D11-00A0C91BC942}") = "1463_Make1", "1463_Make1\1463_Make1.vcxproj", "{F9419A37-57CD-4ABF-9EFD-B8C937CAD0A6}"
EndProject
Project("{8BC9CEB8-8B4A-11D0-8D11-00A0C91BC942}") = "11726_2Xn", "11726_2Xn\11726_2Xn.vcxproj", "{C454E5AA-66DF-4561-BAEF-C607602147A0}"
EndProject
Project("{8BC9CEB8-8B4A-11D0-8D11-00A0C91BC942}") = "9095_Plus", "9095_Plus\9095_Plus.vcxproj", "{53A742E8-3D7C-49DE-852D-6EE39F08060D}"
EndProject
Project("{8BC9CEB8-8B4A-11D0-8D11-00A0C91BC942}") = "11057_Ascent", "11057_Ascent\11057_Ascent.vcxproj", "{01387E93-678B-4E3E-A903-E228CE8B02D0}"
EndProject
Project("{8BC9CEB8-8B4A-11D0-8D11-00A0C91BC942}") = "1374_LectureRoom", "1374_LectureRoom\1374_LectureRoom.vcxproj", "{88F03C8D-975E-479C-8C2E-92F4C235FABD}"
EndProject
Project("{8BC9CEB8-8B4A-11D0-8D11-00A0C91BC942}") = "10799_Iron", "10799_Iron\10799_Iron.vcxproj", "{6FA354A2-599D-44C0-B5CC-3B1CF0ECF127}"
EndProject
Project("{8BC9CEB8-8B4A-11D0-8D11-00A0C91BC942}") = "13301_Tile", "13301_Tile\13301_Tile.vcxproj", "{25251662-EA20-401F-851D-3606553A09BB}"
EndProject
Project("{8BC9CEB8-8B4A-11D0-8D11-00A0C91BC942}") = "1977_PerfectSquare", "1977_PerfectSquare\1977_PerfectSquare.vcxproj", "{EC69E55E-4333-47C4-AF28-7EA846EDD738}"
EndProject
Project("{8BC9CEB8-8B4A-11D0-8D11-00A0C91BC942}") = "1992_Quird", "1992_Quird\1992_Quird.vcxproj", "{3EF45F10-B06D-470A-AA06-C112B33365AE}"
EndProject
Project("{8BC9CEB8-8B4A-11D0-8D11-00A0C91BC942}") = "1074_Z", "1074_Z\1074_Z.vcxproj", "{8D50B4C4-E09D-4949-AD2B-64AE7DCE6BE2}"
EndProject
Project("{8BC9CEB8-8B4A-11D0-8D11-00A0C91BC942}") = "SM_3_1", "SM_3_1\SM_3_1.vcxproj", "{28EF2FD2-6F6B-4534-90BB-A400528D1433}"
EndProject
Project("{8BC9CEB8-8B4A-11D0-8D11-00A0C91BC942}") = "SM_3_2", "SM_3_2\SM_3_2.vcxproj", "{6651DC91-70E5-447B-9C4A-AED60CFB2B91}"
EndProject
Project("{8BC9CEB8-8B4A-11D0-8D11-00A0C91BC942}") = "1015_Sort", "1015_Sort\1015_Sort.vcxproj", "{86A6596B-E503-41D8-AE60-0A58A67DF0AF}"
EndProject
Project("{8BC9CEB8-8B4A-11D0-8D11-00A0C91BC942}") = "1931_MeetingRoom", "1931_MeetingRoom\1931_MeetingRoom.vcxproj", "{8DA00537-1C8B-4EEB-9C66-96476D735ED2}"
EndProject
Project("{8BC9CEB8-8B4A-11D0-8D11-00A0C91BC942}") = "1406_Editor", "1406_Editor\1406_Editor.vcxproj", "{3C787799-478E-4DD6-9B0C-24B9219428AD}"
EndProject
Project("{8BC9CEB8-8B4A-11D0-8D11-00A0C91BC942}") = "1759_MkPassword", "1759_MkPassword\1759_MkPassword.vcxproj", "{448E7BA2-1B32-4FDA-9743-F4F182008D3B}"
EndProject
Project("{8BC9CEB8-8B4A-11D0-8D11-00A0C91BC942}") = "2156_DrinkWine", "2156_DrinkWine\2156_DrinkWine.vcxproj", "{D433759D-DB36-4090-8B49-850BE21AA9F3}"
EndProject
Project("{8BC9CEB8-8B4A-11D0-8D11-00A0C91BC942}") = "11053_LIS", "11053_LIS\11053_LIS.vcxproj", "{AF3370B2-4F39-41A7-AAD2-6768BD9BAFEA}"
EndProject
Project("{8BC9CEB8-8B4A-11D0-8D11-00A0C91BC942}") = "11055_LSS", "11055_LSS\11055_LSS.vcxproj", "{5E625DF1-F550-481B-A15C-3F100360EF7E}"
EndProject
Project("{8BC9CEB8-8B4A-11D0-8D11-00A0C91BC942}") = "1921_ContinueAdd", "1921_ContinueAdd\1921_ContinueAdd.vcxproj", "{129801F3-DAEA-4C26-BC22-08C40570A4D1}"
EndProject
Project("{8BC9CEB8-8B4A-11D0-8D11-00A0C91BC942}") = "2579_GoUpStair", "2579_GoUpStair\2579_GoUpStair.vcxproj", "{FF9E2D55-245C-4AAD-9A2C-59BE72263259}"
EndProject
Project("{8BC9CEB8-8B4A-11D0-8D11-00A0C91BC942}") = "1783_Knight", "1783_Knight\1783_Knight.vcxproj", "{C1788911-74E0-4462-8B62-FC362FF57384}"
EndProject
Project("{8BC9CEB8-8B4A-11D0-8D11-00A0C91BC942}") = "2873_RollerCoaster", "2873_RollerCoaster\2873_RollerCoaster.vcxproj", "{C4CB4463-6EA7-4EB7-A6E5-3B85500644F1}"
EndProject
Project("{8BC9CEB8-8B4A-11D0-8D11-00A0C91BC942}") = "1780_NumberOfPaper", "1780_NumberOfPaper\1780_NumberOfPaper.vcxproj", "{5832A0A1-9D57-48E9-88C7-A5B122EE0D6F}"
EndProject
Project("{8BC9CEB8-8B4A-11D0-8D11-00A0C91BC942}") = "2263_Tree", "2263_Tree\2263_Tree.vcxproj", "{C62CA52D-2441-40F5-A655-D9F2E2B4C49F}"
EndProject
Project("{8BC9CEB8-8B4A-11D0-8D11-00A0C91BC942}") = "BinarySearch", "BinarySearch\BinarySearch.vcxproj", "{AB13955B-7B3F-431D-BBDB-2715D904A2FE}"
EndProject
Project("{8BC9CEB8-8B4A-11D0-8D11-00A0C91BC942}") = "10815_NumberCard", "10815_NumberCard\10815_NumberCard.vcxproj", "{7841A9C4-BE6E-47BA-ABF6-9510023F30B9}"
EndProject
Project("{8BC9CEB8-8B4A-11D0-8D11-00A0C91BC942}") = "10816_NumberCard2", "10816_NumberCard2\10816_NumberCard2.vcxproj", "{EE31D2EF-21E8-4A3E-B84E-21EEC9BF7149}"
EndProject
Project("{8BC9CEB8-8B4A-11D0-8D11-00A0C91BC942}") = "11728_MergeArray", "11728_MergeArray\11728_MergeArray.vcxproj", "{3247778E-FAF9-49FD-A2E3-2DDDAFDCDA9F}"
EndProject
Project("{8BC9CEB8-8B4A-11D0-8D11-00A0C91BC942}") = "14467_WhyCowCrossRoad", "14467_WhyCowCrossRoad\14467_WhyCowCrossRoad.vcxproj", "{52279C6E-F367-4D7F-AFDA-F4B124FB053A}"
EndProject
Project("{8BC9CEB8-8B4A-11D0-8D11-00A0C91BC942}") = "2292_BeeHome", "2292_BeeHome\2292_BeeHome.vcxproj", "{5EB2096A-E741-4A30-B588-9F025EB25B48}"
EndProject
Project("{8BC9CEB8-8B4A-11D0-8D11-00A0C91BC942}") = "14503_RobotFrasher", "14503_RobotFrasher\14503_RobotFrasher.vcxproj", "{DEB25CF2-5F04-4C2C-8AEF-D8084044E5AE}"
EndProject
Project("{8BC9CEB8-8B4A-11D0-8D11-00A0C91BC942}") = "SM_4_1_Area", "SM_4_1_Area\SM_4_1_Area.vcxproj", "{609D0B9F-BB71-4389-B581-80C582D4BDB2}"
EndProject
Project("{8BC9CEB8-8B4A-11D0-8D11-00A0C91BC942}") = "SM_4_2_Prime", "SM_4_2_Prime\SM_4_2_Prime.vcxproj", "{2670CCFB-6C00-475C-B89A-25FC06E9972E}"
EndProject
Project("{8BC9CEB8-8B4A-11D0-8D11-00A0C91BC942}") = "2965_Kangaroo", "2965_Kangaroo\2965_Kangaroo.vcxproj", "{38989691-7E87-4BC7-B2A0-B152B20C8DE4}"
EndProject
Project("{8BC9CEB8-8B4A-11D0-8D11-00A0C91BC942}") = "1517_BubleSort", "1517_BubleSort\1517_BubleSort.vcxproj", "{86994119-D7FB-4537-9007-CCF4D4314004}"
EndProject
Project("{8BC9CEB8-8B4A-11D0-8D11-00A0C91BC942}") = "14502_Lab", "14502_Lab\14502_Lab.vcxproj", "{7697292D-2741-4C90-BBD6-1C9CBF062D22}"
EndProject
Project("{8BC9CEB8-8B4A-11D0-8D11-00A0C91BC942}") = "12100_2048", "12100_2048\12100_2048.vcxproj", "{1244B46D-FCE4-424D-A519-240DDDBB3571}"
EndProject
Project("{8BC9CEB8-8B4A-11D0-8D11-00A0C91BC942}") = "2609_GCD_LCM", "2609_GCD_LCM\2609_GCD_LCM.vcxproj", "{1842B32D-33FF-4303-96B1-D77B69F9F2DB}"
EndProject
Project("{8BC9CEB8-8B4A-11D0-8D11-00A0C91BC942}") = "1934_M_LCM", "1934_M_LCM\1934_M_LCM.vcxproj", "{D97F867D-5100-4EA0-8AB5-670C3DBD904E}"
EndProject
Project("{8BC9CEB8-8B4A-11D0-8D11-00A0C91BC942}") = "Programmers_Test_1", "Programmers_Test_1\Programmers_Test_1.vcxproj", "{BBE30966-CC0B-4AA9-AEEE-B87B09FDCE59}"
EndProject
Project("{8BC9CEB8-8B4A-11D0-8D11-00A0C91BC942}") = "Programmers_Test_2", "Programmers_Test_2\Programmers_Test_2.vcxproj", "{24044A9C-0703-4B1F-803F-D134750CDD07}"
EndProject
Project("{8BC9CEB8-8B4A-11D0-8D11-00A0C91BC942}") = "Programmers_Test_3", "Programmers_Test_3\Programmers_Test_3.vcxproj", "{AF982055-7A30-42F2-8F7F-21DEE503C426}"
EndProject
Project("{8BC9CEB8-8B4A-11D0-8D11-00A0C91BC942}") = "Programmers_MakeBanana", "Programmers_MakeBanana\Programmers_MakeBanana.vcxproj", "{A042A113-6BDB-4381-8C91-E62FC8C0C39D}"
EndProject
Project("{8BC9CEB8-8B4A-11D0-8D11-00A0C91BC942}") = "Pro1", "Pro1\Pro1.vcxproj", "{5E5CB9BB-2AA2-4673-BAC7-9EF2B96D93B2}"
EndProject
Project("{8BC9CEB8-8B4A-11D0-8D11-00A0C91BC942}") = "Pro3", "Pro3\Pro3.vcxproj", "{ADD9C000-6C51-4707-9526-96F817835D82}"
EndProject
Project("{8BC9CEB8-8B4A-11D0-8D11-00A0C91BC942}") = "1476_CalculateDay", "1476_CalculateDay\1476_CalculateDay.vcxproj", "{05AEA1FB-B2B9-4CCC-A5E1-CA9DE44AFE3A}"
EndProject
Project("{8BC9CEB8-8B4A-11D0-8D11-00A0C91BC942}") = "9095_123Plus", "9095_123Plus\9095_123Plus.vcxproj", "{1D677D3C-6E6F-4C92-91BF-8B37F7F754B3}"
EndProject
Project("{8BC9CEB8-8B4A-11D0-8D11-00A0C91BC942}") = "1107_RemoteControl", "1107_RemoteControl\1107_RemoteControl.vcxproj", "{7000C260-5840-4E51-A5BE-16F672AAC030}"
EndProject
Project("{8BC9CEB8-8B4A-11D0-8D11-00A0C91BC942}") = "10819_MaxContrast", "10819_MaxContrast\10819_MaxContrast.vcxproj", "{1337078F-4A52-457A-977D-4BF1F02C56B0}"
EndProject
Project("{8BC9CEB8-8B4A-11D0-8D11-00A0C91BC942}") = "10971_TravelingSalesmanProblem", "10971_TravelingSalesmanProblem\10971_TravelingSalesmanProblem.vcxproj", "{845C8897-4C4B-4899-9AD4-893A3DB20C4D}"
EndProject
Project("{8BC9CEB8-8B4A-11D0-8D11-00A0C91BC942}") = "11723_Set", "11723_Set\11723_Set.vcxproj", "{3868DA8F-A84F-488F-A74D-0873B774B17B}"
EndProject
Project("{8BC9CEB8-8B4A-11D0-8D11-00A0C91BC942}") = "1722_SequenceOfSet", "1722_SequenceOfSet\1722_SequenceOfSet.vcxproj", "{70168600-36CB-41A2-A76F-227E5460B61C}"
EndProject
Project("{8BC9CEB8-8B4A-11D0-8D11-00A0C91BC942}") = "B. An express train to reveries", "B. An express train to reveries\B. An express train to reveries.vcxproj", "{F3E688B9-6B5C-4B31-9A42-67C2ED0479AE}"
EndProject
Project("{8BC9CEB8-8B4A-11D0-8D11-00A0C91BC942}") = "A. An abandoned sentiment from past", "A. An abandoned sentiment from past\A. An abandoned sentiment from past.vcxproj", "{7533E8F7-EFC0-435F-92DD-8D53854085C1}"
EndProject
Project("{8BC9CEB8-8B4A-11D0-8D11-00A0C91BC942}") = "C. An impassioned circulation of affection", "C. An impassioned circulation of affection\C. An impassioned circulation of affection.vcxproj", "{3FB3E1E3-BD61-4988-85EE-61FC22540E92}"
EndProject
Project("{8BC9CEB8-8B4A-11D0-8D11-00A0C91BC942}") = "Kakao_1", "Kakao_1\Kakao_1.vcxproj", "{28583821-3469-4973-87CE-816FDB81B72D}"
EndProject
Project("{8BC9CEB8-8B4A-11D0-8D11-00A0C91BC942}") = "Kakao_2", "Kakao_2\Kakao_2.vcxproj", "{00F98974-A8DB-4D64-8C9A-372266B0F332}"
EndProject
Project("{8BC9CEB8-8B4A-11D0-8D11-00A0C91BC942}") = "Kakao_3", "Kakao_3\Kakao_3.vcxproj", "{5616EAC1-1CB0-41A1-8E77-793A2F739D3F}"
EndProject
Project("{8BC9CEB8-8B4A-11D0-8D11-00A0C91BC942}") = "NexonGT_1", "NexonGT_1\NexonGT_1.vcxproj", "{75513FC7-8A75-4635-A713-AEB17FB85C0C}"
EndProject
Project("{8BC9CEB8-8B4A-11D0-8D11-00A0C91BC942}") = "NexonGT_2", "NexonGT_2\NexonGT_2.vcxproj", "{5FFF2B76-DB8B-4713-BFE3-FD3397BE90CA}"
EndProject
Project("{8BC9CEB8-8B4A-11D0-8D11-00A0C91BC942}") = "NexonGT_3", "NexonGT_3\NexonGT_3.vcxproj", "{0FCEE7C1-F394-4CFE-AE43-F129E720B1BD}"
EndProject
Project("{8BC9CEB8-8B4A-11D0-8D11-00A0C91BC942}") = "Exercise", "Exercise\Exercise.vcxproj", "{EC7C2961-EC8E-4235-8F52-37B2FD4D4E90}"
EndProject
Project("{8BC9CEB8-8B4A-11D0-8D11-00A0C91BC942}") = "SK_pre_1", "SK_pre_1\SK_pre_1.vcxproj", "{F0117F2C-9DDE-4D22-9B4F-084B81CEA49B}"
EndProject
Project("{8BC9CEB8-8B4A-11D0-8D11-00A0C91BC942}") = "SK_pre_2", "SK_pre_2\SK_pre_2.vcxproj", "{C2FA9366-6197-4187-AA2B-1FEEF7F8641B}"
EndProject
Project("{8BC9CEB8-8B4A-11D0-8D11-00A0C91BC942}") = "Nexon_new_1", "Nexon_new_1\Nexon_new_1.vcxproj", "{04628F92-600E-4AE8-B1D2-498A25ED4414}"
EndProject
Project("{8BC9CEB8-8B4A-11D0-8D11-00A0C91BC942}") = "2805_CutTree", "2805_CutTree\2805_CutTree.vcxproj", "{C9E7DE9E-910A-4804-9E00-C7E78E05B833}"
EndProject
Project("{8BC9CEB8-8B4A-11D0-8D11-00A0C91BC942}") = "DataStructureAlgorithm", "StringMethod\StringMethod.vcxproj", "{786F77E5-6EC2-4293-AFDE-8B328CC0B953}"
EndProject
Project("{8BC9CEB8-8B4A-11D0-8D11-00A0C91BC942}") = "14659_Hierachy", "14659_Hierachy\14659_Hierachy.vcxproj", "{8A112BD7-23EC-4516-A1A9-A670F0DE0834}"
EndProject
Project("{8BC9CEB8-8B4A-11D0-8D11-00A0C91BC942}") = "14653_WhatIsYourName", "14653_WhatIsYourName\14653_WhatIsYourName.vcxproj", "{F0030BE6-BB7B-485D-AFF6-705A81383FFA}"
EndProject
Project("{8BC9CEB8-8B4A-11D0-8D11-00A0C91BC942}") = "2178_MazeSearching", "2178_MazeSearching\2178_MazeSearching.vcxproj", "{26F6938C-CB65-47A3-A81F-28AD5878A418}"
EndProject
Project("{8BC9CEB8-8B4A-11D0-8D11-00A0C91BC942}") = "1697_HideAndSeek", "1697_HideAndSeek\1697_HideAndSeek.vcxproj", "{D047791D-0352-4E4B-B471-64120935A32C}"
EndProject
Project("{8BC9CEB8-8B4A-11D0-8D11-00A0C91BC942}") = "1012_OrganicNapa", "1012_OrganicNapa\1012_OrganicNapa.vcxproj", "{BF10E73A-DDD4-492A-8DB3-E9953AB4C2C0}"
EndProject
Project("{8BC9CEB8-8B4A-11D0-8D11-00A0C91BC942}") = "2455_IntelligenceTrain", "2455_IntelligenceTrain\2455_IntelligenceTrain.vcxproj", "{9B3AF120-E29D-4819-B8EA-4A7CB30F8F12}"
EndProject
Project("{8BC9CEB8-8B4A-11D0-8D11-00A0C91BC942}") = "1094_Pipe", "1094_Pipe\1094_Pipe.vcxproj", "{F7F67454-F07C-45BF-B28E-49D4BD23D577}"
EndProject
Project("{8BC9CEB8-8B4A-11D0-8D11-00A0C91BC942}") = "3055_Escape", "3055_Escape\3055_Escape.vcxproj", "{65568C2B-9D57-4F59-A5C9-ACFD4055E7F6}"
EndProject
Project("{8BC9CEB8-8B4A-11D0-8D11-00A0C91BC942}") = "CodeFestival_1", "CodeFestival_1\CodeFestival_1.vcxproj", "{EA07862D-9B2F-45CA-830B-672E720F8F2E}"
EndProject
Project("{8BC9CEB8-8B4A-11D0-8D11-00A0C91BC942}") = "CodeFestival_2", "CodeFestival_2\CodeFestival_2.vcxproj", "{A81F1B55-5F00-426D-8AC3-0EC727B10E57}"
EndProject
Project("{8BC9CEB8-8B4A-11D0-8D11-00A0C91BC942}") = "CodeFestival_3", "CodeFestival_3\CodeFestival_3.vcxproj", "{10441A06-582D-4364-9580-07E927721E0D}"
EndProject
Project("{8BC9CEB8-8B4A-11D0-8D11-00A0C91BC942}") = "CodeFestival_4", "CodeFestival_4\CodeFestival_4.vcxproj", "{59466DC6-1D16-4F4B-9EEF-C831786A6ED7}"
EndProject
Project("{8BC9CEB8-8B4A-11D0-8D11-00A0C91BC942}") = "11048_Move", "11048_Move\11048_Move.vcxproj", "{862B0D2B-B66A-4D3D-AD98-20FE8B4868EB}"
EndProject
Project("{8BC9CEB8-8B4A-11D0-8D11-00A0C91BC942}") = "1149_RGB", "1149_RGB\1149_RGB.vcxproj", "{6F904C99-E03B-45DE-9246-A5D1B765B97F}"
EndProject
Project("{8BC9CEB8-8B4A-11D0-8D11-00A0C91BC942}") = "6359_Drunken", "6359_Drunken\6359_Drunken.vcxproj", "{B5D84435-1A46-4788-BF90-3DB9C4452C8B}"
EndProject
Project("{8BC9CEB8-8B4A-11D0-8D11-00A0C91BC942}") = "2193_Binary", "2193_Binary\2193_Binary.vcxproj", "{27283456-4818-44BC-BB83-337D99F4FFC3}"
EndProject
Project("{8BC9CEB8-8B4A-11D0-8D11-00A0C91BC942}") = "9465_Sticker", "9465_Sticker\9465_Sticker.vcxproj", "{25F9F860-BC16-4319-89A0-75417B7F5338}"
EndProject
Project("{8BC9CEB8-8B4A-11D0-8D11-00A0C91BC942}") = "2293_Coin1", "2293_Coin1\2293_Coin1.vcxproj", "{DE42DDEF-3C01-4570-8E5C-202B5C9FD5D7}"
EndProject
Project("{8BC9CEB8-8B4A-11D0-8D11-00A0C91BC942}") = "2096_decending", "2096_decending\2096_decending.vcxproj", "{29BD0990-DAF0-420E-B632-9DA7A7A1267B}"
EndProject
Project("{8BC9CEB8-8B4A-11D0-8D11-00A0C91BC942}") = "9461_waveSequence", "9461_waveSequence\9461_waveSequence.vcxproj", "{0A1D860F-2817-42DE-B1A5-E9E7CF36240A}"
EndProject
Project("{8BC9CEB8-8B4A-11D0-8D11-00A0C91BC942}") = "2163_Chocolate", "2163_Chocolate\2163_Chocolate.vcxproj", "{4FA8DF87-DB4A-42E7-889F-CBFAC91B05EF}"
EndProject
Project("{8BC9CEB8-8B4A-11D0-8D11-00A0C91BC942}") = "Zum_1", "Zum_1\Zum_1.vcxproj", "{F17F2E93-2473-44A4-ABF8-D38C33410AC3}"
EndProject
Project("{8BC9CEB8-8B4A-11D0-8D11-00A0C91BC942}") = "Zum_2", "Zum_2\Zum_2.vcxproj", "{2BB71023-8BE9-4BB5-8AC5-55F36EF641F8}"
EndProject
Project("{8BC9CEB8-8B4A-11D0-8D11-00A0C91BC942}") = "Zum_3", "Zum_3\Zum_3.vcxproj", "{6E9469C4-D35E-48D4-885F-637BBE714E8C}"
EndProject
Project("{8BC9CEB8-8B4A-11D0-8D11-00A0C91BC942}") = "Zum_4", "Zum_4\Zum_4.vcxproj", "{33245FEE-748B-48F9-89CB-1F748650F81A}"
EndProject
Project("{8BC9CEB8-8B4A-11D0-8D11-00A0C91BC942}") = "1932_NumberTriangle", "1932_NumberTriangle\1932_NumberTriangle.vcxproj", "{6D0A96BE-F077-432B-806A-71BDA5E61ED5}"
EndProject
Project("{8BC9CEB8-8B4A-11D0-8D11-00A0C91BC942}") = "1890_Jump", "1890_Jump\1890_Jump.vcxproj", "{F2AE39F4-A5C4-4880-AFAC-3AE1227790A8}"
EndProject
Project("{8BC9CEB8-8B4A-11D0-8D11-00A0C91BC942}") = "5430_AC", "5430_AC\5430_AC.vcxproj", "{B686A47A-9D5D-477A-B8C5-460747217BF1}"
EndProject
Project("{8BC9CEB8-8B4A-11D0-8D11-00A0C91BC942}") = "1520_DecendingHill", "1520_DecendingHill\1520_DecendingHill.vcxproj", "{4DD998EB-4784-4C14-A725-87ED2B876B9A}"
EndProject
Project("{8BC9CEB8-8B4A-11D0-8D11-00A0C91BC942}") = "1965_InsertBox", "1965_InsertBox\1965_InsertBox.vcxproj", "{54BE71DA-B16A-4837-BF6B-05E38C370476}"
EndProject
Project("{8BC9CEB8-8B4A-11D0-8D11-00A0C91BC942}") = "11066_FileMash", "11066_FileMash\11066_FileMash.vcxproj", "{DA09CC00-13C1-4C7D-B1BB-260DACAC5D64}"
EndProject
Global
	GlobalSection(SolutionConfigurationPlatforms) = preSolution
		Debug|x64 = Debug|x64
		Debug|x86 = Debug|x86
		Release|x64 = Release|x64
		Release|x86 = Release|x86
	EndGlobalSection
	GlobalSection(ProjectConfigurationPlatforms) = postSolution
		{8E1DAFE9-2F48-41DD-9DF3-423593C9A3E5}.Debug|x64.ActiveCfg = Debug|x64
		{8E1DAFE9-2F48-41DD-9DF3-423593C9A3E5}.Debug|x64.Build.0 = Debug|x64
		{8E1DAFE9-2F48-41DD-9DF3-423593C9A3E5}.Debug|x86.ActiveCfg = Debug|Win32
		{8E1DAFE9-2F48-41DD-9DF3-423593C9A3E5}.Debug|x86.Build.0 = Debug|Win32
		{8E1DAFE9-2F48-41DD-9DF3-423593C9A3E5}.Release|x64.ActiveCfg = Release|x64
		{8E1DAFE9-2F48-41DD-9DF3-423593C9A3E5}.Release|x64.Build.0 = Release|x64
		{8E1DAFE9-2F48-41DD-9DF3-423593C9A3E5}.Release|x86.ActiveCfg = Release|Win32
		{8E1DAFE9-2F48-41DD-9DF3-423593C9A3E5}.Release|x86.Build.0 = Release|Win32
		{C67E5D4C-36CD-4BB8-9DE5-EF491EBE2844}.Debug|x64.ActiveCfg = Debug|x64
		{C67E5D4C-36CD-4BB8-9DE5-EF491EBE2844}.Debug|x64.Build.0 = Debug|x64
		{C67E5D4C-36CD-4BB8-9DE5-EF491EBE2844}.Debug|x86.ActiveCfg = Debug|Win32
		{C67E5D4C-36CD-4BB8-9DE5-EF491EBE2844}.Debug|x86.Build.0 = Debug|Win32
		{C67E5D4C-36CD-4BB8-9DE5-EF491EBE2844}.Release|x64.ActiveCfg = Release|x64
		{C67E5D4C-36CD-4BB8-9DE5-EF491EBE2844}.Release|x64.Build.0 = Release|x64
		{C67E5D4C-36CD-4BB8-9DE5-EF491EBE2844}.Release|x86.ActiveCfg = Release|Win32
		{C67E5D4C-36CD-4BB8-9DE5-EF491EBE2844}.Release|x86.Build.0 = Release|Win32
		{AF5740B6-B9B0-4661-97B1-8E9DCFB79A5A}.Debug|x64.ActiveCfg = Debug|x64
		{AF5740B6-B9B0-4661-97B1-8E9DCFB79A5A}.Debug|x64.Build.0 = Debug|x64
		{AF5740B6-B9B0-4661-97B1-8E9DCFB79A5A}.Debug|x86.ActiveCfg = Debug|Win32
		{AF5740B6-B9B0-4661-97B1-8E9DCFB79A5A}.Debug|x86.Build.0 = Debug|Win32
		{AF5740B6-B9B0-4661-97B1-8E9DCFB79A5A}.Release|x64.ActiveCfg = Release|x64
		{AF5740B6-B9B0-4661-97B1-8E9DCFB79A5A}.Release|x64.Build.0 = Release|x64
		{AF5740B6-B9B0-4661-97B1-8E9DCFB79A5A}.Release|x86.ActiveCfg = Release|Win32
		{AF5740B6-B9B0-4661-97B1-8E9DCFB79A5A}.Release|x86.Build.0 = Release|Win32
		{149CC282-19B4-421A-85D6-C1CCD74BDB6A}.Debug|x64.ActiveCfg = Debug|x64
		{149CC282-19B4-421A-85D6-C1CCD74BDB6A}.Debug|x64.Build.0 = Debug|x64
		{149CC282-19B4-421A-85D6-C1CCD74BDB6A}.Debug|x86.ActiveCfg = Debug|Win32
		{149CC282-19B4-421A-85D6-C1CCD74BDB6A}.Debug|x86.Build.0 = Debug|Win32
		{149CC282-19B4-421A-85D6-C1CCD74BDB6A}.Release|x64.ActiveCfg = Release|x64
		{149CC282-19B4-421A-85D6-C1CCD74BDB6A}.Release|x64.Build.0 = Release|x64
		{149CC282-19B4-421A-85D6-C1CCD74BDB6A}.Release|x86.ActiveCfg = Release|Win32
		{149CC282-19B4-421A-85D6-C1CCD74BDB6A}.Release|x86.Build.0 = Release|Win32
		{D3EBEBD0-2A7B-4A27-A319-5BB423C31F60}.Debug|x64.ActiveCfg = Debug|x64
		{D3EBEBD0-2A7B-4A27-A319-5BB423C31F60}.Debug|x64.Build.0 = Debug|x64
		{D3EBEBD0-2A7B-4A27-A319-5BB423C31F60}.Debug|x86.ActiveCfg = Debug|Win32
		{D3EBEBD0-2A7B-4A27-A319-5BB423C31F60}.Debug|x86.Build.0 = Debug|Win32
		{D3EBEBD0-2A7B-4A27-A319-5BB423C31F60}.Release|x64.ActiveCfg = Release|x64
		{D3EBEBD0-2A7B-4A27-A319-5BB423C31F60}.Release|x64.Build.0 = Release|x64
		{D3EBEBD0-2A7B-4A27-A319-5BB423C31F60}.Release|x86.ActiveCfg = Release|Win32
		{D3EBEBD0-2A7B-4A27-A319-5BB423C31F60}.Release|x86.Build.0 = Release|Win32
		{B4064173-535E-479E-9897-26AB3F8051B0}.Debug|x64.ActiveCfg = Debug|x64
		{B4064173-535E-479E-9897-26AB3F8051B0}.Debug|x64.Build.0 = Debug|x64
		{B4064173-535E-479E-9897-26AB3F8051B0}.Debug|x86.ActiveCfg = Debug|Win32
		{B4064173-535E-479E-9897-26AB3F8051B0}.Debug|x86.Build.0 = Debug|Win32
		{B4064173-535E-479E-9897-26AB3F8051B0}.Release|x64.ActiveCfg = Release|x64
		{B4064173-535E-479E-9897-26AB3F8051B0}.Release|x64.Build.0 = Release|x64
		{B4064173-535E-479E-9897-26AB3F8051B0}.Release|x86.ActiveCfg = Release|Win32
		{B4064173-535E-479E-9897-26AB3F8051B0}.Release|x86.Build.0 = Release|Win32
		{277D8119-1B90-4F72-8885-B5FEDE92ED4A}.Debug|x64.ActiveCfg = Debug|x64
		{277D8119-1B90-4F72-8885-B5FEDE92ED4A}.Debug|x64.Build.0 = Debug|x64
		{277D8119-1B90-4F72-8885-B5FEDE92ED4A}.Debug|x86.ActiveCfg = Debug|Win32
		{277D8119-1B90-4F72-8885-B5FEDE92ED4A}.Debug|x86.Build.0 = Debug|Win32
		{277D8119-1B90-4F72-8885-B5FEDE92ED4A}.Release|x64.ActiveCfg = Release|x64
		{277D8119-1B90-4F72-8885-B5FEDE92ED4A}.Release|x64.Build.0 = Release|x64
		{277D8119-1B90-4F72-8885-B5FEDE92ED4A}.Release|x86.ActiveCfg = Release|Win32
		{277D8119-1B90-4F72-8885-B5FEDE92ED4A}.Release|x86.Build.0 = Release|Win32
		{C33F7295-7531-45B1-AC17-C944A785AA66}.Debug|x64.ActiveCfg = Debug|x64
		{C33F7295-7531-45B1-AC17-C944A785AA66}.Debug|x64.Build.0 = Debug|x64
		{C33F7295-7531-45B1-AC17-C944A785AA66}.Debug|x86.ActiveCfg = Debug|Win32
		{C33F7295-7531-45B1-AC17-C944A785AA66}.Debug|x86.Build.0 = Debug|Win32
		{C33F7295-7531-45B1-AC17-C944A785AA66}.Release|x64.ActiveCfg = Release|x64
		{C33F7295-7531-45B1-AC17-C944A785AA66}.Release|x64.Build.0 = Release|x64
		{C33F7295-7531-45B1-AC17-C944A785AA66}.Release|x86.ActiveCfg = Release|Win32
		{C33F7295-7531-45B1-AC17-C944A785AA66}.Release|x86.Build.0 = Release|Win32
		{D6866D38-B59C-491C-9033-E21CFD238532}.Debug|x64.ActiveCfg = Debug|x64
		{D6866D38-B59C-491C-9033-E21CFD238532}.Debug|x64.Build.0 = Debug|x64
		{D6866D38-B59C-491C-9033-E21CFD238532}.Debug|x86.ActiveCfg = Debug|Win32
		{D6866D38-B59C-491C-9033-E21CFD238532}.Debug|x86.Build.0 = Debug|Win32
		{D6866D38-B59C-491C-9033-E21CFD238532}.Release|x64.ActiveCfg = Release|x64
		{D6866D38-B59C-491C-9033-E21CFD238532}.Release|x64.Build.0 = Release|x64
		{D6866D38-B59C-491C-9033-E21CFD238532}.Release|x86.ActiveCfg = Release|Win32
		{D6866D38-B59C-491C-9033-E21CFD238532}.Release|x86.Build.0 = Release|Win32
		{3C0E487E-5DB1-45DA-A4C9-499BEE8C8E75}.Debug|x64.ActiveCfg = Debug|x64
		{3C0E487E-5DB1-45DA-A4C9-499BEE8C8E75}.Debug|x64.Build.0 = Debug|x64
		{3C0E487E-5DB1-45DA-A4C9-499BEE8C8E75}.Debug|x86.ActiveCfg = Debug|Win32
		{3C0E487E-5DB1-45DA-A4C9-499BEE8C8E75}.Debug|x86.Build.0 = Debug|Win32
		{3C0E487E-5DB1-45DA-A4C9-499BEE8C8E75}.Release|x64.ActiveCfg = Release|x64
		{3C0E487E-5DB1-45DA-A4C9-499BEE8C8E75}.Release|x64.Build.0 = Release|x64
		{3C0E487E-5DB1-45DA-A4C9-499BEE8C8E75}.Release|x86.ActiveCfg = Release|Win32
		{3C0E487E-5DB1-45DA-A4C9-499BEE8C8E75}.Release|x86.Build.0 = Release|Win32
		{D7B36532-8EFB-42D3-B13E-5764190E1D78}.Debug|x64.ActiveCfg = Debug|x64
		{D7B36532-8EFB-42D3-B13E-5764190E1D78}.Debug|x64.Build.0 = Debug|x64
		{D7B36532-8EFB-42D3-B13E-5764190E1D78}.Debug|x86.ActiveCfg = Debug|Win32
		{D7B36532-8EFB-42D3-B13E-5764190E1D78}.Debug|x86.Build.0 = Debug|Win32
		{D7B36532-8EFB-42D3-B13E-5764190E1D78}.Release|x64.ActiveCfg = Release|x64
		{D7B36532-8EFB-42D3-B13E-5764190E1D78}.Release|x64.Build.0 = Release|x64
		{D7B36532-8EFB-42D3-B13E-5764190E1D78}.Release|x86.ActiveCfg = Release|Win32
		{D7B36532-8EFB-42D3-B13E-5764190E1D78}.Release|x86.Build.0 = Release|Win32
		{D41C025B-4F95-46CA-BF7B-3C83CF49C673}.Debug|x64.ActiveCfg = Debug|x64
		{D41C025B-4F95-46CA-BF7B-3C83CF49C673}.Debug|x64.Build.0 = Debug|x64
		{D41C025B-4F95-46CA-BF7B-3C83CF49C673}.Debug|x86.ActiveCfg = Debug|Win32
		{D41C025B-4F95-46CA-BF7B-3C83CF49C673}.Debug|x86.Build.0 = Debug|Win32
		{D41C025B-4F95-46CA-BF7B-3C83CF49C673}.Release|x64.ActiveCfg = Release|x64
		{D41C025B-4F95-46CA-BF7B-3C83CF49C673}.Release|x64.Build.0 = Release|x64
		{D41C025B-4F95-46CA-BF7B-3C83CF49C673}.Release|x86.ActiveCfg = Release|Win32
		{D41C025B-4F95-46CA-BF7B-3C83CF49C673}.Release|x86.Build.0 = Release|Win32
		{57007273-687C-4398-9281-535C2E1E2AD8}.Debug|x64.ActiveCfg = Debug|x64
		{57007273-687C-4398-9281-535C2E1E2AD8}.Debug|x64.Build.0 = Debug|x64
		{57007273-687C-4398-9281-535C2E1E2AD8}.Debug|x86.ActiveCfg = Debug|Win32
		{57007273-687C-4398-9281-535C2E1E2AD8}.Debug|x86.Build.0 = Debug|Win32
		{57007273-687C-4398-9281-535C2E1E2AD8}.Release|x64.ActiveCfg = Release|x64
		{57007273-687C-4398-9281-535C2E1E2AD8}.Release|x64.Build.0 = Release|x64
		{57007273-687C-4398-9281-535C2E1E2AD8}.Release|x86.ActiveCfg = Release|Win32
		{57007273-687C-4398-9281-535C2E1E2AD8}.Release|x86.Build.0 = Release|Win32
		{426FE2F0-ECE7-4CBB-B1B4-04AB9BD59B10}.Debug|x64.ActiveCfg = Debug|x64
		{426FE2F0-ECE7-4CBB-B1B4-04AB9BD59B10}.Debug|x64.Build.0 = Debug|x64
		{426FE2F0-ECE7-4CBB-B1B4-04AB9BD59B10}.Debug|x86.ActiveCfg = Debug|Win32
		{426FE2F0-ECE7-4CBB-B1B4-04AB9BD59B10}.Debug|x86.Build.0 = Debug|Win32
		{426FE2F0-ECE7-4CBB-B1B4-04AB9BD59B10}.Release|x64.ActiveCfg = Release|x64
		{426FE2F0-ECE7-4CBB-B1B4-04AB9BD59B10}.Release|x64.Build.0 = Release|x64
		{426FE2F0-ECE7-4CBB-B1B4-04AB9BD59B10}.Release|x86.ActiveCfg = Release|Win32
		{426FE2F0-ECE7-4CBB-B1B4-04AB9BD59B10}.Release|x86.Build.0 = Release|Win32
		{647796B1-8CDF-4DA7-BA89-022901F9C0F6}.Debug|x64.ActiveCfg = Debug|x64
		{647796B1-8CDF-4DA7-BA89-022901F9C0F6}.Debug|x64.Build.0 = Debug|x64
		{647796B1-8CDF-4DA7-BA89-022901F9C0F6}.Debug|x86.ActiveCfg = Debug|Win32
		{647796B1-8CDF-4DA7-BA89-022901F9C0F6}.Debug|x86.Build.0 = Debug|Win32
		{647796B1-8CDF-4DA7-BA89-022901F9C0F6}.Release|x64.ActiveCfg = Release|x64
		{647796B1-8CDF-4DA7-BA89-022901F9C0F6}.Release|x64.Build.0 = Release|x64
		{647796B1-8CDF-4DA7-BA89-022901F9C0F6}.Release|x86.ActiveCfg = Release|Win32
		{647796B1-8CDF-4DA7-BA89-022901F9C0F6}.Release|x86.Build.0 = Release|Win32
		{15832E27-F569-4D07-AF9C-C8C961D70F44}.Debug|x64.ActiveCfg = Debug|x64
		{15832E27-F569-4D07-AF9C-C8C961D70F44}.Debug|x64.Build.0 = Debug|x64
		{15832E27-F569-4D07-AF9C-C8C961D70F44}.Debug|x86.ActiveCfg = Debug|Win32
		{15832E27-F569-4D07-AF9C-C8C961D70F44}.Debug|x86.Build.0 = Debug|Win32
		{15832E27-F569-4D07-AF9C-C8C961D70F44}.Release|x64.ActiveCfg = Release|x64
		{15832E27-F569-4D07-AF9C-C8C961D70F44}.Release|x64.Build.0 = Release|x64
		{15832E27-F569-4D07-AF9C-C8C961D70F44}.Release|x86.ActiveCfg = Release|Win32
		{15832E27-F569-4D07-AF9C-C8C961D70F44}.Release|x86.Build.0 = Release|Win32
		{024C1376-C105-4604-B41A-C7E7D69015BD}.Debug|x64.ActiveCfg = Debug|x64
		{024C1376-C105-4604-B41A-C7E7D69015BD}.Debug|x64.Build.0 = Debug|x64
		{024C1376-C105-4604-B41A-C7E7D69015BD}.Debug|x86.ActiveCfg = Debug|Win32
		{024C1376-C105-4604-B41A-C7E7D69015BD}.Debug|x86.Build.0 = Debug|Win32
		{024C1376-C105-4604-B41A-C7E7D69015BD}.Release|x64.ActiveCfg = Release|x64
		{024C1376-C105-4604-B41A-C7E7D69015BD}.Release|x64.Build.0 = Release|x64
		{024C1376-C105-4604-B41A-C7E7D69015BD}.Release|x86.ActiveCfg = Release|Win32
		{024C1376-C105-4604-B41A-C7E7D69015BD}.Release|x86.Build.0 = Release|Win32
		{80510377-8762-451C-8FF8-DFA261F6EB2C}.Debug|x64.ActiveCfg = Debug|x64
		{80510377-8762-451C-8FF8-DFA261F6EB2C}.Debug|x64.Build.0 = Debug|x64
		{80510377-8762-451C-8FF8-DFA261F6EB2C}.Debug|x86.ActiveCfg = Debug|Win32
		{80510377-8762-451C-8FF8-DFA261F6EB2C}.Debug|x86.Build.0 = Debug|Win32
		{80510377-8762-451C-8FF8-DFA261F6EB2C}.Release|x64.ActiveCfg = Release|x64
		{80510377-8762-451C-8FF8-DFA261F6EB2C}.Release|x64.Build.0 = Release|x64
		{80510377-8762-451C-8FF8-DFA261F6EB2C}.Release|x86.ActiveCfg = Release|Win32
		{80510377-8762-451C-8FF8-DFA261F6EB2C}.Release|x86.Build.0 = Release|Win32
		{6A866D94-7134-4F8A-BA6D-EE209726C692}.Debug|x64.ActiveCfg = Debug|x64
		{6A866D94-7134-4F8A-BA6D-EE209726C692}.Debug|x64.Build.0 = Debug|x64
		{6A866D94-7134-4F8A-BA6D-EE209726C692}.Debug|x86.ActiveCfg = Debug|Win32
		{6A866D94-7134-4F8A-BA6D-EE209726C692}.Debug|x86.Build.0 = Debug|Win32
		{6A866D94-7134-4F8A-BA6D-EE209726C692}.Release|x64.ActiveCfg = Release|x64
		{6A866D94-7134-4F8A-BA6D-EE209726C692}.Release|x64.Build.0 = Release|x64
		{6A866D94-7134-4F8A-BA6D-EE209726C692}.Release|x86.ActiveCfg = Release|Win32
		{6A866D94-7134-4F8A-BA6D-EE209726C692}.Release|x86.Build.0 = Release|Win32
		{E63301BC-F3B0-43D2-9661-43560A971ED4}.Debug|x64.ActiveCfg = Debug|x64
		{E63301BC-F3B0-43D2-9661-43560A971ED4}.Debug|x64.Build.0 = Debug|x64
		{E63301BC-F3B0-43D2-9661-43560A971ED4}.Debug|x86.ActiveCfg = Debug|Win32
		{E63301BC-F3B0-43D2-9661-43560A971ED4}.Debug|x86.Build.0 = Debug|Win32
		{E63301BC-F3B0-43D2-9661-43560A971ED4}.Release|x64.ActiveCfg = Release|x64
		{E63301BC-F3B0-43D2-9661-43560A971ED4}.Release|x64.Build.0 = Release|x64
		{E63301BC-F3B0-43D2-9661-43560A971ED4}.Release|x86.ActiveCfg = Release|Win32
		{E63301BC-F3B0-43D2-9661-43560A971ED4}.Release|x86.Build.0 = Release|Win32
		{FC1A1F27-51A3-403D-99EA-BDF51F8B13EA}.Debug|x64.ActiveCfg = Debug|x64
		{FC1A1F27-51A3-403D-99EA-BDF51F8B13EA}.Debug|x64.Build.0 = Debug|x64
		{FC1A1F27-51A3-403D-99EA-BDF51F8B13EA}.Debug|x86.ActiveCfg = Debug|Win32
		{FC1A1F27-51A3-403D-99EA-BDF51F8B13EA}.Debug|x86.Build.0 = Debug|Win32
		{FC1A1F27-51A3-403D-99EA-BDF51F8B13EA}.Release|x64.ActiveCfg = Release|x64
		{FC1A1F27-51A3-403D-99EA-BDF51F8B13EA}.Release|x64.Build.0 = Release|x64
		{FC1A1F27-51A3-403D-99EA-BDF51F8B13EA}.Release|x86.ActiveCfg = Release|Win32
		{FC1A1F27-51A3-403D-99EA-BDF51F8B13EA}.Release|x86.Build.0 = Release|Win32
		{47223CE4-6E75-4C9A-AF50-3823C4EC4C0F}.Debug|x64.ActiveCfg = Debug|x64
		{47223CE4-6E75-4C9A-AF50-3823C4EC4C0F}.Debug|x64.Build.0 = Debug|x64
		{47223CE4-6E75-4C9A-AF50-3823C4EC4C0F}.Debug|x86.ActiveCfg = Debug|Win32
		{47223CE4-6E75-4C9A-AF50-3823C4EC4C0F}.Debug|x86.Build.0 = Debug|Win32
		{47223CE4-6E75-4C9A-AF50-3823C4EC4C0F}.Release|x64.ActiveCfg = Release|x64
		{47223CE4-6E75-4C9A-AF50-3823C4EC4C0F}.Release|x64.Build.0 = Release|x64
		{47223CE4-6E75-4C9A-AF50-3823C4EC4C0F}.Release|x86.ActiveCfg = Release|Win32
		{47223CE4-6E75-4C9A-AF50-3823C4EC4C0F}.Release|x86.Build.0 = Release|Win32
		{1848B518-674A-46AF-BDD8-902AA99ADA9D}.Debug|x64.ActiveCfg = Debug|x64
		{1848B518-674A-46AF-BDD8-902AA99ADA9D}.Debug|x64.Build.0 = Debug|x64
		{1848B518-674A-46AF-BDD8-902AA99ADA9D}.Debug|x86.ActiveCfg = Debug|Win32
		{1848B518-674A-46AF-BDD8-902AA99ADA9D}.Debug|x86.Build.0 = Debug|Win32
		{1848B518-674A-46AF-BDD8-902AA99ADA9D}.Release|x64.ActiveCfg = Release|x64
		{1848B518-674A-46AF-BDD8-902AA99ADA9D}.Release|x64.Build.0 = Release|x64
		{1848B518-674A-46AF-BDD8-902AA99ADA9D}.Release|x86.ActiveCfg = Release|Win32
		{1848B518-674A-46AF-BDD8-902AA99ADA9D}.Release|x86.Build.0 = Release|Win32
		{F9419A37-57CD-4ABF-9EFD-B8C937CAD0A6}.Debug|x64.ActiveCfg = Debug|x64
		{F9419A37-57CD-4ABF-9EFD-B8C937CAD0A6}.Debug|x64.Build.0 = Debug|x64
		{F9419A37-57CD-4ABF-9EFD-B8C937CAD0A6}.Debug|x86.ActiveCfg = Debug|Win32
		{F9419A37-57CD-4ABF-9EFD-B8C937CAD0A6}.Debug|x86.Build.0 = Debug|Win32
		{F9419A37-57CD-4ABF-9EFD-B8C937CAD0A6}.Release|x64.ActiveCfg = Release|x64
		{F9419A37-57CD-4ABF-9EFD-B8C937CAD0A6}.Release|x64.Build.0 = Release|x64
		{F9419A37-57CD-4ABF-9EFD-B8C937CAD0A6}.Release|x86.ActiveCfg = Release|Win32
		{F9419A37-57CD-4ABF-9EFD-B8C937CAD0A6}.Release|x86.Build.0 = Release|Win32
		{C454E5AA-66DF-4561-BAEF-C607602147A0}.Debug|x64.ActiveCfg = Debug|x64
		{C454E5AA-66DF-4561-BAEF-C607602147A0}.Debug|x64.Build.0 = Debug|x64
		{C454E5AA-66DF-4561-BAEF-C607602147A0}.Debug|x86.ActiveCfg = Debug|Win32
		{C454E5AA-66DF-4561-BAEF-C607602147A0}.Debug|x86.Build.0 = Debug|Win32
		{C454E5AA-66DF-4561-BAEF-C607602147A0}.Release|x64.ActiveCfg = Release|x64
		{C454E5AA-66DF-4561-BAEF-C607602147A0}.Release|x64.Build.0 = Release|x64
		{C454E5AA-66DF-4561-BAEF-C607602147A0}.Release|x86.ActiveCfg = Release|Win32
		{C454E5AA-66DF-4561-BAEF-C607602147A0}.Release|x86.Build.0 = Release|Win32
		{53A742E8-3D7C-49DE-852D-6EE39F08060D}.Debug|x64.ActiveCfg = Debug|x64
		{53A742E8-3D7C-49DE-852D-6EE39F08060D}.Debug|x64.Build.0 = Debug|x64
		{53A742E8-3D7C-49DE-852D-6EE39F08060D}.Debug|x86.ActiveCfg = Debug|Win32
		{53A742E8-3D7C-49DE-852D-6EE39F08060D}.Debug|x86.Build.0 = Debug|Win32
		{53A742E8-3D7C-49DE-852D-6EE39F08060D}.Release|x64.ActiveCfg = Release|x64
		{53A742E8-3D7C-49DE-852D-6EE39F08060D}.Release|x64.Build.0 = Release|x64
		{53A742E8-3D7C-49DE-852D-6EE39F08060D}.Release|x86.ActiveCfg = Release|Win32
		{53A742E8-3D7C-49DE-852D-6EE39F08060D}.Release|x86.Build.0 = Release|Win32
		{01387E93-678B-4E3E-A903-E228CE8B02D0}.Debug|x64.ActiveCfg = Debug|x64
		{01387E93-678B-4E3E-A903-E228CE8B02D0}.Debug|x64.Build.0 = Debug|x64
		{01387E93-678B-4E3E-A903-E228CE8B02D0}.Debug|x86.ActiveCfg = Debug|Win32
		{01387E93-678B-4E3E-A903-E228CE8B02D0}.Debug|x86.Build.0 = Debug|Win32
		{01387E93-678B-4E3E-A903-E228CE8B02D0}.Release|x64.ActiveCfg = Release|x64
		{01387E93-678B-4E3E-A903-E228CE8B02D0}.Release|x64.Build.0 = Release|x64
		{01387E93-678B-4E3E-A903-E228CE8B02D0}.Release|x86.ActiveCfg = Release|Win32
		{01387E93-678B-4E3E-A903-E228CE8B02D0}.Release|x86.Build.0 = Release|Win32
		{88F03C8D-975E-479C-8C2E-92F4C235FABD}.Debug|x64.ActiveCfg = Debug|x64
		{88F03C8D-975E-479C-8C2E-92F4C235FABD}.Debug|x64.Build.0 = Debug|x64
		{88F03C8D-975E-479C-8C2E-92F4C235FABD}.Debug|x86.ActiveCfg = Debug|Win32
		{88F03C8D-975E-479C-8C2E-92F4C235FABD}.Debug|x86.Build.0 = Debug|Win32
		{88F03C8D-975E-479C-8C2E-92F4C235FABD}.Release|x64.ActiveCfg = Release|x64
		{88F03C8D-975E-479C-8C2E-92F4C235FABD}.Release|x64.Build.0 = Release|x64
		{88F03C8D-975E-479C-8C2E-92F4C235FABD}.Release|x86.ActiveCfg = Release|Win32
		{88F03C8D-975E-479C-8C2E-92F4C235FABD}.Release|x86.Build.0 = Release|Win32
		{6FA354A2-599D-44C0-B5CC-3B1CF0ECF127}.Debug|x64.ActiveCfg = Debug|x64
		{6FA354A2-599D-44C0-B5CC-3B1CF0ECF127}.Debug|x64.Build.0 = Debug|x64
		{6FA354A2-599D-44C0-B5CC-3B1CF0ECF127}.Debug|x86.ActiveCfg = Debug|Win32
		{6FA354A2-599D-44C0-B5CC-3B1CF0ECF127}.Debug|x86.Build.0 = Debug|Win32
		{6FA354A2-599D-44C0-B5CC-3B1CF0ECF127}.Release|x64.ActiveCfg = Release|x64
		{6FA354A2-599D-44C0-B5CC-3B1CF0ECF127}.Release|x64.Build.0 = Release|x64
		{6FA354A2-599D-44C0-B5CC-3B1CF0ECF127}.Release|x86.ActiveCfg = Release|Win32
		{6FA354A2-599D-44C0-B5CC-3B1CF0ECF127}.Release|x86.Build.0 = Release|Win32
		{25251662-EA20-401F-851D-3606553A09BB}.Debug|x64.ActiveCfg = Debug|x64
		{25251662-EA20-401F-851D-3606553A09BB}.Debug|x64.Build.0 = Debug|x64
		{25251662-EA20-401F-851D-3606553A09BB}.Debug|x86.ActiveCfg = Debug|Win32
		{25251662-EA20-401F-851D-3606553A09BB}.Debug|x86.Build.0 = Debug|Win32
		{25251662-EA20-401F-851D-3606553A09BB}.Release|x64.ActiveCfg = Release|x64
		{25251662-EA20-401F-851D-3606553A09BB}.Release|x64.Build.0 = Release|x64
		{25251662-EA20-401F-851D-3606553A09BB}.Release|x86.ActiveCfg = Release|Win32
		{25251662-EA20-401F-851D-3606553A09BB}.Release|x86.Build.0 = Release|Win32
		{EC69E55E-4333-47C4-AF28-7EA846EDD738}.Debug|x64.ActiveCfg = Debug|x64
		{EC69E55E-4333-47C4-AF28-7EA846EDD738}.Debug|x64.Build.0 = Debug|x64
		{EC69E55E-4333-47C4-AF28-7EA846EDD738}.Debug|x86.ActiveCfg = Debug|Win32
		{EC69E55E-4333-47C4-AF28-7EA846EDD738}.Debug|x86.Build.0 = Debug|Win32
		{EC69E55E-4333-47C4-AF28-7EA846EDD738}.Release|x64.ActiveCfg = Release|x64
		{EC69E55E-4333-47C4-AF28-7EA846EDD738}.Release|x64.Build.0 = Release|x64
		{EC69E55E-4333-47C4-AF28-7EA846EDD738}.Release|x86.ActiveCfg = Release|Win32
		{EC69E55E-4333-47C4-AF28-7EA846EDD738}.Release|x86.Build.0 = Release|Win32
		{3EF45F10-B06D-470A-AA06-C112B33365AE}.Debug|x64.ActiveCfg = Debug|x64
		{3EF45F10-B06D-470A-AA06-C112B33365AE}.Debug|x64.Build.0 = Debug|x64
		{3EF45F10-B06D-470A-AA06-C112B33365AE}.Debug|x86.ActiveCfg = Debug|Win32
		{3EF45F10-B06D-470A-AA06-C112B33365AE}.Debug|x86.Build.0 = Debug|Win32
		{3EF45F10-B06D-470A-AA06-C112B33365AE}.Release|x64.ActiveCfg = Release|x64
		{3EF45F10-B06D-470A-AA06-C112B33365AE}.Release|x64.Build.0 = Release|x64
		{3EF45F10-B06D-470A-AA06-C112B33365AE}.Release|x86.ActiveCfg = Release|Win32
		{3EF45F10-B06D-470A-AA06-C112B33365AE}.Release|x86.Build.0 = Release|Win32
		{8D50B4C4-E09D-4949-AD2B-64AE7DCE6BE2}.Debug|x64.ActiveCfg = Debug|x64
		{8D50B4C4-E09D-4949-AD2B-64AE7DCE6BE2}.Debug|x64.Build.0 = Debug|x64
		{8D50B4C4-E09D-4949-AD2B-64AE7DCE6BE2}.Debug|x86.ActiveCfg = Debug|Win32
		{8D50B4C4-E09D-4949-AD2B-64AE7DCE6BE2}.Debug|x86.Build.0 = Debug|Win32
		{8D50B4C4-E09D-4949-AD2B-64AE7DCE6BE2}.Release|x64.ActiveCfg = Release|x64
		{8D50B4C4-E09D-4949-AD2B-64AE7DCE6BE2}.Release|x64.Build.0 = Release|x64
		{8D50B4C4-E09D-4949-AD2B-64AE7DCE6BE2}.Release|x86.ActiveCfg = Release|Win32
		{8D50B4C4-E09D-4949-AD2B-64AE7DCE6BE2}.Release|x86.Build.0 = Release|Win32
		{28EF2FD2-6F6B-4534-90BB-A400528D1433}.Debug|x64.ActiveCfg = Debug|x64
		{28EF2FD2-6F6B-4534-90BB-A400528D1433}.Debug|x64.Build.0 = Debug|x64
		{28EF2FD2-6F6B-4534-90BB-A400528D1433}.Debug|x86.ActiveCfg = Debug|Win32
		{28EF2FD2-6F6B-4534-90BB-A400528D1433}.Debug|x86.Build.0 = Debug|Win32
		{28EF2FD2-6F6B-4534-90BB-A400528D1433}.Release|x64.ActiveCfg = Release|x64
		{28EF2FD2-6F6B-4534-90BB-A400528D1433}.Release|x64.Build.0 = Release|x64
		{28EF2FD2-6F6B-4534-90BB-A400528D1433}.Release|x86.ActiveCfg = Release|Win32
		{28EF2FD2-6F6B-4534-90BB-A400528D1433}.Release|x86.Build.0 = Release|Win32
		{6651DC91-70E5-447B-9C4A-AED60CFB2B91}.Debug|x64.ActiveCfg = Debug|x64
		{6651DC91-70E5-447B-9C4A-AED60CFB2B91}.Debug|x64.Build.0 = Debug|x64
		{6651DC91-70E5-447B-9C4A-AED60CFB2B91}.Debug|x86.ActiveCfg = Debug|Win32
		{6651DC91-70E5-447B-9C4A-AED60CFB2B91}.Debug|x86.Build.0 = Debug|Win32
		{6651DC91-70E5-447B-9C4A-AED60CFB2B91}.Release|x64.ActiveCfg = Release|x64
		{6651DC91-70E5-447B-9C4A-AED60CFB2B91}.Release|x64.Build.0 = Release|x64
		{6651DC91-70E5-447B-9C4A-AED60CFB2B91}.Release|x86.ActiveCfg = Release|Win32
		{6651DC91-70E5-447B-9C4A-AED60CFB2B91}.Release|x86.Build.0 = Release|Win32
		{86A6596B-E503-41D8-AE60-0A58A67DF0AF}.Debug|x64.ActiveCfg = Debug|x64
		{86A6596B-E503-41D8-AE60-0A58A67DF0AF}.Debug|x64.Build.0 = Debug|x64
		{86A6596B-E503-41D8-AE60-0A58A67DF0AF}.Debug|x86.ActiveCfg = Debug|Win32
		{86A6596B-E503-41D8-AE60-0A58A67DF0AF}.Debug|x86.Build.0 = Debug|Win32
		{86A6596B-E503-41D8-AE60-0A58A67DF0AF}.Release|x64.ActiveCfg = Release|x64
		{86A6596B-E503-41D8-AE60-0A58A67DF0AF}.Release|x64.Build.0 = Release|x64
		{86A6596B-E503-41D8-AE60-0A58A67DF0AF}.Release|x86.ActiveCfg = Release|Win32
		{86A6596B-E503-41D8-AE60-0A58A67DF0AF}.Release|x86.Build.0 = Release|Win32
		{8DA00537-1C8B-4EEB-9C66-96476D735ED2}.Debug|x64.ActiveCfg = Debug|x64
		{8DA00537-1C8B-4EEB-9C66-96476D735ED2}.Debug|x64.Build.0 = Debug|x64
		{8DA00537-1C8B-4EEB-9C66-96476D735ED2}.Debug|x86.ActiveCfg = Debug|Win32
		{8DA00537-1C8B-4EEB-9C66-96476D735ED2}.Debug|x86.Build.0 = Debug|Win32
		{8DA00537-1C8B-4EEB-9C66-96476D735ED2}.Release|x64.ActiveCfg = Release|x64
		{8DA00537-1C8B-4EEB-9C66-96476D735ED2}.Release|x64.Build.0 = Release|x64
		{8DA00537-1C8B-4EEB-9C66-96476D735ED2}.Release|x86.ActiveCfg = Release|Win32
		{8DA00537-1C8B-4EEB-9C66-96476D735ED2}.Release|x86.Build.0 = Release|Win32
		{3C787799-478E-4DD6-9B0C-24B9219428AD}.Debug|x64.ActiveCfg = Debug|x64
		{3C787799-478E-4DD6-9B0C-24B9219428AD}.Debug|x64.Build.0 = Debug|x64
		{3C787799-478E-4DD6-9B0C-24B9219428AD}.Debug|x86.ActiveCfg = Debug|Win32
		{3C787799-478E-4DD6-9B0C-24B9219428AD}.Debug|x86.Build.0 = Debug|Win32
		{3C787799-478E-4DD6-9B0C-24B9219428AD}.Release|x64.ActiveCfg = Release|x64
		{3C787799-478E-4DD6-9B0C-24B9219428AD}.Release|x64.Build.0 = Release|x64
		{3C787799-478E-4DD6-9B0C-24B9219428AD}.Release|x86.ActiveCfg = Release|Win32
		{3C787799-478E-4DD6-9B0C-24B9219428AD}.Release|x86.Build.0 = Release|Win32
		{448E7BA2-1B32-4FDA-9743-F4F182008D3B}.Debug|x64.ActiveCfg = Debug|x64
		{448E7BA2-1B32-4FDA-9743-F4F182008D3B}.Debug|x64.Build.0 = Debug|x64
		{448E7BA2-1B32-4FDA-9743-F4F182008D3B}.Debug|x86.ActiveCfg = Debug|Win32
		{448E7BA2-1B32-4FDA-9743-F4F182008D3B}.Debug|x86.Build.0 = Debug|Win32
		{448E7BA2-1B32-4FDA-9743-F4F182008D3B}.Release|x64.ActiveCfg = Release|x64
		{448E7BA2-1B32-4FDA-9743-F4F182008D3B}.Release|x64.Build.0 = Release|x64
		{448E7BA2-1B32-4FDA-9743-F4F182008D3B}.Release|x86.ActiveCfg = Release|Win32
		{448E7BA2-1B32-4FDA-9743-F4F182008D3B}.Release|x86.Build.0 = Release|Win32
		{D433759D-DB36-4090-8B49-850BE21AA9F3}.Debug|x64.ActiveCfg = Debug|x64
		{D433759D-DB36-4090-8B49-850BE21AA9F3}.Debug|x64.Build.0 = Debug|x64
		{D433759D-DB36-4090-8B49-850BE21AA9F3}.Debug|x86.ActiveCfg = Debug|Win32
		{D433759D-DB36-4090-8B49-850BE21AA9F3}.Debug|x86.Build.0 = Debug|Win32
		{D433759D-DB36-4090-8B49-850BE21AA9F3}.Release|x64.ActiveCfg = Release|x64
		{D433759D-DB36-4090-8B49-850BE21AA9F3}.Release|x64.Build.0 = Release|x64
		{D433759D-DB36-4090-8B49-850BE21AA9F3}.Release|x86.ActiveCfg = Release|Win32
		{D433759D-DB36-4090-8B49-850BE21AA9F3}.Release|x86.Build.0 = Release|Win32
		{AF3370B2-4F39-41A7-AAD2-6768BD9BAFEA}.Debug|x64.ActiveCfg = Debug|x64
		{AF3370B2-4F39-41A7-AAD2-6768BD9BAFEA}.Debug|x64.Build.0 = Debug|x64
		{AF3370B2-4F39-41A7-AAD2-6768BD9BAFEA}.Debug|x86.ActiveCfg = Debug|Win32
		{AF3370B2-4F39-41A7-AAD2-6768BD9BAFEA}.Debug|x86.Build.0 = Debug|Win32
		{AF3370B2-4F39-41A7-AAD2-6768BD9BAFEA}.Release|x64.ActiveCfg = Release|x64
		{AF3370B2-4F39-41A7-AAD2-6768BD9BAFEA}.Release|x64.Build.0 = Release|x64
		{AF3370B2-4F39-41A7-AAD2-6768BD9BAFEA}.Release|x86.ActiveCfg = Release|Win32
		{AF3370B2-4F39-41A7-AAD2-6768BD9BAFEA}.Release|x86.Build.0 = Release|Win32
		{5E625DF1-F550-481B-A15C-3F100360EF7E}.Debug|x64.ActiveCfg = Debug|x64
		{5E625DF1-F550-481B-A15C-3F100360EF7E}.Debug|x64.Build.0 = Debug|x64
		{5E625DF1-F550-481B-A15C-3F100360EF7E}.Debug|x86.ActiveCfg = Debug|Win32
		{5E625DF1-F550-481B-A15C-3F100360EF7E}.Debug|x86.Build.0 = Debug|Win32
		{5E625DF1-F550-481B-A15C-3F100360EF7E}.Release|x64.ActiveCfg = Release|x64
		{5E625DF1-F550-481B-A15C-3F100360EF7E}.Release|x64.Build.0 = Release|x64
		{5E625DF1-F550-481B-A15C-3F100360EF7E}.Release|x86.ActiveCfg = Release|Win32
		{5E625DF1-F550-481B-A15C-3F100360EF7E}.Release|x86.Build.0 = Release|Win32
		{129801F3-DAEA-4C26-BC22-08C40570A4D1}.Debug|x64.ActiveCfg = Debug|x64
		{129801F3-DAEA-4C26-BC22-08C40570A4D1}.Debug|x64.Build.0 = Debug|x64
		{129801F3-DAEA-4C26-BC22-08C40570A4D1}.Debug|x86.ActiveCfg = Debug|Win32
		{129801F3-DAEA-4C26-BC22-08C40570A4D1}.Debug|x86.Build.0 = Debug|Win32
		{129801F3-DAEA-4C26-BC22-08C40570A4D1}.Release|x64.ActiveCfg = Release|x64
		{129801F3-DAEA-4C26-BC22-08C40570A4D1}.Release|x64.Build.0 = Release|x64
		{129801F3-DAEA-4C26-BC22-08C40570A4D1}.Release|x86.ActiveCfg = Release|Win32
		{129801F3-DAEA-4C26-BC22-08C40570A4D1}.Release|x86.Build.0 = Release|Win32
		{FF9E2D55-245C-4AAD-9A2C-59BE72263259}.Debug|x64.ActiveCfg = Debug|x64
		{FF9E2D55-245C-4AAD-9A2C-59BE72263259}.Debug|x64.Build.0 = Debug|x64
		{FF9E2D55-245C-4AAD-9A2C-59BE72263259}.Debug|x86.ActiveCfg = Debug|Win32
		{FF9E2D55-245C-4AAD-9A2C-59BE72263259}.Debug|x86.Build.0 = Debug|Win32
		{FF9E2D55-245C-4AAD-9A2C-59BE72263259}.Release|x64.ActiveCfg = Release|x64
		{FF9E2D55-245C-4AAD-9A2C-59BE72263259}.Release|x64.Build.0 = Release|x64
		{FF9E2D55-245C-4AAD-9A2C-59BE72263259}.Release|x86.ActiveCfg = Release|Win32
		{FF9E2D55-245C-4AAD-9A2C-59BE72263259}.Release|x86.Build.0 = Release|Win32
		{C1788911-74E0-4462-8B62-FC362FF57384}.Debug|x64.ActiveCfg = Debug|x64
		{C1788911-74E0-4462-8B62-FC362FF57384}.Debug|x64.Build.0 = Debug|x64
		{C1788911-74E0-4462-8B62-FC362FF57384}.Debug|x86.ActiveCfg = Debug|Win32
		{C1788911-74E0-4462-8B62-FC362FF57384}.Debug|x86.Build.0 = Debug|Win32
		{C1788911-74E0-4462-8B62-FC362FF57384}.Release|x64.ActiveCfg = Release|x64
		{C1788911-74E0-4462-8B62-FC362FF57384}.Release|x64.Build.0 = Release|x64
		{C1788911-74E0-4462-8B62-FC362FF57384}.Release|x86.ActiveCfg = Release|Win32
		{C1788911-74E0-4462-8B62-FC362FF57384}.Release|x86.Build.0 = Release|Win32
		{C4CB4463-6EA7-4EB7-A6E5-3B85500644F1}.Debug|x64.ActiveCfg = Debug|x64
		{C4CB4463-6EA7-4EB7-A6E5-3B85500644F1}.Debug|x64.Build.0 = Debug|x64
		{C4CB4463-6EA7-4EB7-A6E5-3B85500644F1}.Debug|x86.ActiveCfg = Debug|Win32
		{C4CB4463-6EA7-4EB7-A6E5-3B85500644F1}.Debug|x86.Build.0 = Debug|Win32
		{C4CB4463-6EA7-4EB7-A6E5-3B85500644F1}.Release|x64.ActiveCfg = Release|x64
		{C4CB4463-6EA7-4EB7-A6E5-3B85500644F1}.Release|x64.Build.0 = Release|x64
		{C4CB4463-6EA7-4EB7-A6E5-3B85500644F1}.Release|x86.ActiveCfg = Release|Win32
		{C4CB4463-6EA7-4EB7-A6E5-3B85500644F1}.Release|x86.Build.0 = Release|Win32
		{5832A0A1-9D57-48E9-88C7-A5B122EE0D6F}.Debug|x64.ActiveCfg = Debug|x64
		{5832A0A1-9D57-48E9-88C7-A5B122EE0D6F}.Debug|x64.Build.0 = Debug|x64
		{5832A0A1-9D57-48E9-88C7-A5B122EE0D6F}.Debug|x86.ActiveCfg = Debug|Win32
		{5832A0A1-9D57-48E9-88C7-A5B122EE0D6F}.Debug|x86.Build.0 = Debug|Win32
		{5832A0A1-9D57-48E9-88C7-A5B122EE0D6F}.Release|x64.ActiveCfg = Release|x64
		{5832A0A1-9D57-48E9-88C7-A5B122EE0D6F}.Release|x64.Build.0 = Release|x64
		{5832A0A1-9D57-48E9-88C7-A5B122EE0D6F}.Release|x86.ActiveCfg = Release|Win32
		{5832A0A1-9D57-48E9-88C7-A5B122EE0D6F}.Release|x86.Build.0 = Release|Win32
		{C62CA52D-2441-40F5-A655-D9F2E2B4C49F}.Debug|x64.ActiveCfg = Debug|x64
		{C62CA52D-2441-40F5-A655-D9F2E2B4C49F}.Debug|x64.Build.0 = Debug|x64
		{C62CA52D-2441-40F5-A655-D9F2E2B4C49F}.Debug|x86.ActiveCfg = Debug|Win32
		{C62CA52D-2441-40F5-A655-D9F2E2B4C49F}.Debug|x86.Build.0 = Debug|Win32
		{C62CA52D-2441-40F5-A655-D9F2E2B4C49F}.Release|x64.ActiveCfg = Release|x64
		{C62CA52D-2441-40F5-A655-D9F2E2B4C49F}.Release|x64.Build.0 = Release|x64
		{C62CA52D-2441-40F5-A655-D9F2E2B4C49F}.Release|x86.ActiveCfg = Release|Win32
		{C62CA52D-2441-40F5-A655-D9F2E2B4C49F}.Release|x86.Build.0 = Release|Win32
		{AB13955B-7B3F-431D-BBDB-2715D904A2FE}.Debug|x64.ActiveCfg = Debug|x64
		{AB13955B-7B3F-431D-BBDB-2715D904A2FE}.Debug|x64.Build.0 = Debug|x64
		{AB13955B-7B3F-431D-BBDB-2715D904A2FE}.Debug|x86.ActiveCfg = Debug|Win32
		{AB13955B-7B3F-431D-BBDB-2715D904A2FE}.Debug|x86.Build.0 = Debug|Win32
		{AB13955B-7B3F-431D-BBDB-2715D904A2FE}.Release|x64.ActiveCfg = Release|x64
		{AB13955B-7B3F-431D-BBDB-2715D904A2FE}.Release|x64.Build.0 = Release|x64
		{AB13955B-7B3F-431D-BBDB-2715D904A2FE}.Release|x86.ActiveCfg = Release|Win32
		{AB13955B-7B3F-431D-BBDB-2715D904A2FE}.Release|x86.Build.0 = Release|Win32
		{7841A9C4-BE6E-47BA-ABF6-9510023F30B9}.Debug|x64.ActiveCfg = Debug|x64
		{7841A9C4-BE6E-47BA-ABF6-9510023F30B9}.Debug|x64.Build.0 = Debug|x64
		{7841A9C4-BE6E-47BA-ABF6-9510023F30B9}.Debug|x86.ActiveCfg = Debug|Win32
		{7841A9C4-BE6E-47BA-ABF6-9510023F30B9}.Debug|x86.Build.0 = Debug|Win32
		{7841A9C4-BE6E-47BA-ABF6-9510023F30B9}.Release|x64.ActiveCfg = Release|x64
		{7841A9C4-BE6E-47BA-ABF6-9510023F30B9}.Release|x64.Build.0 = Release|x64
		{7841A9C4-BE6E-47BA-ABF6-9510023F30B9}.Release|x86.ActiveCfg = Release|Win32
		{7841A9C4-BE6E-47BA-ABF6-9510023F30B9}.Release|x86.Build.0 = Release|Win32
		{EE31D2EF-21E8-4A3E-B84E-21EEC9BF7149}.Debug|x64.ActiveCfg = Debug|x64
		{EE31D2EF-21E8-4A3E-B84E-21EEC9BF7149}.Debug|x64.Build.0 = Debug|x64
		{EE31D2EF-21E8-4A3E-B84E-21EEC9BF7149}.Debug|x86.ActiveCfg = Debug|Win32
		{EE31D2EF-21E8-4A3E-B84E-21EEC9BF7149}.Debug|x86.Build.0 = Debug|Win32
		{EE31D2EF-21E8-4A3E-B84E-21EEC9BF7149}.Release|x64.ActiveCfg = Release|x64
		{EE31D2EF-21E8-4A3E-B84E-21EEC9BF7149}.Release|x64.Build.0 = Release|x64
		{EE31D2EF-21E8-4A3E-B84E-21EEC9BF7149}.Release|x86.ActiveCfg = Release|Win32
		{EE31D2EF-21E8-4A3E-B84E-21EEC9BF7149}.Release|x86.Build.0 = Release|Win32
		{3247778E-FAF9-49FD-A2E3-2DDDAFDCDA9F}.Debug|x64.ActiveCfg = Debug|x64
		{3247778E-FAF9-49FD-A2E3-2DDDAFDCDA9F}.Debug|x64.Build.0 = Debug|x64
		{3247778E-FAF9-49FD-A2E3-2DDDAFDCDA9F}.Debug|x86.ActiveCfg = Debug|Win32
		{3247778E-FAF9-49FD-A2E3-2DDDAFDCDA9F}.Debug|x86.Build.0 = Debug|Win32
		{3247778E-FAF9-49FD-A2E3-2DDDAFDCDA9F}.Release|x64.ActiveCfg = Release|x64
		{3247778E-FAF9-49FD-A2E3-2DDDAFDCDA9F}.Release|x64.Build.0 = Release|x64
		{3247778E-FAF9-49FD-A2E3-2DDDAFDCDA9F}.Release|x86.ActiveCfg = Release|Win32
		{3247778E-FAF9-49FD-A2E3-2DDDAFDCDA9F}.Release|x86.Build.0 = Release|Win32
		{52279C6E-F367-4D7F-AFDA-F4B124FB053A}.Debug|x64.ActiveCfg = Debug|x64
		{52279C6E-F367-4D7F-AFDA-F4B124FB053A}.Debug|x64.Build.0 = Debug|x64
		{52279C6E-F367-4D7F-AFDA-F4B124FB053A}.Debug|x86.ActiveCfg = Debug|Win32
		{52279C6E-F367-4D7F-AFDA-F4B124FB053A}.Debug|x86.Build.0 = Debug|Win32
		{52279C6E-F367-4D7F-AFDA-F4B124FB053A}.Release|x64.ActiveCfg = Release|x64
		{52279C6E-F367-4D7F-AFDA-F4B124FB053A}.Release|x64.Build.0 = Release|x64
		{52279C6E-F367-4D7F-AFDA-F4B124FB053A}.Release|x86.ActiveCfg = Release|Win32
		{52279C6E-F367-4D7F-AFDA-F4B124FB053A}.Release|x86.Build.0 = Release|Win32
		{5EB2096A-E741-4A30-B588-9F025EB25B48}.Debug|x64.ActiveCfg = Debug|x64
		{5EB2096A-E741-4A30-B588-9F025EB25B48}.Debug|x64.Build.0 = Debug|x64
		{5EB2096A-E741-4A30-B588-9F025EB25B48}.Debug|x86.ActiveCfg = Debug|Win32
		{5EB2096A-E741-4A30-B588-9F025EB25B48}.Debug|x86.Build.0 = Debug|Win32
		{5EB2096A-E741-4A30-B588-9F025EB25B48}.Release|x64.ActiveCfg = Release|x64
		{5EB2096A-E741-4A30-B588-9F025EB25B48}.Release|x64.Build.0 = Release|x64
		{5EB2096A-E741-4A30-B588-9F025EB25B48}.Release|x86.ActiveCfg = Release|Win32
		{5EB2096A-E741-4A30-B588-9F025EB25B48}.Release|x86.Build.0 = Release|Win32
		{DEB25CF2-5F04-4C2C-8AEF-D8084044E5AE}.Debug|x64.ActiveCfg = Debug|x64
		{DEB25CF2-5F04-4C2C-8AEF-D8084044E5AE}.Debug|x64.Build.0 = Debug|x64
		{DEB25CF2-5F04-4C2C-8AEF-D8084044E5AE}.Debug|x86.ActiveCfg = Debug|Win32
		{DEB25CF2-5F04-4C2C-8AEF-D8084044E5AE}.Debug|x86.Build.0 = Debug|Win32
		{DEB25CF2-5F04-4C2C-8AEF-D8084044E5AE}.Release|x64.ActiveCfg = Release|x64
		{DEB25CF2-5F04-4C2C-8AEF-D8084044E5AE}.Release|x64.Build.0 = Release|x64
		{DEB25CF2-5F04-4C2C-8AEF-D8084044E5AE}.Release|x86.ActiveCfg = Release|Win32
		{DEB25CF2-5F04-4C2C-8AEF-D8084044E5AE}.Release|x86.Build.0 = Release|Win32
		{609D0B9F-BB71-4389-B581-80C582D4BDB2}.Debug|x64.ActiveCfg = Debug|x64
		{609D0B9F-BB71-4389-B581-80C582D4BDB2}.Debug|x64.Build.0 = Debug|x64
		{609D0B9F-BB71-4389-B581-80C582D4BDB2}.Debug|x86.ActiveCfg = Debug|Win32
		{609D0B9F-BB71-4389-B581-80C582D4BDB2}.Debug|x86.Build.0 = Debug|Win32
		{609D0B9F-BB71-4389-B581-80C582D4BDB2}.Release|x64.ActiveCfg = Release|x64
		{609D0B9F-BB71-4389-B581-80C582D4BDB2}.Release|x64.Build.0 = Release|x64
		{609D0B9F-BB71-4389-B581-80C582D4BDB2}.Release|x86.ActiveCfg = Release|Win32
		{609D0B9F-BB71-4389-B581-80C582D4BDB2}.Release|x86.Build.0 = Release|Win32
		{2670CCFB-6C00-475C-B89A-25FC06E9972E}.Debug|x64.ActiveCfg = Debug|x64
		{2670CCFB-6C00-475C-B89A-25FC06E9972E}.Debug|x64.Build.0 = Debug|x64
		{2670CCFB-6C00-475C-B89A-25FC06E9972E}.Debug|x86.ActiveCfg = Debug|Win32
		{2670CCFB-6C00-475C-B89A-25FC06E9972E}.Debug|x86.Build.0 = Debug|Win32
		{2670CCFB-6C00-475C-B89A-25FC06E9972E}.Release|x64.ActiveCfg = Release|x64
		{2670CCFB-6C00-475C-B89A-25FC06E9972E}.Release|x64.Build.0 = Release|x64
		{2670CCFB-6C00-475C-B89A-25FC06E9972E}.Release|x86.ActiveCfg = Release|Win32
		{2670CCFB-6C00-475C-B89A-25FC06E9972E}.Release|x86.Build.0 = Release|Win32
		{38989691-7E87-4BC7-B2A0-B152B20C8DE4}.Debug|x64.ActiveCfg = Debug|x64
		{38989691-7E87-4BC7-B2A0-B152B20C8DE4}.Debug|x64.Build.0 = Debug|x64
		{38989691-7E87-4BC7-B2A0-B152B20C8DE4}.Debug|x86.ActiveCfg = Debug|Win32
		{38989691-7E87-4BC7-B2A0-B152B20C8DE4}.Debug|x86.Build.0 = Debug|Win32
		{38989691-7E87-4BC7-B2A0-B152B20C8DE4}.Release|x64.ActiveCfg = Release|x64
		{38989691-7E87-4BC7-B2A0-B152B20C8DE4}.Release|x64.Build.0 = Release|x64
		{38989691-7E87-4BC7-B2A0-B152B20C8DE4}.Release|x86.ActiveCfg = Release|Win32
		{38989691-7E87-4BC7-B2A0-B152B20C8DE4}.Release|x86.Build.0 = Release|Win32
		{86994119-D7FB-4537-9007-CCF4D4314004}.Debug|x64.ActiveCfg = Debug|x64
		{86994119-D7FB-4537-9007-CCF4D4314004}.Debug|x64.Build.0 = Debug|x64
		{86994119-D7FB-4537-9007-CCF4D4314004}.Debug|x86.ActiveCfg = Debug|Win32
		{86994119-D7FB-4537-9007-CCF4D4314004}.Debug|x86.Build.0 = Debug|Win32
		{86994119-D7FB-4537-9007-CCF4D4314004}.Release|x64.ActiveCfg = Release|x64
		{86994119-D7FB-4537-9007-CCF4D4314004}.Release|x64.Build.0 = Release|x64
		{86994119-D7FB-4537-9007-CCF4D4314004}.Release|x86.ActiveCfg = Release|Win32
		{86994119-D7FB-4537-9007-CCF4D4314004}.Release|x86.Build.0 = Release|Win32
		{7697292D-2741-4C90-BBD6-1C9CBF062D22}.Debug|x64.ActiveCfg = Debug|x64
		{7697292D-2741-4C90-BBD6-1C9CBF062D22}.Debug|x64.Build.0 = Debug|x64
		{7697292D-2741-4C90-BBD6-1C9CBF062D22}.Debug|x86.ActiveCfg = Debug|Win32
		{7697292D-2741-4C90-BBD6-1C9CBF062D22}.Debug|x86.Build.0 = Debug|Win32
		{7697292D-2741-4C90-BBD6-1C9CBF062D22}.Release|x64.ActiveCfg = Release|x64
		{7697292D-2741-4C90-BBD6-1C9CBF062D22}.Release|x64.Build.0 = Release|x64
		{7697292D-2741-4C90-BBD6-1C9CBF062D22}.Release|x86.ActiveCfg = Release|Win32
		{7697292D-2741-4C90-BBD6-1C9CBF062D22}.Release|x86.Build.0 = Release|Win32
		{1244B46D-FCE4-424D-A519-240DDDBB3571}.Debug|x64.ActiveCfg = Debug|x64
		{1244B46D-FCE4-424D-A519-240DDDBB3571}.Debug|x64.Build.0 = Debug|x64
		{1244B46D-FCE4-424D-A519-240DDDBB3571}.Debug|x86.ActiveCfg = Debug|Win32
		{1244B46D-FCE4-424D-A519-240DDDBB3571}.Debug|x86.Build.0 = Debug|Win32
		{1244B46D-FCE4-424D-A519-240DDDBB3571}.Release|x64.ActiveCfg = Release|x64
		{1244B46D-FCE4-424D-A519-240DDDBB3571}.Release|x64.Build.0 = Release|x64
		{1244B46D-FCE4-424D-A519-240DDDBB3571}.Release|x86.ActiveCfg = Release|Win32
		{1244B46D-FCE4-424D-A519-240DDDBB3571}.Release|x86.Build.0 = Release|Win32
		{1842B32D-33FF-4303-96B1-D77B69F9F2DB}.Debug|x64.ActiveCfg = Debug|x64
		{1842B32D-33FF-4303-96B1-D77B69F9F2DB}.Debug|x64.Build.0 = Debug|x64
		{1842B32D-33FF-4303-96B1-D77B69F9F2DB}.Debug|x86.ActiveCfg = Debug|Win32
		{1842B32D-33FF-4303-96B1-D77B69F9F2DB}.Debug|x86.Build.0 = Debug|Win32
		{1842B32D-33FF-4303-96B1-D77B69F9F2DB}.Release|x64.ActiveCfg = Release|x64
		{1842B32D-33FF-4303-96B1-D77B69F9F2DB}.Release|x64.Build.0 = Release|x64
		{1842B32D-33FF-4303-96B1-D77B69F9F2DB}.Release|x86.ActiveCfg = Release|Win32
		{1842B32D-33FF-4303-96B1-D77B69F9F2DB}.Release|x86.Build.0 = Release|Win32
		{D97F867D-5100-4EA0-8AB5-670C3DBD904E}.Debug|x64.ActiveCfg = Debug|x64
		{D97F867D-5100-4EA0-8AB5-670C3DBD904E}.Debug|x64.Build.0 = Debug|x64
		{D97F867D-5100-4EA0-8AB5-670C3DBD904E}.Debug|x86.ActiveCfg = Debug|Win32
		{D97F867D-5100-4EA0-8AB5-670C3DBD904E}.Debug|x86.Build.0 = Debug|Win32
		{D97F867D-5100-4EA0-8AB5-670C3DBD904E}.Release|x64.ActiveCfg = Release|x64
		{D97F867D-5100-4EA0-8AB5-670C3DBD904E}.Release|x64.Build.0 = Release|x64
		{D97F867D-5100-4EA0-8AB5-670C3DBD904E}.Release|x86.ActiveCfg = Release|Win32
		{D97F867D-5100-4EA0-8AB5-670C3DBD904E}.Release|x86.Build.0 = Release|Win32
		{BBE30966-CC0B-4AA9-AEEE-B87B09FDCE59}.Debug|x64.ActiveCfg = Debug|x64
		{BBE30966-CC0B-4AA9-AEEE-B87B09FDCE59}.Debug|x64.Build.0 = Debug|x64
		{BBE30966-CC0B-4AA9-AEEE-B87B09FDCE59}.Debug|x86.ActiveCfg = Debug|Win32
		{BBE30966-CC0B-4AA9-AEEE-B87B09FDCE59}.Debug|x86.Build.0 = Debug|Win32
		{BBE30966-CC0B-4AA9-AEEE-B87B09FDCE59}.Release|x64.ActiveCfg = Release|x64
		{BBE30966-CC0B-4AA9-AEEE-B87B09FDCE59}.Release|x64.Build.0 = Release|x64
		{BBE30966-CC0B-4AA9-AEEE-B87B09FDCE59}.Release|x86.ActiveCfg = Release|Win32
		{BBE30966-CC0B-4AA9-AEEE-B87B09FDCE59}.Release|x86.Build.0 = Release|Win32
		{24044A9C-0703-4B1F-803F-D134750CDD07}.Debug|x64.ActiveCfg = Debug|x64
		{24044A9C-0703-4B1F-803F-D134750CDD07}.Debug|x64.Build.0 = Debug|x64
		{24044A9C-0703-4B1F-803F-D134750CDD07}.Debug|x86.ActiveCfg = Debug|Win32
		{24044A9C-0703-4B1F-803F-D134750CDD07}.Debug|x86.Build.0 = Debug|Win32
		{24044A9C-0703-4B1F-803F-D134750CDD07}.Release|x64.ActiveCfg = Release|x64
		{24044A9C-0703-4B1F-803F-D134750CDD07}.Release|x64.Build.0 = Release|x64
		{24044A9C-0703-4B1F-803F-D134750CDD07}.Release|x86.ActiveCfg = Release|Win32
		{24044A9C-0703-4B1F-803F-D134750CDD07}.Release|x86.Build.0 = Release|Win32
		{AF982055-7A30-42F2-8F7F-21DEE503C426}.Debug|x64.ActiveCfg = Debug|x64
		{AF982055-7A30-42F2-8F7F-21DEE503C426}.Debug|x64.Build.0 = Debug|x64
		{AF982055-7A30-42F2-8F7F-21DEE503C426}.Debug|x86.ActiveCfg = Debug|Win32
		{AF982055-7A30-42F2-8F7F-21DEE503C426}.Debug|x86.Build.0 = Debug|Win32
		{AF982055-7A30-42F2-8F7F-21DEE503C426}.Release|x64.ActiveCfg = Release|x64
		{AF982055-7A30-42F2-8F7F-21DEE503C426}.Release|x64.Build.0 = Release|x64
		{AF982055-7A30-42F2-8F7F-21DEE503C426}.Release|x86.ActiveCfg = Release|Win32
		{AF982055-7A30-42F2-8F7F-21DEE503C426}.Release|x86.Build.0 = Release|Win32
		{A042A113-6BDB-4381-8C91-E62FC8C0C39D}.Debug|x64.ActiveCfg = Debug|x64
		{A042A113-6BDB-4381-8C91-E62FC8C0C39D}.Debug|x64.Build.0 = Debug|x64
		{A042A113-6BDB-4381-8C91-E62FC8C0C39D}.Debug|x86.ActiveCfg = Debug|Win32
		{A042A113-6BDB-4381-8C91-E62FC8C0C39D}.Debug|x86.Build.0 = Debug|Win32
		{A042A113-6BDB-4381-8C91-E62FC8C0C39D}.Release|x64.ActiveCfg = Release|x64
		{A042A113-6BDB-4381-8C91-E62FC8C0C39D}.Release|x64.Build.0 = Release|x64
		{A042A113-6BDB-4381-8C91-E62FC8C0C39D}.Release|x86.ActiveCfg = Release|Win32
		{A042A113-6BDB-4381-8C91-E62FC8C0C39D}.Release|x86.Build.0 = Release|Win32
		{5E5CB9BB-2AA2-4673-BAC7-9EF2B96D93B2}.Debug|x64.ActiveCfg = Debug|x64
		{5E5CB9BB-2AA2-4673-BAC7-9EF2B96D93B2}.Debug|x64.Build.0 = Debug|x64
		{5E5CB9BB-2AA2-4673-BAC7-9EF2B96D93B2}.Debug|x86.ActiveCfg = Debug|Win32
		{5E5CB9BB-2AA2-4673-BAC7-9EF2B96D93B2}.Debug|x86.Build.0 = Debug|Win32
		{5E5CB9BB-2AA2-4673-BAC7-9EF2B96D93B2}.Release|x64.ActiveCfg = Release|x64
		{5E5CB9BB-2AA2-4673-BAC7-9EF2B96D93B2}.Release|x64.Build.0 = Release|x64
		{5E5CB9BB-2AA2-4673-BAC7-9EF2B96D93B2}.Release|x86.ActiveCfg = Release|Win32
		{5E5CB9BB-2AA2-4673-BAC7-9EF2B96D93B2}.Release|x86.Build.0 = Release|Win32
		{ADD9C000-6C51-4707-9526-96F817835D82}.Debug|x64.ActiveCfg = Debug|x64
		{ADD9C000-6C51-4707-9526-96F817835D82}.Debug|x64.Build.0 = Debug|x64
		{ADD9C000-6C51-4707-9526-96F817835D82}.Debug|x86.ActiveCfg = Debug|Win32
		{ADD9C000-6C51-4707-9526-96F817835D82}.Debug|x86.Build.0 = Debug|Win32
		{ADD9C000-6C51-4707-9526-96F817835D82}.Release|x64.ActiveCfg = Release|x64
		{ADD9C000-6C51-4707-9526-96F817835D82}.Release|x64.Build.0 = Release|x64
		{ADD9C000-6C51-4707-9526-96F817835D82}.Release|x86.ActiveCfg = Release|Win32
		{ADD9C000-6C51-4707-9526-96F817835D82}.Release|x86.Build.0 = Release|Win32
		{05AEA1FB-B2B9-4CCC-A5E1-CA9DE44AFE3A}.Debug|x64.ActiveCfg = Debug|x64
		{05AEA1FB-B2B9-4CCC-A5E1-CA9DE44AFE3A}.Debug|x64.Build.0 = Debug|x64
		{05AEA1FB-B2B9-4CCC-A5E1-CA9DE44AFE3A}.Debug|x86.ActiveCfg = Debug|Win32
		{05AEA1FB-B2B9-4CCC-A5E1-CA9DE44AFE3A}.Debug|x86.Build.0 = Debug|Win32
		{05AEA1FB-B2B9-4CCC-A5E1-CA9DE44AFE3A}.Release|x64.ActiveCfg = Release|x64
		{05AEA1FB-B2B9-4CCC-A5E1-CA9DE44AFE3A}.Release|x64.Build.0 = Release|x64
		{05AEA1FB-B2B9-4CCC-A5E1-CA9DE44AFE3A}.Release|x86.ActiveCfg = Release|Win32
		{05AEA1FB-B2B9-4CCC-A5E1-CA9DE44AFE3A}.Release|x86.Build.0 = Release|Win32
		{1D677D3C-6E6F-4C92-91BF-8B37F7F754B3}.Debug|x64.ActiveCfg = Debug|x64
		{1D677D3C-6E6F-4C92-91BF-8B37F7F754B3}.Debug|x64.Build.0 = Debug|x64
		{1D677D3C-6E6F-4C92-91BF-8B37F7F754B3}.Debug|x86.ActiveCfg = Debug|Win32
		{1D677D3C-6E6F-4C92-91BF-8B37F7F754B3}.Debug|x86.Build.0 = Debug|Win32
		{1D677D3C-6E6F-4C92-91BF-8B37F7F754B3}.Release|x64.ActiveCfg = Release|x64
		{1D677D3C-6E6F-4C92-91BF-8B37F7F754B3}.Release|x64.Build.0 = Release|x64
		{1D677D3C-6E6F-4C92-91BF-8B37F7F754B3}.Release|x86.ActiveCfg = Release|Win32
		{1D677D3C-6E6F-4C92-91BF-8B37F7F754B3}.Release|x86.Build.0 = Release|Win32
		{7000C260-5840-4E51-A5BE-16F672AAC030}.Debug|x64.ActiveCfg = Debug|x64
		{7000C260-5840-4E51-A5BE-16F672AAC030}.Debug|x64.Build.0 = Debug|x64
		{7000C260-5840-4E51-A5BE-16F672AAC030}.Debug|x86.ActiveCfg = Debug|Win32
		{7000C260-5840-4E51-A5BE-16F672AAC030}.Debug|x86.Build.0 = Debug|Win32
		{7000C260-5840-4E51-A5BE-16F672AAC030}.Release|x64.ActiveCfg = Release|x64
		{7000C260-5840-4E51-A5BE-16F672AAC030}.Release|x64.Build.0 = Release|x64
		{7000C260-5840-4E51-A5BE-16F672AAC030}.Release|x86.ActiveCfg = Release|Win32
		{7000C260-5840-4E51-A5BE-16F672AAC030}.Release|x86.Build.0 = Release|Win32
		{1337078F-4A52-457A-977D-4BF1F02C56B0}.Debug|x64.ActiveCfg = Debug|x64
		{1337078F-4A52-457A-977D-4BF1F02C56B0}.Debug|x64.Build.0 = Debug|x64
		{1337078F-4A52-457A-977D-4BF1F02C56B0}.Debug|x86.ActiveCfg = Debug|Win32
		{1337078F-4A52-457A-977D-4BF1F02C56B0}.Debug|x86.Build.0 = Debug|Win32
		{1337078F-4A52-457A-977D-4BF1F02C56B0}.Release|x64.ActiveCfg = Release|x64
		{1337078F-4A52-457A-977D-4BF1F02C56B0}.Release|x64.Build.0 = Release|x64
		{1337078F-4A52-457A-977D-4BF1F02C56B0}.Release|x86.ActiveCfg = Release|Win32
		{1337078F-4A52-457A-977D-4BF1F02C56B0}.Release|x86.Build.0 = Release|Win32
		{845C8897-4C4B-4899-9AD4-893A3DB20C4D}.Debug|x64.ActiveCfg = Debug|x64
		{845C8897-4C4B-4899-9AD4-893A3DB20C4D}.Debug|x64.Build.0 = Debug|x64
		{845C8897-4C4B-4899-9AD4-893A3DB20C4D}.Debug|x86.ActiveCfg = Debug|Win32
		{845C8897-4C4B-4899-9AD4-893A3DB20C4D}.Debug|x86.Build.0 = Debug|Win32
		{845C8897-4C4B-4899-9AD4-893A3DB20C4D}.Release|x64.ActiveCfg = Release|x64
		{845C8897-4C4B-4899-9AD4-893A3DB20C4D}.Release|x64.Build.0 = Release|x64
		{845C8897-4C4B-4899-9AD4-893A3DB20C4D}.Release|x86.ActiveCfg = Release|Win32
		{845C8897-4C4B-4899-9AD4-893A3DB20C4D}.Release|x86.Build.0 = Release|Win32
		{3868DA8F-A84F-488F-A74D-0873B774B17B}.Debug|x64.ActiveCfg = Debug|x64
		{3868DA8F-A84F-488F-A74D-0873B774B17B}.Debug|x64.Build.0 = Debug|x64
		{3868DA8F-A84F-488F-A74D-0873B774B17B}.Debug|x86.ActiveCfg = Debug|Win32
		{3868DA8F-A84F-488F-A74D-0873B774B17B}.Debug|x86.Build.0 = Debug|Win32
		{3868DA8F-A84F-488F-A74D-0873B774B17B}.Release|x64.ActiveCfg = Release|x64
		{3868DA8F-A84F-488F-A74D-0873B774B17B}.Release|x64.Build.0 = Release|x64
		{3868DA8F-A84F-488F-A74D-0873B774B17B}.Release|x86.ActiveCfg = Release|Win32
		{3868DA8F-A84F-488F-A74D-0873B774B17B}.Release|x86.Build.0 = Release|Win32
		{70168600-36CB-41A2-A76F-227E5460B61C}.Debug|x64.ActiveCfg = Debug|x64
		{70168600-36CB-41A2-A76F-227E5460B61C}.Debug|x64.Build.0 = Debug|x64
		{70168600-36CB-41A2-A76F-227E5460B61C}.Debug|x86.ActiveCfg = Debug|Win32
		{70168600-36CB-41A2-A76F-227E5460B61C}.Debug|x86.Build.0 = Debug|Win32
		{70168600-36CB-41A2-A76F-227E5460B61C}.Release|x64.ActiveCfg = Release|x64
		{70168600-36CB-41A2-A76F-227E5460B61C}.Release|x64.Build.0 = Release|x64
		{70168600-36CB-41A2-A76F-227E5460B61C}.Release|x86.ActiveCfg = Release|Win32
		{70168600-36CB-41A2-A76F-227E5460B61C}.Release|x86.Build.0 = Release|Win32
		{F3E688B9-6B5C-4B31-9A42-67C2ED0479AE}.Debug|x64.ActiveCfg = Debug|x64
		{F3E688B9-6B5C-4B31-9A42-67C2ED0479AE}.Debug|x64.Build.0 = Debug|x64
		{F3E688B9-6B5C-4B31-9A42-67C2ED0479AE}.Debug|x86.ActiveCfg = Debug|Win32
		{F3E688B9-6B5C-4B31-9A42-67C2ED0479AE}.Debug|x86.Build.0 = Debug|Win32
		{F3E688B9-6B5C-4B31-9A42-67C2ED0479AE}.Release|x64.ActiveCfg = Release|x64
		{F3E688B9-6B5C-4B31-9A42-67C2ED0479AE}.Release|x64.Build.0 = Release|x64
		{F3E688B9-6B5C-4B31-9A42-67C2ED0479AE}.Release|x86.ActiveCfg = Release|Win32
		{F3E688B9-6B5C-4B31-9A42-67C2ED0479AE}.Release|x86.Build.0 = Release|Win32
		{7533E8F7-EFC0-435F-92DD-8D53854085C1}.Debug|x64.ActiveCfg = Debug|x64
		{7533E8F7-EFC0-435F-92DD-8D53854085C1}.Debug|x64.Build.0 = Debug|x64
		{7533E8F7-EFC0-435F-92DD-8D53854085C1}.Debug|x86.ActiveCfg = Debug|Win32
		{7533E8F7-EFC0-435F-92DD-8D53854085C1}.Debug|x86.Build.0 = Debug|Win32
		{7533E8F7-EFC0-435F-92DD-8D53854085C1}.Release|x64.ActiveCfg = Release|x64
		{7533E8F7-EFC0-435F-92DD-8D53854085C1}.Release|x64.Build.0 = Release|x64
		{7533E8F7-EFC0-435F-92DD-8D53854085C1}.Release|x86.ActiveCfg = Release|Win32
		{7533E8F7-EFC0-435F-92DD-8D53854085C1}.Release|x86.Build.0 = Release|Win32
		{3FB3E1E3-BD61-4988-85EE-61FC22540E92}.Debug|x64.ActiveCfg = Debug|x64
		{3FB3E1E3-BD61-4988-85EE-61FC22540E92}.Debug|x64.Build.0 = Debug|x64
		{3FB3E1E3-BD61-4988-85EE-61FC22540E92}.Debug|x86.ActiveCfg = Debug|Win32
		{3FB3E1E3-BD61-4988-85EE-61FC22540E92}.Debug|x86.Build.0 = Debug|Win32
		{3FB3E1E3-BD61-4988-85EE-61FC22540E92}.Release|x64.ActiveCfg = Release|x64
		{3FB3E1E3-BD61-4988-85EE-61FC22540E92}.Release|x64.Build.0 = Release|x64
		{3FB3E1E3-BD61-4988-85EE-61FC22540E92}.Release|x86.ActiveCfg = Release|Win32
		{3FB3E1E3-BD61-4988-85EE-61FC22540E92}.Release|x86.Build.0 = Release|Win32
		{28583821-3469-4973-87CE-816FDB81B72D}.Debug|x64.ActiveCfg = Debug|x64
		{28583821-3469-4973-87CE-816FDB81B72D}.Debug|x64.Build.0 = Debug|x64
		{28583821-3469-4973-87CE-816FDB81B72D}.Debug|x86.ActiveCfg = Debug|Win32
		{28583821-3469-4973-87CE-816FDB81B72D}.Debug|x86.Build.0 = Debug|Win32
		{28583821-3469-4973-87CE-816FDB81B72D}.Release|x64.ActiveCfg = Release|x64
		{28583821-3469-4973-87CE-816FDB81B72D}.Release|x64.Build.0 = Release|x64
		{28583821-3469-4973-87CE-816FDB81B72D}.Release|x86.ActiveCfg = Release|Win32
		{28583821-3469-4973-87CE-816FDB81B72D}.Release|x86.Build.0 = Release|Win32
		{00F98974-A8DB-4D64-8C9A-372266B0F332}.Debug|x64.ActiveCfg = Debug|x64
		{00F98974-A8DB-4D64-8C9A-372266B0F332}.Debug|x64.Build.0 = Debug|x64
		{00F98974-A8DB-4D64-8C9A-372266B0F332}.Debug|x86.ActiveCfg = Debug|Win32
		{00F98974-A8DB-4D64-8C9A-372266B0F332}.Debug|x86.Build.0 = Debug|Win32
		{00F98974-A8DB-4D64-8C9A-372266B0F332}.Release|x64.ActiveCfg = Release|x64
		{00F98974-A8DB-4D64-8C9A-372266B0F332}.Release|x64.Build.0 = Release|x64
		{00F98974-A8DB-4D64-8C9A-372266B0F332}.Release|x86.ActiveCfg = Release|Win32
		{00F98974-A8DB-4D64-8C9A-372266B0F332}.Release|x86.Build.0 = Release|Win32
		{5616EAC1-1CB0-41A1-8E77-793A2F739D3F}.Debug|x64.ActiveCfg = Debug|x64
		{5616EAC1-1CB0-41A1-8E77-793A2F739D3F}.Debug|x64.Build.0 = Debug|x64
		{5616EAC1-1CB0-41A1-8E77-793A2F739D3F}.Debug|x86.ActiveCfg = Debug|Win32
		{5616EAC1-1CB0-41A1-8E77-793A2F739D3F}.Debug|x86.Build.0 = Debug|Win32
		{5616EAC1-1CB0-41A1-8E77-793A2F739D3F}.Release|x64.ActiveCfg = Release|x64
		{5616EAC1-1CB0-41A1-8E77-793A2F739D3F}.Release|x64.Build.0 = Release|x64
		{5616EAC1-1CB0-41A1-8E77-793A2F739D3F}.Release|x86.ActiveCfg = Release|Win32
		{5616EAC1-1CB0-41A1-8E77-793A2F739D3F}.Release|x86.Build.0 = Release|Win32
		{75513FC7-8A75-4635-A713-AEB17FB85C0C}.Debug|x64.ActiveCfg = Debug|x64
		{75513FC7-8A75-4635-A713-AEB17FB85C0C}.Debug|x64.Build.0 = Debug|x64
		{75513FC7-8A75-4635-A713-AEB17FB85C0C}.Debug|x86.ActiveCfg = Debug|Win32
		{75513FC7-8A75-4635-A713-AEB17FB85C0C}.Debug|x86.Build.0 = Debug|Win32
		{75513FC7-8A75-4635-A713-AEB17FB85C0C}.Release|x64.ActiveCfg = Release|x64
		{75513FC7-8A75-4635-A713-AEB17FB85C0C}.Release|x64.Build.0 = Release|x64
		{75513FC7-8A75-4635-A713-AEB17FB85C0C}.Release|x86.ActiveCfg = Release|Win32
		{75513FC7-8A75-4635-A713-AEB17FB85C0C}.Release|x86.Build.0 = Release|Win32
		{5FFF2B76-DB8B-4713-BFE3-FD3397BE90CA}.Debug|x64.ActiveCfg = Debug|x64
		{5FFF2B76-DB8B-4713-BFE3-FD3397BE90CA}.Debug|x64.Build.0 = Debug|x64
		{5FFF2B76-DB8B-4713-BFE3-FD3397BE90CA}.Debug|x86.ActiveCfg = Debug|Win32
		{5FFF2B76-DB8B-4713-BFE3-FD3397BE90CA}.Debug|x86.Build.0 = Debug|Win32
		{5FFF2B76-DB8B-4713-BFE3-FD3397BE90CA}.Release|x64.ActiveCfg = Release|x64
		{5FFF2B76-DB8B-4713-BFE3-FD3397BE90CA}.Release|x64.Build.0 = Release|x64
		{5FFF2B76-DB8B-4713-BFE3-FD3397BE90CA}.Release|x86.ActiveCfg = Release|Win32
		{5FFF2B76-DB8B-4713-BFE3-FD3397BE90CA}.Release|x86.Build.0 = Release|Win32
		{0FCEE7C1-F394-4CFE-AE43-F129E720B1BD}.Debug|x64.ActiveCfg = Debug|x64
		{0FCEE7C1-F394-4CFE-AE43-F129E720B1BD}.Debug|x64.Build.0 = Debug|x64
		{0FCEE7C1-F394-4CFE-AE43-F129E720B1BD}.Debug|x86.ActiveCfg = Debug|Win32
		{0FCEE7C1-F394-4CFE-AE43-F129E720B1BD}.Debug|x86.Build.0 = Debug|Win32
		{0FCEE7C1-F394-4CFE-AE43-F129E720B1BD}.Release|x64.ActiveCfg = Release|x64
		{0FCEE7C1-F394-4CFE-AE43-F129E720B1BD}.Release|x64.Build.0 = Release|x64
		{0FCEE7C1-F394-4CFE-AE43-F129E720B1BD}.Release|x86.ActiveCfg = Release|Win32
		{0FCEE7C1-F394-4CFE-AE43-F129E720B1BD}.Release|x86.Build.0 = Release|Win32
		{EC7C2961-EC8E-4235-8F52-37B2FD4D4E90}.Debug|x64.ActiveCfg = Debug|x64
		{EC7C2961-EC8E-4235-8F52-37B2FD4D4E90}.Debug|x64.Build.0 = Debug|x64
		{EC7C2961-EC8E-4235-8F52-37B2FD4D4E90}.Debug|x86.ActiveCfg = Debug|Win32
		{EC7C2961-EC8E-4235-8F52-37B2FD4D4E90}.Debug|x86.Build.0 = Debug|Win32
		{EC7C2961-EC8E-4235-8F52-37B2FD4D4E90}.Release|x64.ActiveCfg = Release|x64
		{EC7C2961-EC8E-4235-8F52-37B2FD4D4E90}.Release|x64.Build.0 = Release|x64
		{EC7C2961-EC8E-4235-8F52-37B2FD4D4E90}.Release|x86.ActiveCfg = Release|Win32
		{EC7C2961-EC8E-4235-8F52-37B2FD4D4E90}.Release|x86.Build.0 = Release|Win32
		{F0117F2C-9DDE-4D22-9B4F-084B81CEA49B}.Debug|x64.ActiveCfg = Debug|x64
		{F0117F2C-9DDE-4D22-9B4F-084B81CEA49B}.Debug|x64.Build.0 = Debug|x64
		{F0117F2C-9DDE-4D22-9B4F-084B81CEA49B}.Debug|x86.ActiveCfg = Debug|Win32
		{F0117F2C-9DDE-4D22-9B4F-084B81CEA49B}.Debug|x86.Build.0 = Debug|Win32
		{F0117F2C-9DDE-4D22-9B4F-084B81CEA49B}.Release|x64.ActiveCfg = Release|x64
		{F0117F2C-9DDE-4D22-9B4F-084B81CEA49B}.Release|x64.Build.0 = Release|x64
		{F0117F2C-9DDE-4D22-9B4F-084B81CEA49B}.Release|x86.ActiveCfg = Release|Win32
		{F0117F2C-9DDE-4D22-9B4F-084B81CEA49B}.Release|x86.Build.0 = Release|Win32
		{C2FA9366-6197-4187-AA2B-1FEEF7F8641B}.Debug|x64.ActiveCfg = Debug|x64
		{C2FA9366-6197-4187-AA2B-1FEEF7F8641B}.Debug|x64.Build.0 = Debug|x64
		{C2FA9366-6197-4187-AA2B-1FEEF7F8641B}.Debug|x86.ActiveCfg = Debug|Win32
		{C2FA9366-6197-4187-AA2B-1FEEF7F8641B}.Debug|x86.Build.0 = Debug|Win32
		{C2FA9366-6197-4187-AA2B-1FEEF7F8641B}.Release|x64.ActiveCfg = Release|x64
		{C2FA9366-6197-4187-AA2B-1FEEF7F8641B}.Release|x64.Build.0 = Release|x64
		{C2FA9366-6197-4187-AA2B-1FEEF7F8641B}.Release|x86.ActiveCfg = Release|Win32
		{C2FA9366-6197-4187-AA2B-1FEEF7F8641B}.Release|x86.Build.0 = Release|Win32
		{04628F92-600E-4AE8-B1D2-498A25ED4414}.Debug|x64.ActiveCfg = Debug|x64
		{04628F92-600E-4AE8-B1D2-498A25ED4414}.Debug|x64.Build.0 = Debug|x64
		{04628F92-600E-4AE8-B1D2-498A25ED4414}.Debug|x86.ActiveCfg = Debug|Win32
		{04628F92-600E-4AE8-B1D2-498A25ED4414}.Debug|x86.Build.0 = Debug|Win32
		{04628F92-600E-4AE8-B1D2-498A25ED4414}.Release|x64.ActiveCfg = Release|x64
		{04628F92-600E-4AE8-B1D2-498A25ED4414}.Release|x64.Build.0 = Release|x64
		{04628F92-600E-4AE8-B1D2-498A25ED4414}.Release|x86.ActiveCfg = Release|Win32
		{04628F92-600E-4AE8-B1D2-498A25ED4414}.Release|x86.Build.0 = Release|Win32
		{C9E7DE9E-910A-4804-9E00-C7E78E05B833}.Debug|x64.ActiveCfg = Debug|x64
		{C9E7DE9E-910A-4804-9E00-C7E78E05B833}.Debug|x64.Build.0 = Debug|x64
		{C9E7DE9E-910A-4804-9E00-C7E78E05B833}.Debug|x86.ActiveCfg = Debug|Win32
		{C9E7DE9E-910A-4804-9E00-C7E78E05B833}.Debug|x86.Build.0 = Debug|Win32
		{C9E7DE9E-910A-4804-9E00-C7E78E05B833}.Release|x64.ActiveCfg = Release|x64
		{C9E7DE9E-910A-4804-9E00-C7E78E05B833}.Release|x64.Build.0 = Release|x64
		{C9E7DE9E-910A-4804-9E00-C7E78E05B833}.Release|x86.ActiveCfg = Release|Win32
		{C9E7DE9E-910A-4804-9E00-C7E78E05B833}.Release|x86.Build.0 = Release|Win32
		{786F77E5-6EC2-4293-AFDE-8B328CC0B953}.Debug|x64.ActiveCfg = Debug|x64
		{786F77E5-6EC2-4293-AFDE-8B328CC0B953}.Debug|x64.Build.0 = Debug|x64
		{786F77E5-6EC2-4293-AFDE-8B328CC0B953}.Debug|x86.ActiveCfg = Debug|Win32
		{786F77E5-6EC2-4293-AFDE-8B328CC0B953}.Debug|x86.Build.0 = Debug|Win32
		{786F77E5-6EC2-4293-AFDE-8B328CC0B953}.Release|x64.ActiveCfg = Release|x64
		{786F77E5-6EC2-4293-AFDE-8B328CC0B953}.Release|x64.Build.0 = Release|x64
		{786F77E5-6EC2-4293-AFDE-8B328CC0B953}.Release|x86.ActiveCfg = Release|Win32
		{786F77E5-6EC2-4293-AFDE-8B328CC0B953}.Release|x86.Build.0 = Release|Win32
		{8A112BD7-23EC-4516-A1A9-A670F0DE0834}.Debug|x64.ActiveCfg = Debug|x64
		{8A112BD7-23EC-4516-A1A9-A670F0DE0834}.Debug|x64.Build.0 = Debug|x64
		{8A112BD7-23EC-4516-A1A9-A670F0DE0834}.Debug|x86.ActiveCfg = Debug|Win32
		{8A112BD7-23EC-4516-A1A9-A670F0DE0834}.Debug|x86.Build.0 = Debug|Win32
		{8A112BD7-23EC-4516-A1A9-A670F0DE0834}.Release|x64.ActiveCfg = Release|x64
		{8A112BD7-23EC-4516-A1A9-A670F0DE0834}.Release|x64.Build.0 = Release|x64
		{8A112BD7-23EC-4516-A1A9-A670F0DE0834}.Release|x86.ActiveCfg = Release|Win32
		{8A112BD7-23EC-4516-A1A9-A670F0DE0834}.Release|x86.Build.0 = Release|Win32
		{F0030BE6-BB7B-485D-AFF6-705A81383FFA}.Debug|x64.ActiveCfg = Debug|x64
		{F0030BE6-BB7B-485D-AFF6-705A81383FFA}.Debug|x64.Build.0 = Debug|x64
		{F0030BE6-BB7B-485D-AFF6-705A81383FFA}.Debug|x86.ActiveCfg = Debug|Win32
		{F0030BE6-BB7B-485D-AFF6-705A81383FFA}.Debug|x86.Build.0 = Debug|Win32
		{F0030BE6-BB7B-485D-AFF6-705A81383FFA}.Release|x64.ActiveCfg = Release|x64
		{F0030BE6-BB7B-485D-AFF6-705A81383FFA}.Release|x64.Build.0 = Release|x64
		{F0030BE6-BB7B-485D-AFF6-705A81383FFA}.Release|x86.ActiveCfg = Release|Win32
		{F0030BE6-BB7B-485D-AFF6-705A81383FFA}.Release|x86.Build.0 = Release|Win32
		{26F6938C-CB65-47A3-A81F-28AD5878A418}.Debug|x64.ActiveCfg = Debug|x64
		{26F6938C-CB65-47A3-A81F-28AD5878A418}.Debug|x64.Build.0 = Debug|x64
		{26F6938C-CB65-47A3-A81F-28AD5878A418}.Debug|x86.ActiveCfg = Debug|Win32
		{26F6938C-CB65-47A3-A81F-28AD5878A418}.Debug|x86.Build.0 = Debug|Win32
		{26F6938C-CB65-47A3-A81F-28AD5878A418}.Release|x64.ActiveCfg = Release|x64
		{26F6938C-CB65-47A3-A81F-28AD5878A418}.Release|x64.Build.0 = Release|x64
		{26F6938C-CB65-47A3-A81F-28AD5878A418}.Release|x86.ActiveCfg = Release|Win32
		{26F6938C-CB65-47A3-A81F-28AD5878A418}.Release|x86.Build.0 = Release|Win32
		{D047791D-0352-4E4B-B471-64120935A32C}.Debug|x64.ActiveCfg = Debug|x64
		{D047791D-0352-4E4B-B471-64120935A32C}.Debug|x64.Build.0 = Debug|x64
		{D047791D-0352-4E4B-B471-64120935A32C}.Debug|x86.ActiveCfg = Debug|Win32
		{D047791D-0352-4E4B-B471-64120935A32C}.Debug|x86.Build.0 = Debug|Win32
		{D047791D-0352-4E4B-B471-64120935A32C}.Release|x64.ActiveCfg = Release|x64
		{D047791D-0352-4E4B-B471-64120935A32C}.Release|x64.Build.0 = Release|x64
		{D047791D-0352-4E4B-B471-64120935A32C}.Release|x86.ActiveCfg = Release|Win32
		{D047791D-0352-4E4B-B471-64120935A32C}.Release|x86.Build.0 = Release|Win32
		{BF10E73A-DDD4-492A-8DB3-E9953AB4C2C0}.Debug|x64.ActiveCfg = Debug|x64
		{BF10E73A-DDD4-492A-8DB3-E9953AB4C2C0}.Debug|x64.Build.0 = Debug|x64
		{BF10E73A-DDD4-492A-8DB3-E9953AB4C2C0}.Debug|x86.ActiveCfg = Debug|Win32
		{BF10E73A-DDD4-492A-8DB3-E9953AB4C2C0}.Debug|x86.Build.0 = Debug|Win32
		{BF10E73A-DDD4-492A-8DB3-E9953AB4C2C0}.Release|x64.ActiveCfg = Release|x64
		{BF10E73A-DDD4-492A-8DB3-E9953AB4C2C0}.Release|x64.Build.0 = Release|x64
		{BF10E73A-DDD4-492A-8DB3-E9953AB4C2C0}.Release|x86.ActiveCfg = Release|Win32
		{BF10E73A-DDD4-492A-8DB3-E9953AB4C2C0}.Release|x86.Build.0 = Release|Win32
		{9B3AF120-E29D-4819-B8EA-4A7CB30F8F12}.Debug|x64.ActiveCfg = Debug|x64
		{9B3AF120-E29D-4819-B8EA-4A7CB30F8F12}.Debug|x64.Build.0 = Debug|x64
		{9B3AF120-E29D-4819-B8EA-4A7CB30F8F12}.Debug|x86.ActiveCfg = Debug|Win32
		{9B3AF120-E29D-4819-B8EA-4A7CB30F8F12}.Debug|x86.Build.0 = Debug|Win32
		{9B3AF120-E29D-4819-B8EA-4A7CB30F8F12}.Release|x64.ActiveCfg = Release|x64
		{9B3AF120-E29D-4819-B8EA-4A7CB30F8F12}.Release|x64.Build.0 = Release|x64
		{9B3AF120-E29D-4819-B8EA-4A7CB30F8F12}.Release|x86.ActiveCfg = Release|Win32
		{9B3AF120-E29D-4819-B8EA-4A7CB30F8F12}.Release|x86.Build.0 = Release|Win32
		{F7F67454-F07C-45BF-B28E-49D4BD23D577}.Debug|x64.ActiveCfg = Debug|x64
		{F7F67454-F07C-45BF-B28E-49D4BD23D577}.Debug|x64.Build.0 = Debug|x64
		{F7F67454-F07C-45BF-B28E-49D4BD23D577}.Debug|x86.ActiveCfg = Debug|Win32
		{F7F67454-F07C-45BF-B28E-49D4BD23D577}.Debug|x86.Build.0 = Debug|Win32
		{F7F67454-F07C-45BF-B28E-49D4BD23D577}.Release|x64.ActiveCfg = Release|x64
		{F7F67454-F07C-45BF-B28E-49D4BD23D577}.Release|x64.Build.0 = Release|x64
		{F7F67454-F07C-45BF-B28E-49D4BD23D577}.Release|x86.ActiveCfg = Release|Win32
		{F7F67454-F07C-45BF-B28E-49D4BD23D577}.Release|x86.Build.0 = Release|Win32
		{65568C2B-9D57-4F59-A5C9-ACFD4055E7F6}.Debug|x64.ActiveCfg = Debug|x64
		{65568C2B-9D57-4F59-A5C9-ACFD4055E7F6}.Debug|x64.Build.0 = Debug|x64
		{65568C2B-9D57-4F59-A5C9-ACFD4055E7F6}.Debug|x86.ActiveCfg = Debug|Win32
		{65568C2B-9D57-4F59-A5C9-ACFD4055E7F6}.Debug|x86.Build.0 = Debug|Win32
		{65568C2B-9D57-4F59-A5C9-ACFD4055E7F6}.Release|x64.ActiveCfg = Release|x64
		{65568C2B-9D57-4F59-A5C9-ACFD4055E7F6}.Release|x64.Build.0 = Release|x64
		{65568C2B-9D57-4F59-A5C9-ACFD4055E7F6}.Release|x86.ActiveCfg = Release|Win32
		{65568C2B-9D57-4F59-A5C9-ACFD4055E7F6}.Release|x86.Build.0 = Release|Win32
		{EA07862D-9B2F-45CA-830B-672E720F8F2E}.Debug|x64.ActiveCfg = Debug|x64
		{EA07862D-9B2F-45CA-830B-672E720F8F2E}.Debug|x64.Build.0 = Debug|x64
		{EA07862D-9B2F-45CA-830B-672E720F8F2E}.Debug|x86.ActiveCfg = Debug|Win32
		{EA07862D-9B2F-45CA-830B-672E720F8F2E}.Debug|x86.Build.0 = Debug|Win32
		{EA07862D-9B2F-45CA-830B-672E720F8F2E}.Release|x64.ActiveCfg = Release|x64
		{EA07862D-9B2F-45CA-830B-672E720F8F2E}.Release|x64.Build.0 = Release|x64
		{EA07862D-9B2F-45CA-830B-672E720F8F2E}.Release|x86.ActiveCfg = Release|Win32
		{EA07862D-9B2F-45CA-830B-672E720F8F2E}.Release|x86.Build.0 = Release|Win32
		{A81F1B55-5F00-426D-8AC3-0EC727B10E57}.Debug|x64.ActiveCfg = Debug|x64
		{A81F1B55-5F00-426D-8AC3-0EC727B10E57}.Debug|x64.Build.0 = Debug|x64
		{A81F1B55-5F00-426D-8AC3-0EC727B10E57}.Debug|x86.ActiveCfg = Debug|Win32
		{A81F1B55-5F00-426D-8AC3-0EC727B10E57}.Debug|x86.Build.0 = Debug|Win32
		{A81F1B55-5F00-426D-8AC3-0EC727B10E57}.Release|x64.ActiveCfg = Release|x64
		{A81F1B55-5F00-426D-8AC3-0EC727B10E57}.Release|x64.Build.0 = Release|x64
		{A81F1B55-5F00-426D-8AC3-0EC727B10E57}.Release|x86.ActiveCfg = Release|Win32
		{A81F1B55-5F00-426D-8AC3-0EC727B10E57}.Release|x86.Build.0 = Release|Win32
		{10441A06-582D-4364-9580-07E927721E0D}.Debug|x64.ActiveCfg = Debug|x64
		{10441A06-582D-4364-9580-07E927721E0D}.Debug|x64.Build.0 = Debug|x64
		{10441A06-582D-4364-9580-07E927721E0D}.Debug|x86.ActiveCfg = Debug|Win32
		{10441A06-582D-4364-9580-07E927721E0D}.Debug|x86.Build.0 = Debug|Win32
		{10441A06-582D-4364-9580-07E927721E0D}.Release|x64.ActiveCfg = Release|x64
		{10441A06-582D-4364-9580-07E927721E0D}.Release|x64.Build.0 = Release|x64
		{10441A06-582D-4364-9580-07E927721E0D}.Release|x86.ActiveCfg = Release|Win32
		{10441A06-582D-4364-9580-07E927721E0D}.Release|x86.Build.0 = Release|Win32
		{59466DC6-1D16-4F4B-9EEF-C831786A6ED7}.Debug|x64.ActiveCfg = Debug|x64
		{59466DC6-1D16-4F4B-9EEF-C831786A6ED7}.Debug|x64.Build.0 = Debug|x64
		{59466DC6-1D16-4F4B-9EEF-C831786A6ED7}.Debug|x86.ActiveCfg = Debug|Win32
		{59466DC6-1D16-4F4B-9EEF-C831786A6ED7}.Debug|x86.Build.0 = Debug|Win32
		{59466DC6-1D16-4F4B-9EEF-C831786A6ED7}.Release|x64.ActiveCfg = Release|x64
		{59466DC6-1D16-4F4B-9EEF-C831786A6ED7}.Release|x64.Build.0 = Release|x64
		{59466DC6-1D16-4F4B-9EEF-C831786A6ED7}.Release|x86.ActiveCfg = Release|Win32
		{59466DC6-1D16-4F4B-9EEF-C831786A6ED7}.Release|x86.Build.0 = Release|Win32
		{862B0D2B-B66A-4D3D-AD98-20FE8B4868EB}.Debug|x64.ActiveCfg = Debug|x64
		{862B0D2B-B66A-4D3D-AD98-20FE8B4868EB}.Debug|x64.Build.0 = Debug|x64
		{862B0D2B-B66A-4D3D-AD98-20FE8B4868EB}.Debug|x86.ActiveCfg = Debug|Win32
		{862B0D2B-B66A-4D3D-AD98-20FE8B4868EB}.Debug|x86.Build.0 = Debug|Win32
		{862B0D2B-B66A-4D3D-AD98-20FE8B4868EB}.Release|x64.ActiveCfg = Release|x64
		{862B0D2B-B66A-4D3D-AD98-20FE8B4868EB}.Release|x64.Build.0 = Release|x64
		{862B0D2B-B66A-4D3D-AD98-20FE8B4868EB}.Release|x86.ActiveCfg = Release|Win32
		{862B0D2B-B66A-4D3D-AD98-20FE8B4868EB}.Release|x86.Build.0 = Release|Win32
		{6F904C99-E03B-45DE-9246-A5D1B765B97F}.Debug|x64.ActiveCfg = Debug|x64
		{6F904C99-E03B-45DE-9246-A5D1B765B97F}.Debug|x64.Build.0 = Debug|x64
		{6F904C99-E03B-45DE-9246-A5D1B765B97F}.Debug|x86.ActiveCfg = Debug|Win32
		{6F904C99-E03B-45DE-9246-A5D1B765B97F}.Debug|x86.Build.0 = Debug|Win32
		{6F904C99-E03B-45DE-9246-A5D1B765B97F}.Release|x64.ActiveCfg = Release|x64
		{6F904C99-E03B-45DE-9246-A5D1B765B97F}.Release|x64.Build.0 = Release|x64
		{6F904C99-E03B-45DE-9246-A5D1B765B97F}.Release|x86.ActiveCfg = Release|Win32
		{6F904C99-E03B-45DE-9246-A5D1B765B97F}.Release|x86.Build.0 = Release|Win32
		{B5D84435-1A46-4788-BF90-3DB9C4452C8B}.Debug|x64.ActiveCfg = Debug|x64
		{B5D84435-1A46-4788-BF90-3DB9C4452C8B}.Debug|x64.Build.0 = Debug|x64
		{B5D84435-1A46-4788-BF90-3DB9C4452C8B}.Debug|x86.ActiveCfg = Debug|Win32
		{B5D84435-1A46-4788-BF90-3DB9C4452C8B}.Debug|x86.Build.0 = Debug|Win32
		{B5D84435-1A46-4788-BF90-3DB9C4452C8B}.Release|x64.ActiveCfg = Release|x64
		{B5D84435-1A46-4788-BF90-3DB9C4452C8B}.Release|x64.Build.0 = Release|x64
		{B5D84435-1A46-4788-BF90-3DB9C4452C8B}.Release|x86.ActiveCfg = Release|Win32
		{B5D84435-1A46-4788-BF90-3DB9C4452C8B}.Release|x86.Build.0 = Release|Win32
		{27283456-4818-44BC-BB83-337D99F4FFC3}.Debug|x64.ActiveCfg = Debug|x64
		{27283456-4818-44BC-BB83-337D99F4FFC3}.Debug|x64.Build.0 = Debug|x64
		{27283456-4818-44BC-BB83-337D99F4FFC3}.Debug|x86.ActiveCfg = Debug|Win32
		{27283456-4818-44BC-BB83-337D99F4FFC3}.Debug|x86.Build.0 = Debug|Win32
		{27283456-4818-44BC-BB83-337D99F4FFC3}.Release|x64.ActiveCfg = Release|x64
		{27283456-4818-44BC-BB83-337D99F4FFC3}.Release|x64.Build.0 = Release|x64
		{27283456-4818-44BC-BB83-337D99F4FFC3}.Release|x86.ActiveCfg = Release|Win32
		{27283456-4818-44BC-BB83-337D99F4FFC3}.Release|x86.Build.0 = Release|Win32
		{25F9F860-BC16-4319-89A0-75417B7F5338}.Debug|x64.ActiveCfg = Debug|x64
		{25F9F860-BC16-4319-89A0-75417B7F5338}.Debug|x64.Build.0 = Debug|x64
		{25F9F860-BC16-4319-89A0-75417B7F5338}.Debug|x86.ActiveCfg = Debug|Win32
		{25F9F860-BC16-4319-89A0-75417B7F5338}.Debug|x86.Build.0 = Debug|Win32
		{25F9F860-BC16-4319-89A0-75417B7F5338}.Release|x64.ActiveCfg = Release|x64
		{25F9F860-BC16-4319-89A0-75417B7F5338}.Release|x64.Build.0 = Release|x64
		{25F9F860-BC16-4319-89A0-75417B7F5338}.Release|x86.ActiveCfg = Release|Win32
		{25F9F860-BC16-4319-89A0-75417B7F5338}.Release|x86.Build.0 = Release|Win32
		{DE42DDEF-3C01-4570-8E5C-202B5C9FD5D7}.Debug|x64.ActiveCfg = Debug|x64
		{DE42DDEF-3C01-4570-8E5C-202B5C9FD5D7}.Debug|x64.Build.0 = Debug|x64
		{DE42DDEF-3C01-4570-8E5C-202B5C9FD5D7}.Debug|x86.ActiveCfg = Debug|Win32
		{DE42DDEF-3C01-4570-8E5C-202B5C9FD5D7}.Debug|x86.Build.0 = Debug|Win32
		{DE42DDEF-3C01-4570-8E5C-202B5C9FD5D7}.Release|x64.ActiveCfg = Release|x64
		{DE42DDEF-3C01-4570-8E5C-202B5C9FD5D7}.Release|x64.Build.0 = Release|x64
		{DE42DDEF-3C01-4570-8E5C-202B5C9FD5D7}.Release|x86.ActiveCfg = Release|Win32
		{DE42DDEF-3C01-4570-8E5C-202B5C9FD5D7}.Release|x86.Build.0 = Release|Win32
		{29BD0990-DAF0-420E-B632-9DA7A7A1267B}.Debug|x64.ActiveCfg = Debug|x64
		{29BD0990-DAF0-420E-B632-9DA7A7A1267B}.Debug|x64.Build.0 = Debug|x64
		{29BD0990-DAF0-420E-B632-9DA7A7A1267B}.Debug|x86.ActiveCfg = Debug|Win32
		{29BD0990-DAF0-420E-B632-9DA7A7A1267B}.Debug|x86.Build.0 = Debug|Win32
		{29BD0990-DAF0-420E-B632-9DA7A7A1267B}.Release|x64.ActiveCfg = Release|x64
		{29BD0990-DAF0-420E-B632-9DA7A7A1267B}.Release|x64.Build.0 = Release|x64
		{29BD0990-DAF0-420E-B632-9DA7A7A1267B}.Release|x86.ActiveCfg = Release|Win32
		{29BD0990-DAF0-420E-B632-9DA7A7A1267B}.Release|x86.Build.0 = Release|Win32
		{0A1D860F-2817-42DE-B1A5-E9E7CF36240A}.Debug|x64.ActiveCfg = Debug|x64
		{0A1D860F-2817-42DE-B1A5-E9E7CF36240A}.Debug|x64.Build.0 = Debug|x64
		{0A1D860F-2817-42DE-B1A5-E9E7CF36240A}.Debug|x86.ActiveCfg = Debug|Win32
		{0A1D860F-2817-42DE-B1A5-E9E7CF36240A}.Debug|x86.Build.0 = Debug|Win32
		{0A1D860F-2817-42DE-B1A5-E9E7CF36240A}.Release|x64.ActiveCfg = Release|x64
		{0A1D860F-2817-42DE-B1A5-E9E7CF36240A}.Release|x64.Build.0 = Release|x64
		{0A1D860F-2817-42DE-B1A5-E9E7CF36240A}.Release|x86.ActiveCfg = Release|Win32
		{0A1D860F-2817-42DE-B1A5-E9E7CF36240A}.Release|x86.Build.0 = Release|Win32
		{4FA8DF87-DB4A-42E7-889F-CBFAC91B05EF}.Debug|x64.ActiveCfg = Debug|x64
		{4FA8DF87-DB4A-42E7-889F-CBFAC91B05EF}.Debug|x64.Build.0 = Debug|x64
		{4FA8DF87-DB4A-42E7-889F-CBFAC91B05EF}.Debug|x86.ActiveCfg = Debug|Win32
		{4FA8DF87-DB4A-42E7-889F-CBFAC91B05EF}.Debug|x86.Build.0 = Debug|Win32
		{4FA8DF87-DB4A-42E7-889F-CBFAC91B05EF}.Release|x64.ActiveCfg = Release|x64
		{4FA8DF87-DB4A-42E7-889F-CBFAC91B05EF}.Release|x64.Build.0 = Release|x64
		{4FA8DF87-DB4A-42E7-889F-CBFAC91B05EF}.Release|x86.ActiveCfg = Release|Win32
		{4FA8DF87-DB4A-42E7-889F-CBFAC91B05EF}.Release|x86.Build.0 = Release|Win32
		{F17F2E93-2473-44A4-ABF8-D38C33410AC3}.Debug|x64.ActiveCfg = Debug|x64
		{F17F2E93-2473-44A4-ABF8-D38C33410AC3}.Debug|x64.Build.0 = Debug|x64
		{F17F2E93-2473-44A4-ABF8-D38C33410AC3}.Debug|x86.ActiveCfg = Debug|Win32
		{F17F2E93-2473-44A4-ABF8-D38C33410AC3}.Debug|x86.Build.0 = Debug|Win32
		{F17F2E93-2473-44A4-ABF8-D38C33410AC3}.Release|x64.ActiveCfg = Release|x64
		{F17F2E93-2473-44A4-ABF8-D38C33410AC3}.Release|x64.Build.0 = Release|x64
		{F17F2E93-2473-44A4-ABF8-D38C33410AC3}.Release|x86.ActiveCfg = Release|Win32
		{F17F2E93-2473-44A4-ABF8-D38C33410AC3}.Release|x86.Build.0 = Release|Win32
		{2BB71023-8BE9-4BB5-8AC5-55F36EF641F8}.Debug|x64.ActiveCfg = Debug|x64
		{2BB71023-8BE9-4BB5-8AC5-55F36EF641F8}.Debug|x64.Build.0 = Debug|x64
		{2BB71023-8BE9-4BB5-8AC5-55F36EF641F8}.Debug|x86.ActiveCfg = Debug|Win32
		{2BB71023-8BE9-4BB5-8AC5-55F36EF641F8}.Debug|x86.Build.0 = Debug|Win32
		{2BB71023-8BE9-4BB5-8AC5-55F36EF641F8}.Release|x64.ActiveCfg = Release|x64
		{2BB71023-8BE9-4BB5-8AC5-55F36EF641F8}.Release|x64.Build.0 = Release|x64
		{2BB71023-8BE9-4BB5-8AC5-55F36EF641F8}.Release|x86.ActiveCfg = Release|Win32
		{2BB71023-8BE9-4BB5-8AC5-55F36EF641F8}.Release|x86.Build.0 = Release|Win32
		{6E9469C4-D35E-48D4-885F-637BBE714E8C}.Debug|x64.ActiveCfg = Debug|x64
		{6E9469C4-D35E-48D4-885F-637BBE714E8C}.Debug|x64.Build.0 = Debug|x64
		{6E9469C4-D35E-48D4-885F-637BBE714E8C}.Debug|x86.ActiveCfg = Debug|Win32
		{6E9469C4-D35E-48D4-885F-637BBE714E8C}.Debug|x86.Build.0 = Debug|Win32
		{6E9469C4-D35E-48D4-885F-637BBE714E8C}.Release|x64.ActiveCfg = Release|x64
		{6E9469C4-D35E-48D4-885F-637BBE714E8C}.Release|x64.Build.0 = Release|x64
		{6E9469C4-D35E-48D4-885F-637BBE714E8C}.Release|x86.ActiveCfg = Release|Win32
		{6E9469C4-D35E-48D4-885F-637BBE714E8C}.Release|x86.Build.0 = Release|Win32
		{33245FEE-748B-48F9-89CB-1F748650F81A}.Debug|x64.ActiveCfg = Debug|x64
		{33245FEE-748B-48F9-89CB-1F748650F81A}.Debug|x64.Build.0 = Debug|x64
		{33245FEE-748B-48F9-89CB-1F748650F81A}.Debug|x86.ActiveCfg = Debug|Win32
		{33245FEE-748B-48F9-89CB-1F748650F81A}.Debug|x86.Build.0 = Debug|Win32
		{33245FEE-748B-48F9-89CB-1F748650F81A}.Release|x64.ActiveCfg = Release|x64
		{33245FEE-748B-48F9-89CB-1F748650F81A}.Release|x64.Build.0 = Release|x64
		{33245FEE-748B-48F9-89CB-1F748650F81A}.Release|x86.ActiveCfg = Release|Win32
		{33245FEE-748B-48F9-89CB-1F748650F81A}.Release|x86.Build.0 = Release|Win32
		{6D0A96BE-F077-432B-806A-71BDA5E61ED5}.Debug|x64.ActiveCfg = Debug|x64
		{6D0A96BE-F077-432B-806A-71BDA5E61ED5}.Debug|x64.Build.0 = Debug|x64
		{6D0A96BE-F077-432B-806A-71BDA5E61ED5}.Debug|x86.ActiveCfg = Debug|Win32
		{6D0A96BE-F077-432B-806A-71BDA5E61ED5}.Debug|x86.Build.0 = Debug|Win32
		{6D0A96BE-F077-432B-806A-71BDA5E61ED5}.Release|x64.ActiveCfg = Release|x64
		{6D0A96BE-F077-432B-806A-71BDA5E61ED5}.Release|x64.Build.0 = Release|x64
		{6D0A96BE-F077-432B-806A-71BDA5E61ED5}.Release|x86.ActiveCfg = Release|Win32
		{6D0A96BE-F077-432B-806A-71BDA5E61ED5}.Release|x86.Build.0 = Release|Win32
		{F2AE39F4-A5C4-4880-AFAC-3AE1227790A8}.Debug|x64.ActiveCfg = Debug|x64
		{F2AE39F4-A5C4-4880-AFAC-3AE1227790A8}.Debug|x64.Build.0 = Debug|x64
		{F2AE39F4-A5C4-4880-AFAC-3AE1227790A8}.Debug|x86.ActiveCfg = Debug|Win32
		{F2AE39F4-A5C4-4880-AFAC-3AE1227790A8}.Debug|x86.Build.0 = Debug|Win32
		{F2AE39F4-A5C4-4880-AFAC-3AE1227790A8}.Release|x64.ActiveCfg = Release|x64
		{F2AE39F4-A5C4-4880-AFAC-3AE1227790A8}.Release|x64.Build.0 = Release|x64
		{F2AE39F4-A5C4-4880-AFAC-3AE1227790A8}.Release|x86.ActiveCfg = Release|Win32
		{F2AE39F4-A5C4-4880-AFAC-3AE1227790A8}.Release|x86.Build.0 = Release|Win32
		{B686A47A-9D5D-477A-B8C5-460747217BF1}.Debug|x64.ActiveCfg = Debug|x64
		{B686A47A-9D5D-477A-B8C5-460747217BF1}.Debug|x64.Build.0 = Debug|x64
		{B686A47A-9D5D-477A-B8C5-460747217BF1}.Debug|x86.ActiveCfg = Debug|Win32
		{B686A47A-9D5D-477A-B8C5-460747217BF1}.Debug|x86.Build.0 = Debug|Win32
		{B686A47A-9D5D-477A-B8C5-460747217BF1}.Release|x64.ActiveCfg = Release|x64
		{B686A47A-9D5D-477A-B8C5-460747217BF1}.Release|x64.Build.0 = Release|x64
		{B686A47A-9D5D-477A-B8C5-460747217BF1}.Release|x86.ActiveCfg = Release|Win32
		{B686A47A-9D5D-477A-B8C5-460747217BF1}.Release|x86.Build.0 = Release|Win32
		{4DD998EB-4784-4C14-A725-87ED2B876B9A}.Debug|x64.ActiveCfg = Debug|x64
		{4DD998EB-4784-4C14-A725-87ED2B876B9A}.Debug|x64.Build.0 = Debug|x64
		{4DD998EB-4784-4C14-A725-87ED2B876B9A}.Debug|x86.ActiveCfg = Debug|Win32
		{4DD998EB-4784-4C14-A725-87ED2B876B9A}.Debug|x86.Build.0 = Debug|Win32
		{4DD998EB-4784-4C14-A725-87ED2B876B9A}.Release|x64.ActiveCfg = Release|x64
		{4DD998EB-4784-4C14-A725-87ED2B876B9A}.Release|x64.Build.0 = Release|x64
		{4DD998EB-4784-4C14-A725-87ED2B876B9A}.Release|x86.ActiveCfg = Release|Win32
		{4DD998EB-4784-4C14-A725-87ED2B876B9A}.Release|x86.Build.0 = Release|Win32
		{54BE71DA-B16A-4837-BF6B-05E38C370476}.Debug|x64.ActiveCfg = Debug|x64
		{54BE71DA-B16A-4837-BF6B-05E38C370476}.Debug|x64.Build.0 = Debug|x64
		{54BE71DA-B16A-4837-BF6B-05E38C370476}.Debug|x86.ActiveCfg = Debug|Win32
		{54BE71DA-B16A-4837-BF6B-05E38C370476}.Debug|x86.Build.0 = Debug|Win32
		{54BE71DA-B16A-4837-BF6B-05E38C370476}.Release|x64.ActiveCfg = Release|x64
		{54BE71DA-B16A-4837-BF6B-05E38C370476}.Release|x64.Build.0 = Release|x64
		{54BE71DA-B16A-4837-BF6B-05E38C370476}.Release|x86.ActiveCfg = Release|Win32
		{54BE71DA-B16A-4837-BF6B-05E38C370476}.Release|x86.Build.0 = Release|Win32
		{DA09CC00-13C1-4C7D-B1BB-260DACAC5D64}.Debug|x64.ActiveCfg = Debug|x64
		{DA09CC00-13C1-4C7D-B1BB-260DACAC5D64}.Debug|x64.Build.0 = Debug|x64
		{DA09CC00-13C1-4C7D-B1BB-260DACAC5D64}.Debug|x86.ActiveCfg = Debug|Win32
		{DA09CC00-13C1-4C7D-B1BB-260DACAC5D64}.Debug|x86.Build.0 = Debug|Win32
		{DA09CC00-13C1-4C7D-B1BB-260DACAC5D64}.Release|x64.ActiveCfg = Release|x64
		{DA09CC00-13C1-4C7D-B1BB-260DACAC5D64}.Release|x64.Build.0 = Release|x64
		{DA09CC00-13C1-4C7D-B1BB-260DACAC5D64}.Release|x86.ActiveCfg = Release|Win32
		{DA09CC00-13C1-4C7D-B1BB-260DACAC5D64}.Release|x86.Build.0 = Release|Win32
	EndGlobalSection
	GlobalSection(SolutionProperties) = preSolution
		HideSolutionNode = FALSE
	EndGlobalSection
EndGlobal
