
Microsoft Visual Studio Solution File, Format Version 12.00
# Visual Studio 14
VisualStudioVersion = 14.0.24720.0
MinimumVisualStudioVersion = 10.0.40219.1
Project("{8BC9CEB8-8B4A-11D0-8D11-00A0C91BC942}") = "1002_Turret", "1002_Turret\1002_Turret.vcxproj", "{8E1DAFE9-2F48-41DD-9DF3-423593C9A3E5}"
EndProject
Project("{8BC9CEB8-8B4A-11D0-8D11-00A0C91BC942}") = "1092_Crain", "1092_Crain\1092_Crain.vcxproj", "{C67E5D4C-36CD-4BB8-9DE5-EF491EBE2844}"
EndProject
Project("{8BC9CEB8-8B4A-11D0-8D11-00A0C91BC942}") = "1743_Trash", "1743_Trash\1743_Trash.vcxproj", "{AF5740B6-B9B0-4661-97B1-8E9DCFB79A5A}"
EndProject
Project("{8BC9CEB8-8B4A-11D0-8D11-00A0C91BC942}") = "3088_FlowerPot", "3088_FlowerPot\3088_FlowerPot.vcxproj", "{149CC282-19B4-421A-85D6-C1CCD74BDB6A}"
EndProject
Project("{8BC9CEB8-8B4A-11D0-8D11-00A0C91BC942}") = "2140_Mine", "2140_Mine\2140_Mine.vcxproj", "{D3EBEBD0-2A7B-4A27-A319-5BB423C31F60}"
EndProject
Project("{8BC9CEB8-8B4A-11D0-8D11-00A0C91BC942}") = "10828_Stack", "10828_Stack\10828_Stack.vcxproj", "{B4064173-535E-479E-9897-26AB3F8051B0}"
EndProject
Project("{8BC9CEB8-8B4A-11D0-8D11-00A0C91BC942}") = "1874_SeriesStack", "1874_SeriesStack\1874_SeriesStack.vcxproj", "{277D8119-1B90-4F72-8885-B5FEDE92ED4A}"
EndProject
Project("{8BC9CEB8-8B4A-11D0-8D11-00A0C91BC942}") = "9012_Parenthesis", "9012_Parenthesis\9012_Parenthesis.vcxproj", "{C33F7295-7531-45B1-AC17-C944A785AA66}"
EndProject
Project("{8BC9CEB8-8B4A-11D0-8D11-00A0C91BC942}") = "12789_Okydoky", "12789_Okydoky\12789_Okydoky.vcxproj", "{D6866D38-B59C-491C-9033-E21CFD238532}"
EndProject
Project("{8BC9CEB8-8B4A-11D0-8D11-00A0C91BC942}") = "2504_ParenValue", "2504_ParenValue\2504_ParenValue.vcxproj", "{3C0E487E-5DB1-45DA-A4C9-499BEE8C8E75}"
EndProject
Project("{8BC9CEB8-8B4A-11D0-8D11-00A0C91BC942}") = "10845_Queue", "10845_Queue\10845_Queue.vcxproj", "{D7B36532-8EFB-42D3-B13E-5764190E1D78}"
EndProject
Project("{8BC9CEB8-8B4A-11D0-8D11-00A0C91BC942}") = "1260_QueueGraph", "1260_QueueGraph\1260_QueueGraph.vcxproj", "{D41C025B-4F95-46CA-BF7B-3C83CF49C673}"
EndProject
Project("{8BC9CEB8-8B4A-11D0-8D11-00A0C91BC942}") = "1966_PrinterQueue", "1966_PrinterQueue\1966_PrinterQueue.vcxproj", "{57007273-687C-4398-9281-535C2E1E2AD8}"
EndProject
Project("{8BC9CEB8-8B4A-11D0-8D11-00A0C91BC942}") = "1158_CircleQueue", "1158_CircleQueue\1158_CircleQueue.vcxproj", "{426FE2F0-ECE7-4CBB-B1B4-04AB9BD59B10}"
EndProject
Project("{8BC9CEB8-8B4A-11D0-8D11-00A0C91BC942}") = "11866_CircleQueue0", "11866_CircleQueue0\11866_CircleQueue0.vcxproj", "{647796B1-8CDF-4DA7-BA89-022901F9C0F6}"
EndProject
Project("{8BC9CEB8-8B4A-11D0-8D11-00A0C91BC942}") = "2747_Fibo", "2747_Fibo\2747_Fibo.vcxproj", "{15832E27-F569-4D07-AF9C-C8C961D70F44}"
EndProject
Project("{8BC9CEB8-8B4A-11D0-8D11-00A0C91BC942}") = "1022_Vortex", "1022_Vortex\1022_Vortex.vcxproj", "{024C1376-C105-4604-B41A-C7E7D69015BD}"
EndProject
Project("{8BC9CEB8-8B4A-11D0-8D11-00A0C91BC942}") = "3053_TexiGeometry", "3053_TexiGeometry\3053_TexiGeometry.vcxproj", "{80510377-8762-451C-8FF8-DFA261F6EB2C}"
EndProject
Project("{8BC9CEB8-8B4A-11D0-8D11-00A0C91BC942}") = "1149_RGBdistance", "1149_RGBdistance\1149_RGBdistance.vcxproj", "{6A866D94-7134-4F8A-BA6D-EE209726C692}"
EndProject
Project("{8BC9CEB8-8B4A-11D0-8D11-00A0C91BC942}") = "2309_7Dwarf", "2309_7Dwarf\2309_7Dwarf.vcxproj", "{E63301BC-F3B0-43D2-9661-43560A971ED4}"
EndProject
Project("{8BC9CEB8-8B4A-11D0-8D11-00A0C91BC942}") = "1850_GCD", "1850_GCD\1850_GCD.vcxproj", "{FC1A1F27-51A3-403D-99EA-BDF51F8B13EA}"
EndProject
Project("{8BC9CEB8-8B4A-11D0-8D11-00A0C91BC942}") = "1057_Tournament", "1057_Tournament\1057_Tournament.vcxproj", "{47223CE4-6E75-4C9A-AF50-3823C4EC4C0F}"
EndProject
Project("{8BC9CEB8-8B4A-11D0-8D11-00A0C91BC942}") = "TestCoding", "TestCoding\TestCoding.vcxproj", "{1848B518-674A-46AF-BDD8-902AA99ADA9D}"
EndProject
Project("{8BC9CEB8-8B4A-11D0-8D11-00A0C91BC942}") = "1463_Make1", "1463_Make1\1463_Make1.vcxproj", "{F9419A37-57CD-4ABF-9EFD-B8C937CAD0A6}"
EndProject
Project("{8BC9CEB8-8B4A-11D0-8D11-00A0C91BC942}") = "11726_2Xn", "11726_2Xn\11726_2Xn.vcxproj", "{C454E5AA-66DF-4561-BAEF-C607602147A0}"
EndProject
Project("{8BC9CEB8-8B4A-11D0-8D11-00A0C91BC942}") = "9095_Plus", "9095_Plus\9095_Plus.vcxproj", "{53A742E8-3D7C-49DE-852D-6EE39F08060D}"
EndProject
Project("{8BC9CEB8-8B4A-11D0-8D11-00A0C91BC942}") = "11057_Ascent", "11057_Ascent\11057_Ascent.vcxproj", "{01387E93-678B-4E3E-A903-E228CE8B02D0}"
EndProject
Project("{8BC9CEB8-8B4A-11D0-8D11-00A0C91BC942}") = "1374_LectureRoom", "1374_LectureRoom\1374_LectureRoom.vcxproj", "{88F03C8D-975E-479C-8C2E-92F4C235FABD}"
EndProject
Project("{8BC9CEB8-8B4A-11D0-8D11-00A0C91BC942}") = "10799_Iron", "10799_Iron\10799_Iron.vcxproj", "{6FA354A2-599D-44C0-B5CC-3B1CF0ECF127}"
EndProject
Project("{8BC9CEB8-8B4A-11D0-8D11-00A0C91BC942}") = "13301_Tile", "13301_Tile\13301_Tile.vcxproj", "{25251662-EA20-401F-851D-3606553A09BB}"
EndProject
Project("{8BC9CEB8-8B4A-11D0-8D11-00A0C91BC942}") = "1977_PerfectSquare", "1977_PerfectSquare\1977_PerfectSquare.vcxproj", "{EC69E55E-4333-47C4-AF28-7EA846EDD738}"
EndProject
Project("{8BC9CEB8-8B4A-11D0-8D11-00A0C91BC942}") = "1992_Quird", "1992_Quird\1992_Quird.vcxproj", "{3EF45F10-B06D-470A-AA06-C112B33365AE}"
EndProject
Project("{8BC9CEB8-8B4A-11D0-8D11-00A0C91BC942}") = "1074_Z", "1074_Z\1074_Z.vcxproj", "{8D50B4C4-E09D-4949-AD2B-64AE7DCE6BE2}"
EndProject
Project("{8BC9CEB8-8B4A-11D0-8D11-00A0C91BC942}") = "SM_3_1", "SM_3_1\SM_3_1.vcxproj", "{28EF2FD2-6F6B-4534-90BB-A400528D1433}"
EndProject
Global
	GlobalSection(SolutionConfigurationPlatforms) = preSolution
		Debug|x64 = Debug|x64
		Debug|x86 = Debug|x86
		Release|x64 = Release|x64
		Release|x86 = Release|x86
	EndGlobalSection
	GlobalSection(ProjectConfigurationPlatforms) = postSolution
		{8E1DAFE9-2F48-41DD-9DF3-423593C9A3E5}.Debug|x64.ActiveCfg = Debug|x64
		{8E1DAFE9-2F48-41DD-9DF3-423593C9A3E5}.Debug|x64.Build.0 = Debug|x64
		{8E1DAFE9-2F48-41DD-9DF3-423593C9A3E5}.Debug|x86.ActiveCfg = Debug|Win32
		{8E1DAFE9-2F48-41DD-9DF3-423593C9A3E5}.Debug|x86.Build.0 = Debug|Win32
		{8E1DAFE9-2F48-41DD-9DF3-423593C9A3E5}.Release|x64.ActiveCfg = Release|x64
		{8E1DAFE9-2F48-41DD-9DF3-423593C9A3E5}.Release|x64.Build.0 = Release|x64
		{8E1DAFE9-2F48-41DD-9DF3-423593C9A3E5}.Release|x86.ActiveCfg = Release|Win32
		{8E1DAFE9-2F48-41DD-9DF3-423593C9A3E5}.Release|x86.Build.0 = Release|Win32
		{C67E5D4C-36CD-4BB8-9DE5-EF491EBE2844}.Debug|x64.ActiveCfg = Debug|x64
		{C67E5D4C-36CD-4BB8-9DE5-EF491EBE2844}.Debug|x64.Build.0 = Debug|x64
		{C67E5D4C-36CD-4BB8-9DE5-EF491EBE2844}.Debug|x86.ActiveCfg = Debug|Win32
		{C67E5D4C-36CD-4BB8-9DE5-EF491EBE2844}.Debug|x86.Build.0 = Debug|Win32
		{C67E5D4C-36CD-4BB8-9DE5-EF491EBE2844}.Release|x64.ActiveCfg = Release|x64
		{C67E5D4C-36CD-4BB8-9DE5-EF491EBE2844}.Release|x64.Build.0 = Release|x64
		{C67E5D4C-36CD-4BB8-9DE5-EF491EBE2844}.Release|x86.ActiveCfg = Release|Win32
		{C67E5D4C-36CD-4BB8-9DE5-EF491EBE2844}.Release|x86.Build.0 = Release|Win32
		{AF5740B6-B9B0-4661-97B1-8E9DCFB79A5A}.Debug|x64.ActiveCfg = Debug|x64
		{AF5740B6-B9B0-4661-97B1-8E9DCFB79A5A}.Debug|x64.Build.0 = Debug|x64
		{AF5740B6-B9B0-4661-97B1-8E9DCFB79A5A}.Debug|x86.ActiveCfg = Debug|Win32
		{AF5740B6-B9B0-4661-97B1-8E9DCFB79A5A}.Debug|x86.Build.0 = Debug|Win32
		{AF5740B6-B9B0-4661-97B1-8E9DCFB79A5A}.Release|x64.ActiveCfg = Release|x64
		{AF5740B6-B9B0-4661-97B1-8E9DCFB79A5A}.Release|x64.Build.0 = Release|x64
		{AF5740B6-B9B0-4661-97B1-8E9DCFB79A5A}.Release|x86.ActiveCfg = Release|Win32
		{AF5740B6-B9B0-4661-97B1-8E9DCFB79A5A}.Release|x86.Build.0 = Release|Win32
		{149CC282-19B4-421A-85D6-C1CCD74BDB6A}.Debug|x64.ActiveCfg = Debug|x64
		{149CC282-19B4-421A-85D6-C1CCD74BDB6A}.Debug|x64.Build.0 = Debug|x64
		{149CC282-19B4-421A-85D6-C1CCD74BDB6A}.Debug|x86.ActiveCfg = Debug|Win32
		{149CC282-19B4-421A-85D6-C1CCD74BDB6A}.Debug|x86.Build.0 = Debug|Win32
		{149CC282-19B4-421A-85D6-C1CCD74BDB6A}.Release|x64.ActiveCfg = Release|x64
		{149CC282-19B4-421A-85D6-C1CCD74BDB6A}.Release|x64.Build.0 = Release|x64
		{149CC282-19B4-421A-85D6-C1CCD74BDB6A}.Release|x86.ActiveCfg = Release|Win32
		{149CC282-19B4-421A-85D6-C1CCD74BDB6A}.Release|x86.Build.0 = Release|Win32
		{D3EBEBD0-2A7B-4A27-A319-5BB423C31F60}.Debug|x64.ActiveCfg = Debug|x64
		{D3EBEBD0-2A7B-4A27-A319-5BB423C31F60}.Debug|x64.Build.0 = Debug|x64
		{D3EBEBD0-2A7B-4A27-A319-5BB423C31F60}.Debug|x86.ActiveCfg = Debug|Win32
		{D3EBEBD0-2A7B-4A27-A319-5BB423C31F60}.Debug|x86.Build.0 = Debug|Win32
		{D3EBEBD0-2A7B-4A27-A319-5BB423C31F60}.Release|x64.ActiveCfg = Release|x64
		{D3EBEBD0-2A7B-4A27-A319-5BB423C31F60}.Release|x64.Build.0 = Release|x64
		{D3EBEBD0-2A7B-4A27-A319-5BB423C31F60}.Release|x86.ActiveCfg = Release|Win32
		{D3EBEBD0-2A7B-4A27-A319-5BB423C31F60}.Release|x86.Build.0 = Release|Win32
		{B4064173-535E-479E-9897-26AB3F8051B0}.Debug|x64.ActiveCfg = Debug|x64
		{B4064173-535E-479E-9897-26AB3F8051B0}.Debug|x64.Build.0 = Debug|x64
		{B4064173-535E-479E-9897-26AB3F8051B0}.Debug|x86.ActiveCfg = Debug|Win32
		{B4064173-535E-479E-9897-26AB3F8051B0}.Debug|x86.Build.0 = Debug|Win32
		{B4064173-535E-479E-9897-26AB3F8051B0}.Release|x64.ActiveCfg = Release|x64
		{B4064173-535E-479E-9897-26AB3F8051B0}.Release|x64.Build.0 = Release|x64
		{B4064173-535E-479E-9897-26AB3F8051B0}.Release|x86.ActiveCfg = Release|Win32
		{B4064173-535E-479E-9897-26AB3F8051B0}.Release|x86.Build.0 = Release|Win32
		{277D8119-1B90-4F72-8885-B5FEDE92ED4A}.Debug|x64.ActiveCfg = Debug|x64
		{277D8119-1B90-4F72-8885-B5FEDE92ED4A}.Debug|x64.Build.0 = Debug|x64
		{277D8119-1B90-4F72-8885-B5FEDE92ED4A}.Debug|x86.ActiveCfg = Debug|Win32
		{277D8119-1B90-4F72-8885-B5FEDE92ED4A}.Debug|x86.Build.0 = Debug|Win32
		{277D8119-1B90-4F72-8885-B5FEDE92ED4A}.Release|x64.ActiveCfg = Release|x64
		{277D8119-1B90-4F72-8885-B5FEDE92ED4A}.Release|x64.Build.0 = Release|x64
		{277D8119-1B90-4F72-8885-B5FEDE92ED4A}.Release|x86.ActiveCfg = Release|Win32
		{277D8119-1B90-4F72-8885-B5FEDE92ED4A}.Release|x86.Build.0 = Release|Win32
		{C33F7295-7531-45B1-AC17-C944A785AA66}.Debug|x64.ActiveCfg = Debug|x64
		{C33F7295-7531-45B1-AC17-C944A785AA66}.Debug|x64.Build.0 = Debug|x64
		{C33F7295-7531-45B1-AC17-C944A785AA66}.Debug|x86.ActiveCfg = Debug|Win32
		{C33F7295-7531-45B1-AC17-C944A785AA66}.Debug|x86.Build.0 = Debug|Win32
		{C33F7295-7531-45B1-AC17-C944A785AA66}.Release|x64.ActiveCfg = Release|x64
		{C33F7295-7531-45B1-AC17-C944A785AA66}.Release|x64.Build.0 = Release|x64
		{C33F7295-7531-45B1-AC17-C944A785AA66}.Release|x86.ActiveCfg = Release|Win32
		{C33F7295-7531-45B1-AC17-C944A785AA66}.Release|x86.Build.0 = Release|Win32
		{D6866D38-B59C-491C-9033-E21CFD238532}.Debug|x64.ActiveCfg = Debug|x64
		{D6866D38-B59C-491C-9033-E21CFD238532}.Debug|x64.Build.0 = Debug|x64
		{D6866D38-B59C-491C-9033-E21CFD238532}.Debug|x86.ActiveCfg = Debug|Win32
		{D6866D38-B59C-491C-9033-E21CFD238532}.Debug|x86.Build.0 = Debug|Win32
		{D6866D38-B59C-491C-9033-E21CFD238532}.Release|x64.ActiveCfg = Release|x64
		{D6866D38-B59C-491C-9033-E21CFD238532}.Release|x64.Build.0 = Release|x64
		{D6866D38-B59C-491C-9033-E21CFD238532}.Release|x86.ActiveCfg = Release|Win32
		{D6866D38-B59C-491C-9033-E21CFD238532}.Release|x86.Build.0 = Release|Win32
		{3C0E487E-5DB1-45DA-A4C9-499BEE8C8E75}.Debug|x64.ActiveCfg = Debug|x64
		{3C0E487E-5DB1-45DA-A4C9-499BEE8C8E75}.Debug|x64.Build.0 = Debug|x64
		{3C0E487E-5DB1-45DA-A4C9-499BEE8C8E75}.Debug|x86.ActiveCfg = Debug|Win32
		{3C0E487E-5DB1-45DA-A4C9-499BEE8C8E75}.Debug|x86.Build.0 = Debug|Win32
		{3C0E487E-5DB1-45DA-A4C9-499BEE8C8E75}.Release|x64.ActiveCfg = Release|x64
		{3C0E487E-5DB1-45DA-A4C9-499BEE8C8E75}.Release|x64.Build.0 = Release|x64
		{3C0E487E-5DB1-45DA-A4C9-499BEE8C8E75}.Release|x86.ActiveCfg = Release|Win32
		{3C0E487E-5DB1-45DA-A4C9-499BEE8C8E75}.Release|x86.Build.0 = Release|Win32
		{D7B36532-8EFB-42D3-B13E-5764190E1D78}.Debug|x64.ActiveCfg = Debug|x64
		{D7B36532-8EFB-42D3-B13E-5764190E1D78}.Debug|x64.Build.0 = Debug|x64
		{D7B36532-8EFB-42D3-B13E-5764190E1D78}.Debug|x86.ActiveCfg = Debug|Win32
		{D7B36532-8EFB-42D3-B13E-5764190E1D78}.Debug|x86.Build.0 = Debug|Win32
		{D7B36532-8EFB-42D3-B13E-5764190E1D78}.Release|x64.ActiveCfg = Release|x64
		{D7B36532-8EFB-42D3-B13E-5764190E1D78}.Release|x64.Build.0 = Release|x64
		{D7B36532-8EFB-42D3-B13E-5764190E1D78}.Release|x86.ActiveCfg = Release|Win32
		{D7B36532-8EFB-42D3-B13E-5764190E1D78}.Release|x86.Build.0 = Release|Win32
		{D41C025B-4F95-46CA-BF7B-3C83CF49C673}.Debug|x64.ActiveCfg = Debug|x64
		{D41C025B-4F95-46CA-BF7B-3C83CF49C673}.Debug|x64.Build.0 = Debug|x64
		{D41C025B-4F95-46CA-BF7B-3C83CF49C673}.Debug|x86.ActiveCfg = Debug|Win32
		{D41C025B-4F95-46CA-BF7B-3C83CF49C673}.Debug|x86.Build.0 = Debug|Win32
		{D41C025B-4F95-46CA-BF7B-3C83CF49C673}.Release|x64.ActiveCfg = Release|x64
		{D41C025B-4F95-46CA-BF7B-3C83CF49C673}.Release|x64.Build.0 = Release|x64
		{D41C025B-4F95-46CA-BF7B-3C83CF49C673}.Release|x86.ActiveCfg = Release|Win32
		{D41C025B-4F95-46CA-BF7B-3C83CF49C673}.Release|x86.Build.0 = Release|Win32
		{57007273-687C-4398-9281-535C2E1E2AD8}.Debug|x64.ActiveCfg = Debug|x64
		{57007273-687C-4398-9281-535C2E1E2AD8}.Debug|x64.Build.0 = Debug|x64
		{57007273-687C-4398-9281-535C2E1E2AD8}.Debug|x86.ActiveCfg = Debug|Win32
		{57007273-687C-4398-9281-535C2E1E2AD8}.Debug|x86.Build.0 = Debug|Win32
		{57007273-687C-4398-9281-535C2E1E2AD8}.Release|x64.ActiveCfg = Release|x64
		{57007273-687C-4398-9281-535C2E1E2AD8}.Release|x64.Build.0 = Release|x64
		{57007273-687C-4398-9281-535C2E1E2AD8}.Release|x86.ActiveCfg = Release|Win32
		{57007273-687C-4398-9281-535C2E1E2AD8}.Release|x86.Build.0 = Release|Win32
		{426FE2F0-ECE7-4CBB-B1B4-04AB9BD59B10}.Debug|x64.ActiveCfg = Debug|x64
		{426FE2F0-ECE7-4CBB-B1B4-04AB9BD59B10}.Debug|x64.Build.0 = Debug|x64
		{426FE2F0-ECE7-4CBB-B1B4-04AB9BD59B10}.Debug|x86.ActiveCfg = Debug|Win32
		{426FE2F0-ECE7-4CBB-B1B4-04AB9BD59B10}.Debug|x86.Build.0 = Debug|Win32
		{426FE2F0-ECE7-4CBB-B1B4-04AB9BD59B10}.Release|x64.ActiveCfg = Release|x64
		{426FE2F0-ECE7-4CBB-B1B4-04AB9BD59B10}.Release|x64.Build.0 = Release|x64
		{426FE2F0-ECE7-4CBB-B1B4-04AB9BD59B10}.Release|x86.ActiveCfg = Release|Win32
		{426FE2F0-ECE7-4CBB-B1B4-04AB9BD59B10}.Release|x86.Build.0 = Release|Win32
		{647796B1-8CDF-4DA7-BA89-022901F9C0F6}.Debug|x64.ActiveCfg = Debug|x64
		{647796B1-8CDF-4DA7-BA89-022901F9C0F6}.Debug|x64.Build.0 = Debug|x64
		{647796B1-8CDF-4DA7-BA89-022901F9C0F6}.Debug|x86.ActiveCfg = Debug|Win32
		{647796B1-8CDF-4DA7-BA89-022901F9C0F6}.Debug|x86.Build.0 = Debug|Win32
		{647796B1-8CDF-4DA7-BA89-022901F9C0F6}.Release|x64.ActiveCfg = Release|x64
		{647796B1-8CDF-4DA7-BA89-022901F9C0F6}.Release|x64.Build.0 = Release|x64
		{647796B1-8CDF-4DA7-BA89-022901F9C0F6}.Release|x86.ActiveCfg = Release|Win32
		{647796B1-8CDF-4DA7-BA89-022901F9C0F6}.Release|x86.Build.0 = Release|Win32
		{15832E27-F569-4D07-AF9C-C8C961D70F44}.Debug|x64.ActiveCfg = Debug|x64
		{15832E27-F569-4D07-AF9C-C8C961D70F44}.Debug|x64.Build.0 = Debug|x64
		{15832E27-F569-4D07-AF9C-C8C961D70F44}.Debug|x86.ActiveCfg = Debug|Win32
		{15832E27-F569-4D07-AF9C-C8C961D70F44}.Debug|x86.Build.0 = Debug|Win32
		{15832E27-F569-4D07-AF9C-C8C961D70F44}.Release|x64.ActiveCfg = Release|x64
		{15832E27-F569-4D07-AF9C-C8C961D70F44}.Release|x64.Build.0 = Release|x64
		{15832E27-F569-4D07-AF9C-C8C961D70F44}.Release|x86.ActiveCfg = Release|Win32
		{15832E27-F569-4D07-AF9C-C8C961D70F44}.Release|x86.Build.0 = Release|Win32
		{024C1376-C105-4604-B41A-C7E7D69015BD}.Debug|x64.ActiveCfg = Debug|x64
		{024C1376-C105-4604-B41A-C7E7D69015BD}.Debug|x64.Build.0 = Debug|x64
		{024C1376-C105-4604-B41A-C7E7D69015BD}.Debug|x86.ActiveCfg = Debug|Win32
		{024C1376-C105-4604-B41A-C7E7D69015BD}.Debug|x86.Build.0 = Debug|Win32
		{024C1376-C105-4604-B41A-C7E7D69015BD}.Release|x64.ActiveCfg = Release|x64
		{024C1376-C105-4604-B41A-C7E7D69015BD}.Release|x64.Build.0 = Release|x64
		{024C1376-C105-4604-B41A-C7E7D69015BD}.Release|x86.ActiveCfg = Release|Win32
		{024C1376-C105-4604-B41A-C7E7D69015BD}.Release|x86.Build.0 = Release|Win32
		{80510377-8762-451C-8FF8-DFA261F6EB2C}.Debug|x64.ActiveCfg = Debug|x64
		{80510377-8762-451C-8FF8-DFA261F6EB2C}.Debug|x64.Build.0 = Debug|x64
		{80510377-8762-451C-8FF8-DFA261F6EB2C}.Debug|x86.ActiveCfg = Debug|Win32
		{80510377-8762-451C-8FF8-DFA261F6EB2C}.Debug|x86.Build.0 = Debug|Win32
		{80510377-8762-451C-8FF8-DFA261F6EB2C}.Release|x64.ActiveCfg = Release|x64
		{80510377-8762-451C-8FF8-DFA261F6EB2C}.Release|x64.Build.0 = Release|x64
		{80510377-8762-451C-8FF8-DFA261F6EB2C}.Release|x86.ActiveCfg = Release|Win32
		{80510377-8762-451C-8FF8-DFA261F6EB2C}.Release|x86.Build.0 = Release|Win32
		{6A866D94-7134-4F8A-BA6D-EE209726C692}.Debug|x64.ActiveCfg = Debug|x64
		{6A866D94-7134-4F8A-BA6D-EE209726C692}.Debug|x64.Build.0 = Debug|x64
		{6A866D94-7134-4F8A-BA6D-EE209726C692}.Debug|x86.ActiveCfg = Debug|Win32
		{6A866D94-7134-4F8A-BA6D-EE209726C692}.Debug|x86.Build.0 = Debug|Win32
		{6A866D94-7134-4F8A-BA6D-EE209726C692}.Release|x64.ActiveCfg = Release|x64
		{6A866D94-7134-4F8A-BA6D-EE209726C692}.Release|x64.Build.0 = Release|x64
		{6A866D94-7134-4F8A-BA6D-EE209726C692}.Release|x86.ActiveCfg = Release|Win32
		{6A866D94-7134-4F8A-BA6D-EE209726C692}.Release|x86.Build.0 = Release|Win32
		{E63301BC-F3B0-43D2-9661-43560A971ED4}.Debug|x64.ActiveCfg = Debug|x64
		{E63301BC-F3B0-43D2-9661-43560A971ED4}.Debug|x64.Build.0 = Debug|x64
		{E63301BC-F3B0-43D2-9661-43560A971ED4}.Debug|x86.ActiveCfg = Debug|Win32
		{E63301BC-F3B0-43D2-9661-43560A971ED4}.Debug|x86.Build.0 = Debug|Win32
		{E63301BC-F3B0-43D2-9661-43560A971ED4}.Release|x64.ActiveCfg = Release|x64
		{E63301BC-F3B0-43D2-9661-43560A971ED4}.Release|x64.Build.0 = Release|x64
		{E63301BC-F3B0-43D2-9661-43560A971ED4}.Release|x86.ActiveCfg = Release|Win32
		{E63301BC-F3B0-43D2-9661-43560A971ED4}.Release|x86.Build.0 = Release|Win32
		{FC1A1F27-51A3-403D-99EA-BDF51F8B13EA}.Debug|x64.ActiveCfg = Debug|x64
		{FC1A1F27-51A3-403D-99EA-BDF51F8B13EA}.Debug|x64.Build.0 = Debug|x64
		{FC1A1F27-51A3-403D-99EA-BDF51F8B13EA}.Debug|x86.ActiveCfg = Debug|Win32
		{FC1A1F27-51A3-403D-99EA-BDF51F8B13EA}.Debug|x86.Build.0 = Debug|Win32
		{FC1A1F27-51A3-403D-99EA-BDF51F8B13EA}.Release|x64.ActiveCfg = Release|x64
		{FC1A1F27-51A3-403D-99EA-BDF51F8B13EA}.Release|x64.Build.0 = Release|x64
		{FC1A1F27-51A3-403D-99EA-BDF51F8B13EA}.Release|x86.ActiveCfg = Release|Win32
		{FC1A1F27-51A3-403D-99EA-BDF51F8B13EA}.Release|x86.Build.0 = Release|Win32
		{47223CE4-6E75-4C9A-AF50-3823C4EC4C0F}.Debug|x64.ActiveCfg = Debug|x64
		{47223CE4-6E75-4C9A-AF50-3823C4EC4C0F}.Debug|x64.Build.0 = Debug|x64
		{47223CE4-6E75-4C9A-AF50-3823C4EC4C0F}.Debug|x86.ActiveCfg = Debug|Win32
		{47223CE4-6E75-4C9A-AF50-3823C4EC4C0F}.Debug|x86.Build.0 = Debug|Win32
		{47223CE4-6E75-4C9A-AF50-3823C4EC4C0F}.Release|x64.ActiveCfg = Release|x64
		{47223CE4-6E75-4C9A-AF50-3823C4EC4C0F}.Release|x64.Build.0 = Release|x64
		{47223CE4-6E75-4C9A-AF50-3823C4EC4C0F}.Release|x86.ActiveCfg = Release|Win32
		{47223CE4-6E75-4C9A-AF50-3823C4EC4C0F}.Release|x86.Build.0 = Release|Win32
		{1848B518-674A-46AF-BDD8-902AA99ADA9D}.Debug|x64.ActiveCfg = Debug|x64
		{1848B518-674A-46AF-BDD8-902AA99ADA9D}.Debug|x64.Build.0 = Debug|x64
		{1848B518-674A-46AF-BDD8-902AA99ADA9D}.Debug|x86.ActiveCfg = Debug|Win32
		{1848B518-674A-46AF-BDD8-902AA99ADA9D}.Debug|x86.Build.0 = Debug|Win32
		{1848B518-674A-46AF-BDD8-902AA99ADA9D}.Release|x64.ActiveCfg = Release|x64
		{1848B518-674A-46AF-BDD8-902AA99ADA9D}.Release|x64.Build.0 = Release|x64
		{1848B518-674A-46AF-BDD8-902AA99ADA9D}.Release|x86.ActiveCfg = Release|Win32
		{1848B518-674A-46AF-BDD8-902AA99ADA9D}.Release|x86.Build.0 = Release|Win32
		{F9419A37-57CD-4ABF-9EFD-B8C937CAD0A6}.Debug|x64.ActiveCfg = Debug|x64
		{F9419A37-57CD-4ABF-9EFD-B8C937CAD0A6}.Debug|x64.Build.0 = Debug|x64
		{F9419A37-57CD-4ABF-9EFD-B8C937CAD0A6}.Debug|x86.ActiveCfg = Debug|Win32
		{F9419A37-57CD-4ABF-9EFD-B8C937CAD0A6}.Debug|x86.Build.0 = Debug|Win32
		{F9419A37-57CD-4ABF-9EFD-B8C937CAD0A6}.Release|x64.ActiveCfg = Release|x64
		{F9419A37-57CD-4ABF-9EFD-B8C937CAD0A6}.Release|x64.Build.0 = Release|x64
		{F9419A37-57CD-4ABF-9EFD-B8C937CAD0A6}.Release|x86.ActiveCfg = Release|Win32
		{F9419A37-57CD-4ABF-9EFD-B8C937CAD0A6}.Release|x86.Build.0 = Release|Win32
		{C454E5AA-66DF-4561-BAEF-C607602147A0}.Debug|x64.ActiveCfg = Debug|x64
		{C454E5AA-66DF-4561-BAEF-C607602147A0}.Debug|x64.Build.0 = Debug|x64
		{C454E5AA-66DF-4561-BAEF-C607602147A0}.Debug|x86.ActiveCfg = Debug|Win32
		{C454E5AA-66DF-4561-BAEF-C607602147A0}.Debug|x86.Build.0 = Debug|Win32
		{C454E5AA-66DF-4561-BAEF-C607602147A0}.Release|x64.ActiveCfg = Release|x64
		{C454E5AA-66DF-4561-BAEF-C607602147A0}.Release|x64.Build.0 = Release|x64
		{C454E5AA-66DF-4561-BAEF-C607602147A0}.Release|x86.ActiveCfg = Release|Win32
		{C454E5AA-66DF-4561-BAEF-C607602147A0}.Release|x86.Build.0 = Release|Win32
		{53A742E8-3D7C-49DE-852D-6EE39F08060D}.Debug|x64.ActiveCfg = Debug|x64
		{53A742E8-3D7C-49DE-852D-6EE39F08060D}.Debug|x64.Build.0 = Debug|x64
		{53A742E8-3D7C-49DE-852D-6EE39F08060D}.Debug|x86.ActiveCfg = Debug|Win32
		{53A742E8-3D7C-49DE-852D-6EE39F08060D}.Debug|x86.Build.0 = Debug|Win32
		{53A742E8-3D7C-49DE-852D-6EE39F08060D}.Release|x64.ActiveCfg = Release|x64
		{53A742E8-3D7C-49DE-852D-6EE39F08060D}.Release|x64.Build.0 = Release|x64
		{53A742E8-3D7C-49DE-852D-6EE39F08060D}.Release|x86.ActiveCfg = Release|Win32
		{53A742E8-3D7C-49DE-852D-6EE39F08060D}.Release|x86.Build.0 = Release|Win32
		{01387E93-678B-4E3E-A903-E228CE8B02D0}.Debug|x64.ActiveCfg = Debug|x64
		{01387E93-678B-4E3E-A903-E228CE8B02D0}.Debug|x64.Build.0 = Debug|x64
		{01387E93-678B-4E3E-A903-E228CE8B02D0}.Debug|x86.ActiveCfg = Debug|Win32
		{01387E93-678B-4E3E-A903-E228CE8B02D0}.Debug|x86.Build.0 = Debug|Win32
		{01387E93-678B-4E3E-A903-E228CE8B02D0}.Release|x64.ActiveCfg = Release|x64
		{01387E93-678B-4E3E-A903-E228CE8B02D0}.Release|x64.Build.0 = Release|x64
		{01387E93-678B-4E3E-A903-E228CE8B02D0}.Release|x86.ActiveCfg = Release|Win32
		{01387E93-678B-4E3E-A903-E228CE8B02D0}.Release|x86.Build.0 = Release|Win32
		{88F03C8D-975E-479C-8C2E-92F4C235FABD}.Debug|x64.ActiveCfg = Debug|x64
		{88F03C8D-975E-479C-8C2E-92F4C235FABD}.Debug|x64.Build.0 = Debug|x64
		{88F03C8D-975E-479C-8C2E-92F4C235FABD}.Debug|x86.ActiveCfg = Debug|Win32
		{88F03C8D-975E-479C-8C2E-92F4C235FABD}.Debug|x86.Build.0 = Debug|Win32
		{88F03C8D-975E-479C-8C2E-92F4C235FABD}.Release|x64.ActiveCfg = Release|x64
		{88F03C8D-975E-479C-8C2E-92F4C235FABD}.Release|x64.Build.0 = Release|x64
		{88F03C8D-975E-479C-8C2E-92F4C235FABD}.Release|x86.ActiveCfg = Release|Win32
		{88F03C8D-975E-479C-8C2E-92F4C235FABD}.Release|x86.Build.0 = Release|Win32
		{6FA354A2-599D-44C0-B5CC-3B1CF0ECF127}.Debug|x64.ActiveCfg = Debug|x64
		{6FA354A2-599D-44C0-B5CC-3B1CF0ECF127}.Debug|x64.Build.0 = Debug|x64
		{6FA354A2-599D-44C0-B5CC-3B1CF0ECF127}.Debug|x86.ActiveCfg = Debug|Win32
		{6FA354A2-599D-44C0-B5CC-3B1CF0ECF127}.Debug|x86.Build.0 = Debug|Win32
		{6FA354A2-599D-44C0-B5CC-3B1CF0ECF127}.Release|x64.ActiveCfg = Release|x64
		{6FA354A2-599D-44C0-B5CC-3B1CF0ECF127}.Release|x64.Build.0 = Release|x64
		{6FA354A2-599D-44C0-B5CC-3B1CF0ECF127}.Release|x86.ActiveCfg = Release|Win32
		{6FA354A2-599D-44C0-B5CC-3B1CF0ECF127}.Release|x86.Build.0 = Release|Win32
		{25251662-EA20-401F-851D-3606553A09BB}.Debug|x64.ActiveCfg = Debug|x64
		{25251662-EA20-401F-851D-3606553A09BB}.Debug|x64.Build.0 = Debug|x64
		{25251662-EA20-401F-851D-3606553A09BB}.Debug|x86.ActiveCfg = Debug|Win32
		{25251662-EA20-401F-851D-3606553A09BB}.Debug|x86.Build.0 = Debug|Win32
		{25251662-EA20-401F-851D-3606553A09BB}.Release|x64.ActiveCfg = Release|x64
		{25251662-EA20-401F-851D-3606553A09BB}.Release|x64.Build.0 = Release|x64
		{25251662-EA20-401F-851D-3606553A09BB}.Release|x86.ActiveCfg = Release|Win32
		{25251662-EA20-401F-851D-3606553A09BB}.Release|x86.Build.0 = Release|Win32
		{EC69E55E-4333-47C4-AF28-7EA846EDD738}.Debug|x64.ActiveCfg = Debug|x64
		{EC69E55E-4333-47C4-AF28-7EA846EDD738}.Debug|x64.Build.0 = Debug|x64
		{EC69E55E-4333-47C4-AF28-7EA846EDD738}.Debug|x86.ActiveCfg = Debug|Win32
		{EC69E55E-4333-47C4-AF28-7EA846EDD738}.Debug|x86.Build.0 = Debug|Win32
		{EC69E55E-4333-47C4-AF28-7EA846EDD738}.Release|x64.ActiveCfg = Release|x64
		{EC69E55E-4333-47C4-AF28-7EA846EDD738}.Release|x64.Build.0 = Release|x64
		{EC69E55E-4333-47C4-AF28-7EA846EDD738}.Release|x86.ActiveCfg = Release|Win32
		{EC69E55E-4333-47C4-AF28-7EA846EDD738}.Release|x86.Build.0 = Release|Win32
		{3EF45F10-B06D-470A-AA06-C112B33365AE}.Debug|x64.ActiveCfg = Debug|x64
		{3EF45F10-B06D-470A-AA06-C112B33365AE}.Debug|x64.Build.0 = Debug|x64
		{3EF45F10-B06D-470A-AA06-C112B33365AE}.Debug|x86.ActiveCfg = Debug|Win32
		{3EF45F10-B06D-470A-AA06-C112B33365AE}.Debug|x86.Build.0 = Debug|Win32
		{3EF45F10-B06D-470A-AA06-C112B33365AE}.Release|x64.ActiveCfg = Release|x64
		{3EF45F10-B06D-470A-AA06-C112B33365AE}.Release|x64.Build.0 = Release|x64
		{3EF45F10-B06D-470A-AA06-C112B33365AE}.Release|x86.ActiveCfg = Release|Win32
		{3EF45F10-B06D-470A-AA06-C112B33365AE}.Release|x86.Build.0 = Release|Win32
		{8D50B4C4-E09D-4949-AD2B-64AE7DCE6BE2}.Debug|x64.ActiveCfg = Debug|x64
		{8D50B4C4-E09D-4949-AD2B-64AE7DCE6BE2}.Debug|x64.Build.0 = Debug|x64
		{8D50B4C4-E09D-4949-AD2B-64AE7DCE6BE2}.Debug|x86.ActiveCfg = Debug|Win32
		{8D50B4C4-E09D-4949-AD2B-64AE7DCE6BE2}.Debug|x86.Build.0 = Debug|Win32
		{8D50B4C4-E09D-4949-AD2B-64AE7DCE6BE2}.Release|x64.ActiveCfg = Release|x64
		{8D50B4C4-E09D-4949-AD2B-64AE7DCE6BE2}.Release|x64.Build.0 = Release|x64
		{8D50B4C4-E09D-4949-AD2B-64AE7DCE6BE2}.Release|x86.ActiveCfg = Release|Win32
		{8D50B4C4-E09D-4949-AD2B-64AE7DCE6BE2}.Release|x86.Build.0 = Release|Win32
		{28EF2FD2-6F6B-4534-90BB-A400528D1433}.Debug|x64.ActiveCfg = Debug|x64
		{28EF2FD2-6F6B-4534-90BB-A400528D1433}.Debug|x64.Build.0 = Debug|x64
		{28EF2FD2-6F6B-4534-90BB-A400528D1433}.Debug|x86.ActiveCfg = Debug|Win32
		{28EF2FD2-6F6B-4534-90BB-A400528D1433}.Debug|x86.Build.0 = Debug|Win32
		{28EF2FD2-6F6B-4534-90BB-A400528D1433}.Release|x64.ActiveCfg = Release|x64
		{28EF2FD2-6F6B-4534-90BB-A400528D1433}.Release|x64.Build.0 = Release|x64
		{28EF2FD2-6F6B-4534-90BB-A400528D1433}.Release|x86.ActiveCfg = Release|Win32
		{28EF2FD2-6F6B-4534-90BB-A400528D1433}.Release|x86.Build.0 = Release|Win32
	EndGlobalSection
	GlobalSection(SolutionProperties) = preSolution
		HideSolutionNode = FALSE
	EndGlobalSection
EndGlobal
