
Microsoft Visual Studio Solution File, Format Version 12.00
# Visual Studio 14
VisualStudioVersion = 14.0.24720.0
MinimumVisualStudioVersion = 10.0.40219.1
Project("{8BC9CEB8-8B4A-11D0-8D11-00A0C91BC942}") = "1002_Turret", "1002_Turret\1002_Turret.vcxproj", "{8E1DAFE9-2F48-41DD-9DF3-423593C9A3E5}"
EndProject
Project("{8BC9CEB8-8B4A-11D0-8D11-00A0C91BC942}") = "1092_Crain", "1092_Crain\1092_Crain.vcxproj", "{C67E5D4C-36CD-4BB8-9DE5-EF491EBE2844}"
EndProject
Project("{8BC9CEB8-8B4A-11D0-8D11-00A0C91BC942}") = "1743_Trash", "1743_Trash\1743_Trash.vcxproj", "{AF5740B6-B9B0-4661-97B1-8E9DCFB79A5A}"
EndProject
Project("{8BC9CEB8-8B4A-11D0-8D11-00A0C91BC942}") = "3088_FlowerPot", "3088_FlowerPot\3088_FlowerPot.vcxproj", "{149CC282-19B4-421A-85D6-C1CCD74BDB6A}"
EndProject
Project("{8BC9CEB8-8B4A-11D0-8D11-00A0C91BC942}") = "2140_Mine", "2140_Mine\2140_Mine.vcxproj", "{D3EBEBD0-2A7B-4A27-A319-5BB423C31F60}"
EndProject
Project("{8BC9CEB8-8B4A-11D0-8D11-00A0C91BC942}") = "10828_Stack", "10828_Stack\10828_Stack.vcxproj", "{B4064173-535E-479E-9897-26AB3F8051B0}"
EndProject
Project("{8BC9CEB8-8B4A-11D0-8D11-00A0C91BC942}") = "1874_SeriesStack", "1874_SeriesStack\1874_SeriesStack.vcxproj", "{277D8119-1B90-4F72-8885-B5FEDE92ED4A}"
EndProject
Project("{8BC9CEB8-8B4A-11D0-8D11-00A0C91BC942}") = "9012_Parenthesis", "9012_Parenthesis\9012_Parenthesis.vcxproj", "{C33F7295-7531-45B1-AC17-C944A785AA66}"
EndProject
Project("{8BC9CEB8-8B4A-11D0-8D11-00A0C91BC942}") = "12789_Okydoky", "12789_Okydoky\12789_Okydoky.vcxproj", "{D6866D38-B59C-491C-9033-E21CFD238532}"
EndProject
Project("{8BC9CEB8-8B4A-11D0-8D11-00A0C91BC942}") = "2504_ParenValue", "2504_ParenValue\2504_ParenValue.vcxproj", "{3C0E487E-5DB1-45DA-A4C9-499BEE8C8E75}"
EndProject
Project("{8BC9CEB8-8B4A-11D0-8D11-00A0C91BC942}") = "10845_Queue", "10845_Queue\10845_Queue.vcxproj", "{D7B36532-8EFB-42D3-B13E-5764190E1D78}"
EndProject
Project("{8BC9CEB8-8B4A-11D0-8D11-00A0C91BC942}") = "1260_QueueGraph", "1260_QueueGraph\1260_QueueGraph.vcxproj", "{D41C025B-4F95-46CA-BF7B-3C83CF49C673}"
EndProject
Project("{8BC9CEB8-8B4A-11D0-8D11-00A0C91BC942}") = "1966_PrinterQueue", "1966_PrinterQueue\1966_PrinterQueue.vcxproj", "{57007273-687C-4398-9281-535C2E1E2AD8}"
EndProject
Global
	GlobalSection(SolutionConfigurationPlatforms) = preSolution
		Debug|x64 = Debug|x64
		Debug|x86 = Debug|x86
		Release|x64 = Release|x64
		Release|x86 = Release|x86
	EndGlobalSection
	GlobalSection(ProjectConfigurationPlatforms) = postSolution
		{8E1DAFE9-2F48-41DD-9DF3-423593C9A3E5}.Debug|x64.ActiveCfg = Debug|x64
		{8E1DAFE9-2F48-41DD-9DF3-423593C9A3E5}.Debug|x64.Build.0 = Debug|x64
		{8E1DAFE9-2F48-41DD-9DF3-423593C9A3E5}.Debug|x86.ActiveCfg = Debug|Win32
		{8E1DAFE9-2F48-41DD-9DF3-423593C9A3E5}.Debug|x86.Build.0 = Debug|Win32
		{8E1DAFE9-2F48-41DD-9DF3-423593C9A3E5}.Release|x64.ActiveCfg = Release|x64
		{8E1DAFE9-2F48-41DD-9DF3-423593C9A3E5}.Release|x64.Build.0 = Release|x64
		{8E1DAFE9-2F48-41DD-9DF3-423593C9A3E5}.Release|x86.ActiveCfg = Release|Win32
		{8E1DAFE9-2F48-41DD-9DF3-423593C9A3E5}.Release|x86.Build.0 = Release|Win32
		{C67E5D4C-36CD-4BB8-9DE5-EF491EBE2844}.Debug|x64.ActiveCfg = Debug|x64
		{C67E5D4C-36CD-4BB8-9DE5-EF491EBE2844}.Debug|x64.Build.0 = Debug|x64
		{C67E5D4C-36CD-4BB8-9DE5-EF491EBE2844}.Debug|x86.ActiveCfg = Debug|Win32
		{C67E5D4C-36CD-4BB8-9DE5-EF491EBE2844}.Debug|x86.Build.0 = Debug|Win32
		{C67E5D4C-36CD-4BB8-9DE5-EF491EBE2844}.Release|x64.ActiveCfg = Release|x64
		{C67E5D4C-36CD-4BB8-9DE5-EF491EBE2844}.Release|x64.Build.0 = Release|x64
		{C67E5D4C-36CD-4BB8-9DE5-EF491EBE2844}.Release|x86.ActiveCfg = Release|Win32
		{C67E5D4C-36CD-4BB8-9DE5-EF491EBE2844}.Release|x86.Build.0 = Release|Win32
		{AF5740B6-B9B0-4661-97B1-8E9DCFB79A5A}.Debug|x64.ActiveCfg = Debug|x64
		{AF5740B6-B9B0-4661-97B1-8E9DCFB79A5A}.Debug|x64.Build.0 = Debug|x64
		{AF5740B6-B9B0-4661-97B1-8E9DCFB79A5A}.Debug|x86.ActiveCfg = Debug|Win32
		{AF5740B6-B9B0-4661-97B1-8E9DCFB79A5A}.Debug|x86.Build.0 = Debug|Win32
		{AF5740B6-B9B0-4661-97B1-8E9DCFB79A5A}.Release|x64.ActiveCfg = Release|x64
		{AF5740B6-B9B0-4661-97B1-8E9DCFB79A5A}.Release|x64.Build.0 = Release|x64
		{AF5740B6-B9B0-4661-97B1-8E9DCFB79A5A}.Release|x86.ActiveCfg = Release|Win32
		{AF5740B6-B9B0-4661-97B1-8E9DCFB79A5A}.Release|x86.Build.0 = Release|Win32
		{149CC282-19B4-421A-85D6-C1CCD74BDB6A}.Debug|x64.ActiveCfg = Debug|x64
		{149CC282-19B4-421A-85D6-C1CCD74BDB6A}.Debug|x64.Build.0 = Debug|x64
		{149CC282-19B4-421A-85D6-C1CCD74BDB6A}.Debug|x86.ActiveCfg = Debug|Win32
		{149CC282-19B4-421A-85D6-C1CCD74BDB6A}.Debug|x86.Build.0 = Debug|Win32
		{149CC282-19B4-421A-85D6-C1CCD74BDB6A}.Release|x64.ActiveCfg = Release|x64
		{149CC282-19B4-421A-85D6-C1CCD74BDB6A}.Release|x64.Build.0 = Release|x64
		{149CC282-19B4-421A-85D6-C1CCD74BDB6A}.Release|x86.ActiveCfg = Release|Win32
		{149CC282-19B4-421A-85D6-C1CCD74BDB6A}.Release|x86.Build.0 = Release|Win32
		{D3EBEBD0-2A7B-4A27-A319-5BB423C31F60}.Debug|x64.ActiveCfg = Debug|x64
		{D3EBEBD0-2A7B-4A27-A319-5BB423C31F60}.Debug|x64.Build.0 = Debug|x64
		{D3EBEBD0-2A7B-4A27-A319-5BB423C31F60}.Debug|x86.ActiveCfg = Debug|Win32
		{D3EBEBD0-2A7B-4A27-A319-5BB423C31F60}.Debug|x86.Build.0 = Debug|Win32
		{D3EBEBD0-2A7B-4A27-A319-5BB423C31F60}.Release|x64.ActiveCfg = Release|x64
		{D3EBEBD0-2A7B-4A27-A319-5BB423C31F60}.Release|x64.Build.0 = Release|x64
		{D3EBEBD0-2A7B-4A27-A319-5BB423C31F60}.Release|x86.ActiveCfg = Release|Win32
		{D3EBEBD0-2A7B-4A27-A319-5BB423C31F60}.Release|x86.Build.0 = Release|Win32
		{B4064173-535E-479E-9897-26AB3F8051B0}.Debug|x64.ActiveCfg = Debug|x64
		{B4064173-535E-479E-9897-26AB3F8051B0}.Debug|x64.Build.0 = Debug|x64
		{B4064173-535E-479E-9897-26AB3F8051B0}.Debug|x86.ActiveCfg = Debug|Win32
		{B4064173-535E-479E-9897-26AB3F8051B0}.Debug|x86.Build.0 = Debug|Win32
		{B4064173-535E-479E-9897-26AB3F8051B0}.Release|x64.ActiveCfg = Release|x64
		{B4064173-535E-479E-9897-26AB3F8051B0}.Release|x64.Build.0 = Release|x64
		{B4064173-535E-479E-9897-26AB3F8051B0}.Release|x86.ActiveCfg = Release|Win32
		{B4064173-535E-479E-9897-26AB3F8051B0}.Release|x86.Build.0 = Release|Win32
		{277D8119-1B90-4F72-8885-B5FEDE92ED4A}.Debug|x64.ActiveCfg = Debug|x64
		{277D8119-1B90-4F72-8885-B5FEDE92ED4A}.Debug|x64.Build.0 = Debug|x64
		{277D8119-1B90-4F72-8885-B5FEDE92ED4A}.Debug|x86.ActiveCfg = Debug|Win32
		{277D8119-1B90-4F72-8885-B5FEDE92ED4A}.Debug|x86.Build.0 = Debug|Win32
		{277D8119-1B90-4F72-8885-B5FEDE92ED4A}.Release|x64.ActiveCfg = Release|x64
		{277D8119-1B90-4F72-8885-B5FEDE92ED4A}.Release|x64.Build.0 = Release|x64
		{277D8119-1B90-4F72-8885-B5FEDE92ED4A}.Release|x86.ActiveCfg = Release|Win32
		{277D8119-1B90-4F72-8885-B5FEDE92ED4A}.Release|x86.Build.0 = Release|Win32
		{C33F7295-7531-45B1-AC17-C944A785AA66}.Debug|x64.ActiveCfg = Debug|x64
		{C33F7295-7531-45B1-AC17-C944A785AA66}.Debug|x64.Build.0 = Debug|x64
		{C33F7295-7531-45B1-AC17-C944A785AA66}.Debug|x86.ActiveCfg = Debug|Win32
		{C33F7295-7531-45B1-AC17-C944A785AA66}.Debug|x86.Build.0 = Debug|Win32
		{C33F7295-7531-45B1-AC17-C944A785AA66}.Release|x64.ActiveCfg = Release|x64
		{C33F7295-7531-45B1-AC17-C944A785AA66}.Release|x64.Build.0 = Release|x64
		{C33F7295-7531-45B1-AC17-C944A785AA66}.Release|x86.ActiveCfg = Release|Win32
		{C33F7295-7531-45B1-AC17-C944A785AA66}.Release|x86.Build.0 = Release|Win32
		{D6866D38-B59C-491C-9033-E21CFD238532}.Debug|x64.ActiveCfg = Debug|x64
		{D6866D38-B59C-491C-9033-E21CFD238532}.Debug|x64.Build.0 = Debug|x64
		{D6866D38-B59C-491C-9033-E21CFD238532}.Debug|x86.ActiveCfg = Debug|Win32
		{D6866D38-B59C-491C-9033-E21CFD238532}.Debug|x86.Build.0 = Debug|Win32
		{D6866D38-B59C-491C-9033-E21CFD238532}.Release|x64.ActiveCfg = Release|x64
		{D6866D38-B59C-491C-9033-E21CFD238532}.Release|x64.Build.0 = Release|x64
		{D6866D38-B59C-491C-9033-E21CFD238532}.Release|x86.ActiveCfg = Release|Win32
		{D6866D38-B59C-491C-9033-E21CFD238532}.Release|x86.Build.0 = Release|Win32
		{3C0E487E-5DB1-45DA-A4C9-499BEE8C8E75}.Debug|x64.ActiveCfg = Debug|x64
		{3C0E487E-5DB1-45DA-A4C9-499BEE8C8E75}.Debug|x64.Build.0 = Debug|x64
		{3C0E487E-5DB1-45DA-A4C9-499BEE8C8E75}.Debug|x86.ActiveCfg = Debug|Win32
		{3C0E487E-5DB1-45DA-A4C9-499BEE8C8E75}.Debug|x86.Build.0 = Debug|Win32
		{3C0E487E-5DB1-45DA-A4C9-499BEE8C8E75}.Release|x64.ActiveCfg = Release|x64
		{3C0E487E-5DB1-45DA-A4C9-499BEE8C8E75}.Release|x64.Build.0 = Release|x64
		{3C0E487E-5DB1-45DA-A4C9-499BEE8C8E75}.Release|x86.ActiveCfg = Release|Win32
		{3C0E487E-5DB1-45DA-A4C9-499BEE8C8E75}.Release|x86.Build.0 = Release|Win32
		{D7B36532-8EFB-42D3-B13E-5764190E1D78}.Debug|x64.ActiveCfg = Debug|x64
		{D7B36532-8EFB-42D3-B13E-5764190E1D78}.Debug|x64.Build.0 = Debug|x64
		{D7B36532-8EFB-42D3-B13E-5764190E1D78}.Debug|x86.ActiveCfg = Debug|Win32
		{D7B36532-8EFB-42D3-B13E-5764190E1D78}.Debug|x86.Build.0 = Debug|Win32
		{D7B36532-8EFB-42D3-B13E-5764190E1D78}.Release|x64.ActiveCfg = Release|x64
		{D7B36532-8EFB-42D3-B13E-5764190E1D78}.Release|x64.Build.0 = Release|x64
		{D7B36532-8EFB-42D3-B13E-5764190E1D78}.Release|x86.ActiveCfg = Release|Win32
		{D7B36532-8EFB-42D3-B13E-5764190E1D78}.Release|x86.Build.0 = Release|Win32
		{D41C025B-4F95-46CA-BF7B-3C83CF49C673}.Debug|x64.ActiveCfg = Debug|x64
		{D41C025B-4F95-46CA-BF7B-3C83CF49C673}.Debug|x64.Build.0 = Debug|x64
		{D41C025B-4F95-46CA-BF7B-3C83CF49C673}.Debug|x86.ActiveCfg = Debug|Win32
		{D41C025B-4F95-46CA-BF7B-3C83CF49C673}.Debug|x86.Build.0 = Debug|Win32
		{D41C025B-4F95-46CA-BF7B-3C83CF49C673}.Release|x64.ActiveCfg = Release|x64
		{D41C025B-4F95-46CA-BF7B-3C83CF49C673}.Release|x64.Build.0 = Release|x64
		{D41C025B-4F95-46CA-BF7B-3C83CF49C673}.Release|x86.ActiveCfg = Release|Win32
		{D41C025B-4F95-46CA-BF7B-3C83CF49C673}.Release|x86.Build.0 = Release|Win32
		{57007273-687C-4398-9281-535C2E1E2AD8}.Debug|x64.ActiveCfg = Debug|x64
		{57007273-687C-4398-9281-535C2E1E2AD8}.Debug|x64.Build.0 = Debug|x64
		{57007273-687C-4398-9281-535C2E1E2AD8}.Debug|x86.ActiveCfg = Debug|Win32
		{57007273-687C-4398-9281-535C2E1E2AD8}.Debug|x86.Build.0 = Debug|Win32
		{57007273-687C-4398-9281-535C2E1E2AD8}.Release|x64.ActiveCfg = Release|x64
		{57007273-687C-4398-9281-535C2E1E2AD8}.Release|x64.Build.0 = Release|x64
		{57007273-687C-4398-9281-535C2E1E2AD8}.Release|x86.ActiveCfg = Release|Win32
		{57007273-687C-4398-9281-535C2E1E2AD8}.Release|x86.Build.0 = Release|Win32
	EndGlobalSection
	GlobalSection(SolutionProperties) = preSolution
		HideSolutionNode = FALSE
	EndGlobalSection
EndGlobal
